{"format_version":"0.2","terraform_version":"1.0.1","variables":{"ami":{"value":"ami-09a5b0b7edf08843d"},"company_name":{"value":"acme"},"dbname":{"value":"db1"},"environment":{"value":"dev"},"neptune-dbname":{"value":"neptunedb1"},"password":{"value":"Aa1234321Bb"},"profile":{"value":"default"},"region":{"value":"us-west-2"}},"planned_values":{"root_module":{"resources":[{"address":"aws_s3_bucket.data","mode":"managed","type":"aws_s3_bucket","name":"data","provider_name":"registry.terraform.io/hashicorp/aws","schema_version":0,"values":{"acl":"public-read","bucket":"data","bucket_prefix":null,"cors_rule":[],"force_destroy":true,"grant":[],"lifecycle_rule":[],"logging":[],"object_lock_configuration":[],"policy":null,"replication_configuration":[],"server_side_encryption_configuration":[],"tags":{"Name":"data","git_commit":"d68d2897add9bc2203a5ed0632a5cdd8ff8cefb0","git_file":"terraform/aws/s3.tf","git_last_modified_at":"2020-06-16 14:46:24","git_last_modified_by":"nimrodkor@gmail.com","git_modifiers":"nimrodkor","git_org":"bridgecrewio","git_repo":"terragoat","yor_trace":"0874007d-903a-4b4c-945f-c9c233e13243"},"tags_all":{"Name":"data","git_commit":"d68d2897add9bc2203a5ed0632a5cdd8ff8cefb0","git_file":"terraform/aws/s3.tf","git_last_modified_at":"2020-06-16 14:46:24","git_last_modified_by":"nimrodkor@gmail.com","git_modifiers":"nimrodkor","git_org":"bridgecrewio","git_repo":"terragoat","yor_trace":"0874007d-903a-4b4c-945f-c9c233e13243"},"website":[]},"sensitive_values":{"cors_rule":[],"grant":[],"lifecycle_rule":[],"logging":[],"object_lock_configuration":[],"replication_configuration":[],"server_side_encryption_configuration":[],"tags":{},"tags_all":{},"versioning":[],"website":[]}}]}},"resource_changes":[{"address":"aws_s3_bucket.data","mode":"managed","type":"aws_s3_bucket","name":"data","provider_name":"registry.terraform.io/hashicorp/aws","change":{"actions":["create"],"before":null,"after":{"acl":"public-read","bucket":"data","bucket_prefix":null,"cors_rule":[],"force_destroy":true,"grant":[],"lifecycle_rule":[],"logging":[],"object_lock_configuration":[],"policy":null,"replication_configuration":[],"server_side_encryption_configuration":[],"tags":{"Name":"data","git_commit":"d68d2897add9bc2203a5ed0632a5cdd8ff8cefb0","git_file":"terraform/aws/s3.tf","git_last_modified_at":"2020-06-16 14:46:24","git_last_modified_by":"nimrodkor@gmail.com","git_modifiers":"nimrodkor","git_org":"bridgecrewio","git_repo":"terragoat","yor_trace":"0874007d-903a-4b4c-945f-c9c233e13243"},"tags_all":{"Name":"data","git_commit":"d68d2897add9bc2203a5ed0632a5cdd8ff8cefb0","git_file":"terraform/aws/s3.tf","git_last_modified_at":"2020-06-16 14:46:24","git_last_modified_by":"nimrodkor@gmail.com","git_modifiers":"nimrodkor","git_org":"bridgecrewio","git_repo":"terragoat","yor_trace":"0874007d-903a-4b4c-945f-c9c233e13243"},"website":[]},"after_unknown":{"acceleration_status":true,"arn":true,"bucket_domain_name":true,"bucket_regional_domain_name":true,"cors_rule":[],"grant":[],"hosted_zone_id":true,"id":true,"lifecycle_rule":[],"logging":[],"object_lock_configuration":[],"region":true,"replication_configuration":[],"request_payer":true,"server_side_encryption_configuration":[],"tags":{},"tags_all":{},"versioning":true,"website":[],"website_domain":true,"website_endpoint":true},"before_sensitive":false,"after_sensitive":{"cors_rule":[],"grant":[],"lifecycle_rule":[],"logging":[],"object_lock_configuration":[],"replication_configuration":[],"server_side_encryption_configuration":[],"tags":{},"tags_all":{},"versioning":[],"website":[]}}}],"prior_state":{"format_version":"0.2","terraform_version":"1.0.1","values":{"root_module":{"resources":[{"address":"data.aws_caller_identity.current","mode":"data","type":"aws_caller_identity","name":"current","provider_name":"registry.terraform.io/hashicorp/aws","schema_version":0,"values":{"account_id":"000000000000","arn":"arn:aws:sts::000000000000:user/moto","id":"000000000000","user_id":"AKIAIOSFODNN7EXAMPLE"},"sensitive_values":{}}]}}},"configuration":{"provider_config":{"aws":{"name":"aws","expressions":{"access_key":{"constant_value":"mock_access_key"},"endpoints":[{"dynamodb":{"constant_value":"http://localhost:4569"},"ec2":{"constant_value":"http://localhost:4566"},"s3":{"constant_value":"http://localhost:4572"},"sts":{"constant_value":"http://localhost:4566"}}],"region":{"references":["var.region"]},"s3_force_path_style":{"constant_value":true},"secret_key":{"constant_value":"mock_secret_key"},"skip_credentials_validation":{"constant_value":true},"skip_metadata_api_check":{"constant_value":true},"skip_requesting_account_id":{"constant_value":true}}}},"root_module":{"resources":[{"address":"aws_s3_bucket.data","mode":"managed","type":"aws_s3_bucket","name":"data","provider_config_key":"aws","expressions":{"acl":{"constant_value":"public-read"},"bucket":{"constant_value":"data"},"force_destroy":{"constant_value":true},"tags":{}},"schema_version":0},{"address":"data.aws_caller_identity.current","mode":"data","type":"aws_caller_identity","name":"current","provider_config_key":"aws","schema_version":0}],"variables":{"ami":{"default":"ami-09a5b0b7edf08843d"},"company_name":{"default":"acme"},"dbname":{"default":"db1","description":"Name of the Database"},"environment":{"default":"dev"},"neptune-dbname":{"default":"neptunedb1","description":"Name of the Neptune graph database"},"password":{"default":"Aa1234321Bb","description":"Database password"},"profile":{"default":"default"},"region":{"default":"us-west-2"}}}}}
