{"format_version":"0.2","terraform_version":"1.0.1","variables":{"ami":{"value":"ami-09a5b0b7edf08843d"},"company_name":{"value":"acme"},"dbname":{"value":"db1"},"environment":{"value":"dev"},"neptune-dbname":{"value":"neptunedb1"},"password":{"value":"Aa1234321Bb"},"profile":{"value":"default"},"region":{"value":"us-west-2"}},"planned_values":{"outputs":{"db_app_public_dns":{"sensitive":false},"db_endpoint":{"sensitive":false},"ec2_public_dns":{"sensitive":false},"endpoint":{"sensitive":false},"kubeconfig-certificate-authority-data":{"sensitive":false},"public_subnet":{"sensitive":false},"public_subnet2":{"sensitive":false},"secret":{"sensitive":false},"username":{"sensitive":false,"value":"000000000000-acme-dev-user"},"vpc_id":{"sensitive":false}},"root_module":{"resources":[{"address":"aws_db_instance.default","mode":"managed","type":"aws_db_instance","name":"default","provider_name":"registry.terraform.io/hashicorp/aws","schema_version":1,"values":{"allocated_storage":20,"allow_major_version_upgrade":null,"apply_immediately":true,"auto_minor_version_upgrade":true,"backup_retention_period":0,"copy_tags_to_snapshot":false,"db_subnet_group_name":"sg-000000000000-acme-dev","delete_automated_backups":true,"deletion_protection":null,"domain":null,"domain_iam_role_name":null,"enabled_cloudwatch_logs_exports":null,"engine":"mysql","engine_version":"8.0","final_snapshot_identifier":null,"iam_database_authentication_enabled":null,"identifier":"rds-000000000000-acme-dev","instance_class":"db.t3.micro","iops":null,"max_allocated_storage":null,"monitoring_interval":0,"multi_az":false,"name":"db1","option_group_name":"og-000000000000-acme-dev","parameter_group_name":"pg-000000000000-acme-dev","password":"Aa1234321Bb","performance_insights_enabled":false,"publicly_accessible":true,"replicate_source_db":null,"restore_to_point_in_time":[],"s3_import":[],"security_group_names":null,"skip_final_snapshot":true,"storage_encrypted":false,"tags":{"Environment":"000000000000-acme-dev","Name":"000000000000-acme-dev-rds","git_commit":"d68d2897add9bc2203a5ed0632a5cdd8ff8cefb0","git_file":"terraform/aws/db-app.tf","git_last_modified_at":"2020-06-16 14:46:24","git_last_modified_by":"nimrodkor@gmail.com","git_modifiers":"nimrodkor","git_org":"bridgecrewio","git_repo":"terragoat","yor_trace":"47c13290-c2ce-48a7-b666-1b0085effb92"},"tags_all":{"Environment":"000000000000-acme-dev","Name":"000000000000-acme-dev-rds","git_commit":"d68d2897add9bc2203a5ed0632a5cdd8ff8cefb0","git_file":"terraform/aws/db-app.tf","git_last_modified_at":"2020-06-16 14:46:24","git_last_modified_by":"nimrodkor@gmail.com","git_modifiers":"nimrodkor","git_org":"bridgecrewio","git_repo":"terragoat","yor_trace":"47c13290-c2ce-48a7-b666-1b0085effb92"},"timeouts":null,"username":"admin"},"sensitive_values":{"replicas":[],"restore_to_point_in_time":[],"s3_import":[],"tags":{},"tags_all":{},"vpc_security_group_ids":[]}},{"address":"aws_db_option_group.default","mode":"managed","type":"aws_db_option_group","name":"default","provider_name":"registry.terraform.io/hashicorp/aws","schema_version":0,"values":{"engine_name":"mysql","major_engine_version":"8.0","name":"og-000000000000-acme-dev","option":[],"option_group_description":"Terraform OG","tags":{"Environment":"000000000000-acme-dev","Name":"000000000000-acme-dev-og","git_commit":"d68d2897add9bc2203a5ed0632a5cdd8ff8cefb0","git_file":"terraform/aws/db-app.tf","git_last_modified_at":"2020-06-16 14:46:24","git_last_modified_by":"nimrodkor@gmail.com","git_modifiers":"nimrodkor","git_org":"bridgecrewio","git_repo":"terragoat","yor_trace":"c8076043-5de7-4203-9a1c-b4e61900628a"},"tags_all":{"Environment":"000000000000-acme-dev","Name":"000000000000-acme-dev-og","git_commit":"d68d2897add9bc2203a5ed0632a5cdd8ff8cefb0","git_file":"terraform/aws/db-app.tf","git_last_modified_at":"2020-06-16 14:46:24","git_last_modified_by":"nimrodkor@gmail.com","git_modifiers":"nimrodkor","git_org":"bridgecrewio","git_repo":"terragoat","yor_trace":"c8076043-5de7-4203-9a1c-b4e61900628a"},"timeouts":null},"sensitive_values":{"option":[],"tags":{},"tags_all":{}}},{"address":"aws_db_parameter_group.default","mode":"managed","type":"aws_db_parameter_group","name":"default","provider_name":"registry.terraform.io/hashicorp/aws","schema_version":0,"values":{"description":"Terraform PG","family":"mysql8.0","name":"pg-000000000000-acme-dev","parameter":[{"apply_method":"immediate","name":"character_set_client","value":"utf8"},{"apply_method":"immediate","name":"character_set_server","value":"utf8"}],"tags":{"Environment":"000000000000-acme-dev","Name":"000000000000-acme-dev-pg","git_commit":"d68d2897add9bc2203a5ed0632a5cdd8ff8cefb0","git_file":"terraform/aws/db-app.tf","git_last_modified_at":"2020-06-16 14:46:24","git_last_modified_by":"nimrodkor@gmail.com","git_modifiers":"nimrodkor","git_org":"bridgecrewio","git_repo":"terragoat","yor_trace":"6432b3f9-3f45-4463-befc-2e0f2fbdffc1"},"tags_all":{"Environment":"000000000000-acme-dev","Name":"000000000000-acme-dev-pg","git_commit":"d68d2897add9bc2203a5ed0632a5cdd8ff8cefb0","git_file":"terraform/aws/db-app.tf","git_last_modified_at":"2020-06-16 14:46:24","git_last_modified_by":"nimrodkor@gmail.com","git_modifiers":"nimrodkor","git_org":"bridgecrewio","git_repo":"terragoat","yor_trace":"6432b3f9-3f45-4463-befc-2e0f2fbdffc1"}},"sensitive_values":{"parameter":[{},{}],"tags":{},"tags_all":{}}},{"address":"aws_db_subnet_group.default","mode":"managed","type":"aws_db_subnet_group","name":"default","provider_name":"registry.terraform.io/hashicorp/aws","schema_version":0,"values":{"description":"Terraform DB Subnet Group","name":"sg-000000000000-acme-dev","tags":{"Environment":"000000000000-acme-dev","Name":"sg-000000000000-acme-dev","git_commit":"d68d2897add9bc2203a5ed0632a5cdd8ff8cefb0","git_file":"terraform/aws/db-app.tf","git_last_modified_at":"2020-06-16 14:46:24","git_last_modified_by":"nimrodkor@gmail.com","git_modifiers":"nimrodkor","git_org":"bridgecrewio","git_repo":"terragoat","yor_trace":"b8368249-50c5-4a24-bdb0-9f83d197b11c"},"tags_all":{"Environment":"000000000000-acme-dev","Name":"sg-000000000000-acme-dev","git_commit":"d68d2897add9bc2203a5ed0632a5cdd8ff8cefb0","git_file":"terraform/aws/db-app.tf","git_last_modified_at":"2020-06-16 14:46:24","git_last_modified_by":"nimrodkor@gmail.com","git_modifiers":"nimrodkor","git_org":"bridgecrewio","git_repo":"terragoat","yor_trace":"b8368249-50c5-4a24-bdb0-9f83d197b11c"}},"sensitive_values":{"subnet_ids":[],"tags":{},"tags_all":{}}},{"address":"aws_ebs_snapshot.example_snapshot","mode":"managed","type":"aws_ebs_snapshot","name":"example_snapshot","provider_name":"registry.terraform.io/hashicorp/aws","schema_version":0,"values":{"description":"000000000000-acme-dev-ebs-snapshot","tags":{"Name":"000000000000-acme-dev-ebs-snapshot","git_commit":"d68d2897add9bc2203a5ed0632a5cdd8ff8cefb0","git_file":"terraform/aws/ec2.tf","git_last_modified_at":"2020-06-16 14:46:24","git_last_modified_by":"nimrodkor@gmail.com","git_modifiers":"nimrodkor","git_org":"bridgecrewio","git_repo":"terragoat","yor_trace":"c1008080-ec2f-4512-a0d0-2e9330aa58f0"},"tags_all":{"Name":"000000000000-acme-dev-ebs-snapshot","git_commit":"d68d2897add9bc2203a5ed0632a5cdd8ff8cefb0","git_file":"terraform/aws/ec2.tf","git_last_modified_at":"2020-06-16 14:46:24","git_last_modified_by":"nimrodkor@gmail.com","git_modifiers":"nimrodkor","git_org":"bridgecrewio","git_repo":"terragoat","yor_trace":"c1008080-ec2f-4512-a0d0-2e9330aa58f0"},"timeouts":null},"sensitive_values":{"tags":{},"tags_all":{}}},{"address":"aws_ebs_volume.web_host_storage","mode":"managed","type":"aws_ebs_volume","name":"web_host_storage","provider_name":"registry.terraform.io/hashicorp/aws","schema_version":0,"values":{"availability_zone":"us-west-2a","multi_attach_enabled":null,"outpost_arn":null,"size":1,"tags":{"Name":"000000000000-acme-dev-ebs","git_commit":"6e62522d2ab8f63740e53752b84a6e99cd65696a","git_file":"terraform/aws/ec2.tf","git_last_modified_at":"2021-05-02 11:16:31","git_last_modified_by":"nimrodkor@gmail.com","git_modifiers":"nimrodkor","git_org":"bridgecrewio","git_repo":"terragoat","yor_trace":"c5509daf-10f0-46af-9e03-41989212521d"},"tags_all":{"Name":"000000000000-acme-dev-ebs","git_commit":"6e62522d2ab8f63740e53752b84a6e99cd65696a","git_file":"terraform/aws/ec2.tf","git_last_modified_at":"2021-05-02 11:16:31","git_last_modified_by":"nimrodkor@gmail.com","git_modifiers":"nimrodkor","git_org":"bridgecrewio","git_repo":"terragoat","yor_trace":"c5509daf-10f0-46af-9e03-41989212521d"}},"sensitive_values":{"tags":{},"tags_all":{}}},{"address":"aws_ecr_repository.repository","mode":"managed","type":"aws_ecr_repository","name":"repository","provider_name":"registry.terraform.io/hashicorp/aws","schema_version":0,"values":{"encryption_configuration":[],"image_scanning_configuration":[],"image_tag_mutability":"MUTABLE","name":"000000000000-acme-dev-repository","tags":{"Name":"000000000000-acme-dev-repository","git_commit":"d68d2897add9bc2203a5ed0632a5cdd8ff8cefb0","git_file":"terraform/aws/ecr.tf","git_last_modified_at":"2020-06-16 14:46:24","git_last_modified_by":"nimrodkor@gmail.com","git_modifiers":"nimrodkor","git_org":"bridgecrewio","git_repo":"terragoat","yor_trace":"7a3ec657-fa54-4aa2-8467-5d08d6c90bc2"},"tags_all":{"Name":"000000000000-acme-dev-repository","git_commit":"d68d2897add9bc2203a5ed0632a5cdd8ff8cefb0","git_file":"terraform/aws/ecr.tf","git_last_modified_at":"2020-06-16 14:46:24","git_last_modified_by":"nimrodkor@gmail.com","git_modifiers":"nimrodkor","git_org":"bridgecrewio","git_repo":"terragoat","yor_trace":"7a3ec657-fa54-4aa2-8467-5d08d6c90bc2"},"timeouts":null},"sensitive_values":{"encryption_configuration":[],"image_scanning_configuration":[],"tags":{},"tags_all":{}}},{"address":"aws_eks_cluster.eks_cluster","mode":"managed","type":"aws_eks_cluster","name":"eks_cluster","provider_name":"registry.terraform.io/hashicorp/aws","schema_version":0,"values":{"enabled_cluster_log_types":null,"encryption_config":[],"name":"000000000000-acme-dev-eks","tags":{"git_commit":"d68d2897add9bc2203a5ed0632a5cdd8ff8cefb0","git_file":"terraform/aws/eks.tf","git_last_modified_at":"2020-06-16 14:46:24","git_last_modified_by":"nimrodkor@gmail.com","git_modifiers":"nimrodkor","git_org":"bridgecrewio","git_repo":"terragoat","yor_trace":"7fa14261-c18d-4fa2-aec4-746f6e64d2d3"},"tags_all":{"git_commit":"d68d2897add9bc2203a5ed0632a5cdd8ff8cefb0","git_file":"terraform/aws/eks.tf","git_last_modified_at":"2020-06-16 14:46:24","git_last_modified_by":"nimrodkor@gmail.com","git_modifiers":"nimrodkor","git_org":"bridgecrewio","git_repo":"terragoat","yor_trace":"7fa14261-c18d-4fa2-aec4-746f6e64d2d3"},"timeouts":null,"vpc_config":[{"endpoint_private_access":true,"endpoint_public_access":true,"security_group_ids":null}]},"sensitive_values":{"certificate_authority":[],"encryption_config":[],"identity":[],"kubernetes_network_config":[],"tags":{},"tags_all":{},"vpc_config":[{"public_access_cidrs":[],"subnet_ids":[]}]}},{"address":"aws_elasticsearch_domain.monitoring-framework","mode":"managed","type":"aws_elasticsearch_domain","name":"monitoring-framework","provider_name":"registry.terraform.io/hashicorp/aws","schema_version":0,"values":{"cluster_config":[{"dedicated_master_count":null,"dedicated_master_enabled":false,"dedicated_master_type":null,"instance_count":1,"instance_type":"t2.small.elasticsearch","warm_count":null,"warm_enabled":null,"warm_type":null,"zone_awareness_config":[],"zone_awareness_enabled":null}],"cognito_options":[],"domain_name":"tg-dev-es","ebs_options":[{"ebs_enabled":true,"iops":null,"volume_size":30}],"elasticsearch_version":"2.3","log_publishing_options":[],"snapshot_options":[],"tags":{"git_commit":"d68d2897add9bc2203a5ed0632a5cdd8ff8cefb0","git_file":"terraform/aws/es.tf","git_last_modified_at":"2020-06-16 14:46:24","git_last_modified_by":"nimrodkor@gmail.com","git_modifiers":"nimrodkor","git_org":"bridgecrewio","git_repo":"terragoat","yor_trace":"95131dec-d7c9-49bb-9aff-eb0e2736603b"},"tags_all":{"git_commit":"d68d2897add9bc2203a5ed0632a5cdd8ff8cefb0","git_file":"terraform/aws/es.tf","git_last_modified_at":"2020-06-16 14:46:24","git_last_modified_by":"nimrodkor@gmail.com","git_modifiers":"nimrodkor","git_org":"bridgecrewio","git_repo":"terragoat","yor_trace":"95131dec-d7c9-49bb-9aff-eb0e2736603b"},"timeouts":null,"vpc_options":[]},"sensitive_values":{"advanced_options":{},"advanced_security_options":[],"cluster_config":[{"zone_awareness_config":[]}],"cognito_options":[],"domain_endpoint_options":[],"ebs_options":[{}],"encrypt_at_rest":[],"log_publishing_options":[],"node_to_node_encryption":[],"snapshot_options":[],"tags":{},"tags_all":{},"vpc_options":[]}},{"address":"aws_elasticsearch_domain_policy.monitoring-framework-policy","mode":"managed","type":"aws_elasticsearch_domain_policy","name":"monitoring-framework-policy","provider_name":"registry.terraform.io/hashicorp/aws","schema_version":0,"values":{"access_policies":"{\n  \"Version\": \"2012-10-17\",\n  \"Statement\": [\n    {\n      \"Sid\": \"\",\n      \"Effect\": \"Allow\",\n      \"Action\": \"es:*\",\n      \"Resource\": \"*\",\n      \"Principal\": {\n        \"AWS\": \"*\"\n      }\n    }\n  ]\n}","domain_name":"tg-dev-es"},"sensitive_values":{}},{"address":"aws_elb.weblb","mode":"managed","type":"aws_elb","name":"weblb","provider_name":"registry.terraform.io/hashicorp/aws","schema_version":0,"values":{"access_logs":[],"connection_draining":true,"connection_draining_timeout":400,"cross_zone_load_balancing":true,"health_check":[{"healthy_threshold":2,"interval":30,"target":"HTTP:8000/","timeout":3,"unhealthy_threshold":2}],"idle_timeout":400,"listener":[{"instance_port":8000,"instance_protocol":"http","lb_port":80,"lb_protocol":"http","ssl_certificate_id":""}],"name":"weblb-terraform-elb","name_prefix":null,"tags":{"Name":"foobar-terraform-elb","git_commit":"d68d2897add9bc2203a5ed0632a5cdd8ff8cefb0","git_file":"terraform/aws/elb.tf","git_last_modified_at":"2020-06-16 14:46:24","git_last_modified_by":"nimrodkor@gmail.com","git_modifiers":"nimrodkor","git_org":"bridgecrewio","git_repo":"terragoat","yor_trace":"b4a83ce9-9a45-43b4-b6d9-1783c282f702"},"tags_all":{"Name":"foobar-terraform-elb","git_commit":"d68d2897add9bc2203a5ed0632a5cdd8ff8cefb0","git_file":"terraform/aws/elb.tf","git_last_modified_at":"2020-06-16 14:46:24","git_last_modified_by":"nimrodkor@gmail.com","git_modifiers":"nimrodkor","git_org":"bridgecrewio","git_repo":"terragoat","yor_trace":"b4a83ce9-9a45-43b4-b6d9-1783c282f702"}},"sensitive_values":{"access_logs":[],"availability_zones":[],"health_check":[{}],"instances":[],"listener":[{}],"security_groups":[],"subnets":[],"tags":{},"tags_all":{}}},{"address":"aws_flow_log.vpcflowlogs","mode":"managed","type":"aws_flow_log","name":"vpcflowlogs","provider_name":"registry.terraform.io/hashicorp/aws","schema_version":0,"values":{"eni_id":null,"iam_role_arn":null,"log_destination_type":"s3","max_aggregation_interval":600,"subnet_id":null,"tags":{"Environment":"000000000000-acme-dev","Name":"000000000000-acme-dev-flowlogs","git_commit":"d68d2897add9bc2203a5ed0632a5cdd8ff8cefb0","git_file":"terraform/aws/ec2.tf","git_last_modified_at":"2020-06-16 14:46:24","git_last_modified_by":"nimrodkor@gmail.com","git_modifiers":"nimrodkor","git_org":"bridgecrewio","git_repo":"terragoat","yor_trace":"6808d4b7-45bc-4d1d-9523-96757a3add3a"},"tags_all":{"Environment":"000000000000-acme-dev","Name":"000000000000-acme-dev-flowlogs","git_commit":"d68d2897add9bc2203a5ed0632a5cdd8ff8cefb0","git_file":"terraform/aws/ec2.tf","git_last_modified_at":"2020-06-16 14:46:24","git_last_modified_by":"nimrodkor@gmail.com","git_modifiers":"nimrodkor","git_org":"bridgecrewio","git_repo":"terragoat","yor_trace":"6808d4b7-45bc-4d1d-9523-96757a3add3a"},"traffic_type":"ALL"},"sensitive_values":{"tags":{},"tags_all":{}}},{"address":"aws_iam_access_key.user","mode":"managed","type":"aws_iam_access_key","name":"user","provider_name":"registry.terraform.io/hashicorp/aws","schema_version":0,"values":{"pgp_key":null,"status":"Active","user":"000000000000-acme-dev-user"},"sensitive_values":{}},{"address":"aws_iam_instance_profile.ec2profile","mode":"managed","type":"aws_iam_instance_profile","name":"ec2profile","provider_name":"registry.terraform.io/hashicorp/aws","schema_version":0,"values":{"name":"000000000000-acme-dev-profile","name_prefix":null,"path":"/","role":"000000000000-acme-dev-role","tags":{"git_commit":"d68d2897add9bc2203a5ed0632a5cdd8ff8cefb0","git_file":"terraform/aws/db-app.tf","git_last_modified_at":"2020-06-16 14:46:24","git_last_modified_by":"nimrodkor@gmail.com","git_modifiers":"nimrodkor","git_org":"bridgecrewio","git_repo":"terragoat","yor_trace":"6d33b2b9-2dd3-4915-b5d4-283152c928f1"},"tags_all":{"git_commit":"d68d2897add9bc2203a5ed0632a5cdd8ff8cefb0","git_file":"terraform/aws/db-app.tf","git_last_modified_at":"2020-06-16 14:46:24","git_last_modified_by":"nimrodkor@gmail.com","git_modifiers":"nimrodkor","git_org":"bridgecrewio","git_repo":"terragoat","yor_trace":"6d33b2b9-2dd3-4915-b5d4-283152c928f1"}},"sensitive_values":{"tags":{},"tags_all":{}}},{"address":"aws_iam_role.ec2role","mode":"managed","type":"aws_iam_role","name":"ec2role","provider_name":"registry.terraform.io/hashicorp/aws","schema_version":0,"values":{"assume_role_policy":"{\n    \"Version\": \"2012-10-17\",\n    \"Statement\": [\n        {\n            \"Action\": \"sts:AssumeRole\",\n            \"Principal\": {\n               \"Service\": \"ec2.amazonaws.com\"\n            },\n            \"Effect\": \"Allow\",\n            \"Sid\": \"\"\n        }\n    ]\n}\n","description":null,"force_detach_policies":false,"max_session_duration":3600,"name":"000000000000-acme-dev-role","name_prefix":null,"path":"/","permissions_boundary":null,"tags":{"Environment":"000000000000-acme-dev","Name":"000000000000-acme-dev-role","git_commit":"d68d2897add9bc2203a5ed0632a5cdd8ff8cefb0","git_file":"terraform/aws/db-app.tf","git_last_modified_at":"2020-06-16 14:46:24","git_last_modified_by":"nimrodkor@gmail.com","git_modifiers":"nimrodkor","git_org":"bridgecrewio","git_repo":"terragoat","yor_trace":"d4b631c1-c1d0-4986-affb-fb8b94a6a7a5"},"tags_all":{"Environment":"000000000000-acme-dev","Name":"000000000000-acme-dev-role","git_commit":"d68d2897add9bc2203a5ed0632a5cdd8ff8cefb0","git_file":"terraform/aws/db-app.tf","git_last_modified_at":"2020-06-16 14:46:24","git_last_modified_by":"nimrodkor@gmail.com","git_modifiers":"nimrodkor","git_org":"bridgecrewio","git_repo":"terragoat","yor_trace":"d4b631c1-c1d0-4986-affb-fb8b94a6a7a5"}},"sensitive_values":{"inline_policy":[],"managed_policy_arns":[],"tags":{},"tags_all":{}}},{"address":"aws_iam_role.iam_for_eks","mode":"managed","type":"aws_iam_role","name":"iam_for_eks","provider_name":"registry.terraform.io/hashicorp/aws","schema_version":0,"values":{"assume_role_policy":"{\n  \"Version\": \"2012-10-17\",\n  \"Statement\": [\n    {\n      \"Sid\": \"\",\n      \"Effect\": \"Allow\",\n      \"Action\": \"sts:AssumeRole\",\n      \"Principal\": {\n        \"Service\": \"eks.amazonaws.com\"\n      }\n    }\n  ]\n}","description":null,"force_detach_policies":false,"max_session_duration":3600,"name":"000000000000-acme-dev-iam-for-eks","name_prefix":null,"path":"/","permissions_boundary":null,"tags":{"git_commit":"d68d2897add9bc2203a5ed0632a5cdd8ff8cefb0","git_file":"terraform/aws/eks.tf","git_last_modified_at":"2020-06-16 14:46:24","git_last_modified_by":"nimrodkor@gmail.com","git_modifiers":"nimrodkor","git_org":"bridgecrewio","git_repo":"terragoat","yor_trace":"de052596-21a0-43de-8153-469add277b18"},"tags_all":{"git_commit":"d68d2897add9bc2203a5ed0632a5cdd8ff8cefb0","git_file":"terraform/aws/eks.tf","git_last_modified_at":"2020-06-16 14:46:24","git_last_modified_by":"nimrodkor@gmail.com","git_modifiers":"nimrodkor","git_org":"bridgecrewio","git_repo":"terragoat","yor_trace":"de052596-21a0-43de-8153-469add277b18"}},"sensitive_values":{"inline_policy":[],"managed_policy_arns":[],"tags":{},"tags_all":{}}},{"address":"aws_iam_role.iam_for_lambda","mode":"managed","type":"aws_iam_role","name":"iam_for_lambda","provider_name":"registry.terraform.io/hashicorp/aws","schema_version":0,"values":{"assume_role_policy":"{\n  \"Version\": \"2012-10-17\",\n  \"Statement\": [\n    {\n      \"Action\": \"sts:AssumeRole\",\n      \"Principal\": {\n        \"Service\": \"lambda.amazonaws.com\"\n      },\n      \"Effect\": \"Allow\",\n      \"Sid\": \"\"\n    }\n  ]\n}\n","description":null,"force_detach_policies":false,"max_session_duration":3600,"name":"000000000000-acme-dev-analysis-lambda","name_prefix":null,"path":"/","permissions_boundary":null,"tags":{"git_commit":"d68d2897add9bc2203a5ed0632a5cdd8ff8cefb0","git_file":"terraform/aws/lambda.tf","git_last_modified_at":"2020-06-16 14:46:24","git_last_modified_by":"nimrodkor@gmail.com","git_modifiers":"nimrodkor","git_org":"bridgecrewio","git_repo":"terragoat","yor_trace":"93cfa6f9-a257-40c3-b7dc-3c3686929734"},"tags_all":{"git_commit":"d68d2897add9bc2203a5ed0632a5cdd8ff8cefb0","git_file":"terraform/aws/lambda.tf","git_last_modified_at":"2020-06-16 14:46:24","git_last_modified_by":"nimrodkor@gmail.com","git_modifiers":"nimrodkor","git_org":"bridgecrewio","git_repo":"terragoat","yor_trace":"93cfa6f9-a257-40c3-b7dc-3c3686929734"}},"sensitive_values":{"inline_policy":[],"managed_policy_arns":[],"tags":{},"tags_all":{}}},{"address":"aws_iam_role_policy.ec2policy","mode":"managed","type":"aws_iam_role_policy","name":"ec2policy","provider_name":"registry.terraform.io/hashicorp/aws","schema_version":0,"values":{"name":"000000000000-acme-dev-policy","name_prefix":null,"policy":"{\n  \"Version\": \"2012-10-17\",\n  \"Statement\": [\n    {\n      \"Action\": [\n        \"s3:*\",\n        \"ec2:*\",\n        \"rds:*\"\n      ],\n      \"Effect\": \"Allow\",\n      \"Resource\": \"*\"\n    }\n  ]\n}\n"},"sensitive_values":{}},{"address":"aws_iam_role_policy_attachment.policy_attachment-AmazonEKSClusterPolicy","mode":"managed","type":"aws_iam_role_policy_attachment","name":"policy_attachment-AmazonEKSClusterPolicy","provider_name":"registry.terraform.io/hashicorp/aws","schema_version":0,"values":{"policy_arn":"arn:aws:iam::aws:policy/AmazonEKSClusterPolicy","role":"000000000000-acme-dev-iam-for-eks"},"sensitive_values":{}},{"address":"aws_iam_role_policy_attachment.policy_attachment-AmazonEKSServicePolicy","mode":"managed","type":"aws_iam_role_policy_attachment","name":"policy_attachment-AmazonEKSServicePolicy","provider_name":"registry.terraform.io/hashicorp/aws","schema_version":0,"values":{"policy_arn":"arn:aws:iam::aws:policy/AmazonEKSServicePolicy","role":"000000000000-acme-dev-iam-for-eks"},"sensitive_values":{}},{"address":"aws_iam_user.user","mode":"managed","type":"aws_iam_user","name":"user","provider_name":"registry.terraform.io/hashicorp/aws","schema_version":0,"values":{"force_destroy":true,"name":"000000000000-acme-dev-user","path":"/","permissions_boundary":null,"tags":{"Environment":"000000000000-acme-dev","Name":"000000000000-acme-dev-user","git_commit":"d68d2897add9bc2203a5ed0632a5cdd8ff8cefb0","git_file":"terraform/aws/iam.tf","git_last_modified_at":"2020-06-16 14:46:24","git_last_modified_by":"nimrodkor@gmail.com","git_modifiers":"nimrodkor","git_org":"bridgecrewio","git_repo":"terragoat","yor_trace":"9b45b298-c1ea-426a-9644-610780021eaa"},"tags_all":{"Environment":"000000000000-acme-dev","Name":"000000000000-acme-dev-user","git_commit":"d68d2897add9bc2203a5ed0632a5cdd8ff8cefb0","git_file":"terraform/aws/iam.tf","git_last_modified_at":"2020-06-16 14:46:24","git_last_modified_by":"nimrodkor@gmail.com","git_modifiers":"nimrodkor","git_org":"bridgecrewio","git_repo":"terragoat","yor_trace":"9b45b298-c1ea-426a-9644-610780021eaa"}},"sensitive_values":{"tags":{},"tags_all":{}}},{"address":"aws_iam_user_policy.userpolicy","mode":"managed","type":"aws_iam_user_policy","name":"userpolicy","provider_name":"registry.terraform.io/hashicorp/aws","schema_version":0,"values":{"name":"excess_policy","name_prefix":null,"policy":"{\n  \"Version\": \"2012-10-17\",\n  \"Statement\": [\n    {\n      \"Action\": [\n        \"ec2:*\",\n        \"s3:*\",\n        \"lambda:*\",\n        \"cloudwatch:*\"\n      ],\n      \"Effect\": \"Allow\",\n      \"Resource\": \"*\"\n    }\n  ]\n}\n","user":"000000000000-acme-dev-user"},"sensitive_values":{}},{"address":"aws_instance.db_app","mode":"managed","type":"aws_instance","name":"db_app","provider_name":"registry.terraform.io/hashicorp/aws","schema_version":1,"values":{"ami":"data.aws_ami.amazon-linux-2.id","credit_specification":[],"get_password_data":false,"hibernation":null,"iam_instance_profile":"000000000000-acme-dev-profile","instance_type":"t2.nano","launch_template":[],"source_dest_check":true,"tags":{"Name":"000000000000-acme-dev-dbapp","git_commit":"d68d2897add9bc2203a5ed0632a5cdd8ff8cefb0","git_file":"terraform/aws/db-app.tf","git_last_modified_at":"2020-06-16 14:46:24","git_last_modified_by":"nimrodkor@gmail.com","git_modifiers":"nimrodkor","git_org":"bridgecrewio","git_repo":"terragoat","yor_trace":"f7999d4e-c983-43ee-bd88-7903a6f8483e"},"tags_all":{"Name":"000000000000-acme-dev-dbapp","git_commit":"d68d2897add9bc2203a5ed0632a5cdd8ff8cefb0","git_file":"terraform/aws/db-app.tf","git_last_modified_at":"2020-06-16 14:46:24","git_last_modified_by":"nimrodkor@gmail.com","git_modifiers":"nimrodkor","git_org":"bridgecrewio","git_repo":"terragoat","yor_trace":"f7999d4e-c983-43ee-bd88-7903a6f8483e"},"timeouts":null,"volume_tags":null},"sensitive_values":{"capacity_reservation_specification":[],"credit_specification":[],"ebs_block_device":[],"enclave_options":[],"ephemeral_block_device":[],"ipv6_addresses":[],"launch_template":[],"metadata_options":[],"network_interface":[],"root_block_device":[],"secondary_private_ips":[],"security_groups":[],"tags":{},"tags_all":{},"vpc_security_group_ids":[]}},{"address":"aws_instance.web_host","mode":"managed","type":"aws_instance","name":"web_host","provider_name":"registry.terraform.io/hashicorp/aws","schema_version":1,"values":{"ami":"ami-09a5b0b7edf08843d","credit_specification":[],"get_password_data":false,"hibernation":null,"iam_instance_profile":null,"instance_type":"t2.nano","launch_template":[],"source_dest_check":true,"tags":{"Name":"000000000000-acme-dev-ec2","git_commit":"d68d2897add9bc2203a5ed0632a5cdd8ff8cefb0","git_file":"terraform/aws/ec2.tf","git_last_modified_at":"2020-06-16 14:46:24","git_last_modified_by":"nimrodkor@gmail.com","git_modifiers":"nimrodkor","git_org":"bridgecrewio","git_repo":"terragoat","yor_trace":"347af3cd-4f70-4632-aca3-4d5e30ffc0b6"},"tags_all":{"Name":"000000000000-acme-dev-ec2","git_commit":"d68d2897add9bc2203a5ed0632a5cdd8ff8cefb0","git_file":"terraform/aws/ec2.tf","git_last_modified_at":"2020-06-16 14:46:24","git_last_modified_by":"nimrodkor@gmail.com","git_modifiers":"nimrodkor","git_org":"bridgecrewio","git_repo":"terragoat","yor_trace":"347af3cd-4f70-4632-aca3-4d5e30ffc0b6"},"timeouts":null,"user_data":"44c6c808e6449ee36dfcfc4ebd66c1b9634b40f2","volume_tags":null},"sensitive_values":{"capacity_reservation_specification":[],"credit_specification":[],"ebs_block_device":[],"enclave_options":[],"ephemeral_block_device":[],"ipv6_addresses":[],"launch_template":[],"metadata_options":[],"network_interface":[],"root_block_device":[],"secondary_private_ips":[],"security_groups":[],"tags":{},"tags_all":{},"vpc_security_group_ids":[]}},{"address":"aws_internet_gateway.web_igw","mode":"managed","type":"aws_internet_gateway","name":"web_igw","provider_name":"registry.terraform.io/hashicorp/aws","schema_version":0,"values":{"tags":{"Name":"000000000000-acme-dev-igw","git_commit":"d68d2897add9bc2203a5ed0632a5cdd8ff8cefb0","git_file":"terraform/aws/ec2.tf","git_last_modified_at":"2020-06-16 14:46:24","git_last_modified_by":"nimrodkor@gmail.com","git_modifiers":"nimrodkor","git_org":"bridgecrewio","git_repo":"terragoat","yor_trace":"d8e63cb4-2fb5-4726-9c86-5fd05ef03674"},"tags_all":{"Name":"000000000000-acme-dev-igw","git_commit":"d68d2897add9bc2203a5ed0632a5cdd8ff8cefb0","git_file":"terraform/aws/ec2.tf","git_last_modified_at":"2020-06-16 14:46:24","git_last_modified_by":"nimrodkor@gmail.com","git_modifiers":"nimrodkor","git_org":"bridgecrewio","git_repo":"terragoat","yor_trace":"d8e63cb4-2fb5-4726-9c86-5fd05ef03674"}},"sensitive_values":{"tags":{},"tags_all":{}}},{"address":"aws_kms_alias.logs_key_alias","mode":"managed","type":"aws_kms_alias","name":"logs_key_alias","provider_name":"registry.terraform.io/hashicorp/aws","schema_version":0,"values":{"name":"alias/000000000000-acme-dev-logs-bucket-key","name_prefix":null},"sensitive_values":{}},{"address":"aws_kms_key.logs_key","mode":"managed","type":"aws_kms_key","name":"logs_key","provider_name":"registry.terraform.io/hashicorp/aws","schema_version":0,"values":{"customer_master_key_spec":"SYMMETRIC_DEFAULT","deletion_window_in_days":7,"description":"000000000000-acme-dev-logs bucket key","enable_key_rotation":false,"is_enabled":true,"key_usage":"ENCRYPT_DECRYPT","tags":{"git_commit":"d68d2897add9bc2203a5ed0632a5cdd8ff8cefb0","git_file":"terraform/aws/kms.tf","git_last_modified_at":"2020-06-16 14:46:24","git_last_modified_by":"nimrodkor@gmail.com","git_modifiers":"nimrodkor","git_org":"bridgecrewio","git_repo":"terragoat","yor_trace":"cd8fa2a7-4868-4cd1-993d-da4644808ce5"},"tags_all":{"git_commit":"d68d2897add9bc2203a5ed0632a5cdd8ff8cefb0","git_file":"terraform/aws/kms.tf","git_last_modified_at":"2020-06-16 14:46:24","git_last_modified_by":"nimrodkor@gmail.com","git_modifiers":"nimrodkor","git_org":"bridgecrewio","git_repo":"terragoat","yor_trace":"cd8fa2a7-4868-4cd1-993d-da4644808ce5"}},"sensitive_values":{"tags":{},"tags_all":{}}},{"address":"aws_lambda_function.analysis_lambda","mode":"managed","type":"aws_lambda_function","name":"analysis_lambda","provider_name":"registry.terraform.io/hashicorp/aws","schema_version":0,"values":{"code_signing_config_arn":null,"dead_letter_config":[],"description":null,"environment":[{"variables":{"access_key":"AKIAIOSFODNN7EXAMPLE","secret_key":"wJalrXUtnFEMI/K7MDENG/bPxRfiCYEXAMPLEKEY"}}],"file_system_config":[],"filename":"resources/lambda_function_payload.zip","function_name":"000000000000-acme-dev-analysis","handler":"exports.test","image_config":[],"image_uri":null,"kms_key_arn":null,"layers":null,"memory_size":128,"package_type":"Zip","publish":false,"reserved_concurrent_executions":-1,"runtime":"nodejs12.x","s3_bucket":null,"s3_key":null,"s3_object_version":null,"source_code_hash":"Fne61Y/F2pmVywaVqIYcztFMK3LNeMJKpWFNnxDdGTw=","tags":{"git_commit":"5c6b5d60a8aa63a5d37e60f15185d13a967f0542","git_file":"terraform/aws/lambda.tf","git_last_modified_at":"2021-05-02 10:06:10","git_last_modified_by":"nimrodkor@users.noreply.github.com","git_modifiers":"nimrodkor","git_org":"bridgecrewio","git_repo":"terragoat","yor_trace":"f7d8bc47-e5d9-4b09-9d8f-e7b9724d826e"},"tags_all":{"git_commit":"5c6b5d60a8aa63a5d37e60f15185d13a967f0542","git_file":"terraform/aws/lambda.tf","git_last_modified_at":"2021-05-02 10:06:10","git_last_modified_by":"nimrodkor@users.noreply.github.com","git_modifiers":"nimrodkor","git_org":"bridgecrewio","git_repo":"terragoat","yor_trace":"f7d8bc47-e5d9-4b09-9d8f-e7b9724d826e"},"timeout":3,"timeouts":null,"vpc_config":[]},"sensitive_values":{"dead_letter_config":[],"environment":[{"variables":{}}],"file_system_config":[],"image_config":[],"tags":{},"tags_all":{},"tracing_config":[],"vpc_config":[]}},{"address":"aws_neptune_cluster.default","mode":"managed","type":"aws_neptune_cluster","name":"default","provider_name":"registry.terraform.io/hashicorp/aws","schema_version":0,"values":{"apply_immediately":true,"backup_retention_period":5,"cluster_identifier":"neptunedb1","copy_tags_to_snapshot":null,"deletion_protection":null,"enable_cloudwatch_logs_exports":null,"engine":"neptune","final_snapshot_identifier":null,"iam_database_authentication_enabled":false,"iam_roles":null,"neptune_cluster_parameter_group_name":"default.neptune1","port":8182,"preferred_backup_window":"07:00-09:00","replication_source_identifier":null,"skip_final_snapshot":true,"snapshot_identifier":null,"storage_encrypted":false,"tags":{"git_commit":"aa8fd16fd94cccf6af206e2f0922b5558f8ac514","git_file":"terraform/aws/neptune.tf","git_last_modified_at":"2020-08-21 19:14:35","git_last_modified_by":"matt@bridgecrew.io","git_modifiers":"matt","git_org":"bridgecrewio","git_repo":"terragoat","yor_trace":"0d4cbb85-73ed-4ca0-b1da-296e4185f34e"},"tags_all":{"git_commit":"aa8fd16fd94cccf6af206e2f0922b5558f8ac514","git_file":"terraform/aws/neptune.tf","git_last_modified_at":"2020-08-21 19:14:35","git_last_modified_by":"matt@bridgecrew.io","git_modifiers":"matt","git_org":"bridgecrewio","git_repo":"terragoat","yor_trace":"0d4cbb85-73ed-4ca0-b1da-296e4185f34e"},"timeouts":null},"sensitive_values":{"availability_zones":[],"cluster_members":[],"tags":{},"tags_all":{},"vpc_security_group_ids":[]}},{"address":"aws_neptune_cluster_instance.default[0]","mode":"managed","type":"aws_neptune_cluster_instance","name":"default","index":0,"provider_name":"registry.terraform.io/hashicorp/aws","schema_version":0,"values":{"apply_immediately":true,"auto_minor_version_upgrade":true,"engine":"neptune","instance_class":"db.t3.medium","neptune_parameter_group_name":"default.neptune1","port":8182,"promotion_tier":0,"publicly_accessible":false,"tags":{"git_commit":"5c6b5d60a8aa63a5d37e60f15185d13a967f0542","git_file":"terraform/aws/neptune.tf","git_last_modified_at":"2021-05-02 10:06:10","git_last_modified_by":"nimrodkor@users.noreply.github.com","git_modifiers":"matt/nimrodkor","git_org":"bridgecrewio","git_repo":"terragoat","yor_trace":"9b2b45fd-6f9f-44fd-b8bc-868b1db178b3"},"tags_all":{"git_commit":"5c6b5d60a8aa63a5d37e60f15185d13a967f0542","git_file":"terraform/aws/neptune.tf","git_last_modified_at":"2021-05-02 10:06:10","git_last_modified_by":"nimrodkor@users.noreply.github.com","git_modifiers":"matt/nimrodkor","git_org":"bridgecrewio","git_repo":"terragoat","yor_trace":"9b2b45fd-6f9f-44fd-b8bc-868b1db178b3"},"timeouts":null},"sensitive_values":{"tags":{},"tags_all":{}}},{"address":"aws_neptune_cluster_snapshot.default","mode":"managed","type":"aws_neptune_cluster_snapshot","name":"default","provider_name":"registry.terraform.io/hashicorp/aws","schema_version":0,"values":{"db_cluster_snapshot_identifier":"resourcetestsnapshot1","timeouts":null},"sensitive_values":{"availability_zones":[]}},{"address":"aws_network_interface.web-eni","mode":"managed","type":"aws_network_interface","name":"web-eni","provider_name":"registry.terraform.io/hashicorp/aws","schema_version":0,"values":{"description":null,"private_ips":["172.16.10.100"],"source_dest_check":true,"tags":{"Name":"000000000000-acme-dev-primary_network_interface","git_commit":"d68d2897add9bc2203a5ed0632a5cdd8ff8cefb0","git_file":"terraform/aws/ec2.tf","git_last_modified_at":"2020-06-16 14:46:24","git_last_modified_by":"nimrodkor@gmail.com","git_modifiers":"nimrodkor","git_org":"bridgecrewio","git_repo":"terragoat","yor_trace":"7e2ffea8-739f-467d-b57b-53cbc0d7ccbe"},"tags_all":{"Name":"000000000000-acme-dev-primary_network_interface","git_commit":"d68d2897add9bc2203a5ed0632a5cdd8ff8cefb0","git_file":"terraform/aws/ec2.tf","git_last_modified_at":"2020-06-16 14:46:24","git_last_modified_by":"nimrodkor@gmail.com","git_modifiers":"nimrodkor","git_org":"bridgecrewio","git_repo":"terragoat","yor_trace":"7e2ffea8-739f-467d-b57b-53cbc0d7ccbe"}},"sensitive_values":{"attachment":[],"ipv6_addresses":[],"private_ips":[false],"security_groups":[],"tags":{},"tags_all":{}}},{"address":"aws_route.public_internet_gateway","mode":"managed","type":"aws_route","name":"public_internet_gateway","provider_name":"registry.terraform.io/hashicorp/aws","schema_version":0,"values":{"carrier_gateway_id":null,"destination_cidr_block":"0.0.0.0/0","destination_ipv6_cidr_block":null,"destination_prefix_list_id":null,"egress_only_gateway_id":null,"local_gateway_id":null,"nat_gateway_id":null,"timeouts":{"create":"5m","delete":null},"transit_gateway_id":null,"vpc_endpoint_id":null,"vpc_peering_connection_id":null},"sensitive_values":{"timeouts":{}}},{"address":"aws_route_table.web_rtb","mode":"managed","type":"aws_route_table","name":"web_rtb","provider_name":"registry.terraform.io/hashicorp/aws","schema_version":0,"values":{"tags":{"Name":"000000000000-acme-dev-rtb","git_commit":"d68d2897add9bc2203a5ed0632a5cdd8ff8cefb0","git_file":"terraform/aws/ec2.tf","git_last_modified_at":"2020-06-16 14:46:24","git_last_modified_by":"nimrodkor@gmail.com","git_modifiers":"nimrodkor","git_org":"bridgecrewio","git_repo":"terragoat","yor_trace":"5e4fee6e-a6aa-4b61-a741-47c5efb463e1"},"tags_all":{"Name":"000000000000-acme-dev-rtb","git_commit":"d68d2897add9bc2203a5ed0632a5cdd8ff8cefb0","git_file":"terraform/aws/ec2.tf","git_last_modified_at":"2020-06-16 14:46:24","git_last_modified_by":"nimrodkor@gmail.com","git_modifiers":"nimrodkor","git_org":"bridgecrewio","git_repo":"terragoat","yor_trace":"5e4fee6e-a6aa-4b61-a741-47c5efb463e1"}},"sensitive_values":{"propagating_vgws":[],"route":[],"tags":{},"tags_all":{}}},{"address":"aws_route_table_association.rtbassoc","mode":"managed","type":"aws_route_table_association","name":"rtbassoc","provider_name":"registry.terraform.io/hashicorp/aws","schema_version":0,"values":{"gateway_id":null},"sensitive_values":{}},{"address":"aws_route_table_association.rtbassoc2","mode":"managed","type":"aws_route_table_association","name":"rtbassoc2","provider_name":"registry.terraform.io/hashicorp/aws","schema_version":0,"values":{"gateway_id":null},"sensitive_values":{}},{"address":"aws_s3_bucket.data","mode":"managed","type":"aws_s3_bucket","name":"data","provider_name":"registry.terraform.io/hashicorp/aws","schema_version":0,"values":{"acl":"public-read","bucket":"000000000000-acme-dev-data","bucket_prefix":null,"cors_rule":[],"force_destroy":true,"grant":[],"lifecycle_rule":[],"logging":[],"object_lock_configuration":[],"policy":null,"replication_configuration":[],"server_side_encryption_configuration":[],"tags":{"Environment":"000000000000-acme-dev","Name":"000000000000-acme-dev-data","git_commit":"d68d2897add9bc2203a5ed0632a5cdd8ff8cefb0","git_file":"terraform/aws/s3.tf","git_last_modified_at":"2020-06-16 14:46:24","git_last_modified_by":"nimrodkor@gmail.com","git_modifiers":"nimrodkor","git_org":"bridgecrewio","git_repo":"terragoat","yor_trace":"0874007d-903a-4b4c-945f-c9c233e13243"},"tags_all":{"Environment":"000000000000-acme-dev","Name":"000000000000-acme-dev-data","git_commit":"d68d2897add9bc2203a5ed0632a5cdd8ff8cefb0","git_file":"terraform/aws/s3.tf","git_last_modified_at":"2020-06-16 14:46:24","git_last_modified_by":"nimrodkor@gmail.com","git_modifiers":"nimrodkor","git_org":"bridgecrewio","git_repo":"terragoat","yor_trace":"0874007d-903a-4b4c-945f-c9c233e13243"},"website":[]},"sensitive_values":{"cors_rule":[],"grant":[],"lifecycle_rule":[],"logging":[],"object_lock_configuration":[],"replication_configuration":[],"server_side_encryption_configuration":[],"tags":{},"tags_all":{},"versioning":[],"website":[]}},{"address":"aws_s3_bucket.data_science","mode":"managed","type":"aws_s3_bucket","name":"data_science","provider_name":"registry.terraform.io/hashicorp/aws","schema_version":0,"values":{"acl":"private","bucket":"000000000000-acme-dev-data-science","bucket_prefix":null,"cors_rule":[],"force_destroy":true,"grant":[],"lifecycle_rule":[],"logging":[{"target_prefix":"log/"}],"object_lock_configuration":[],"policy":null,"replication_configuration":[],"server_side_encryption_configuration":[],"tags":{"git_commit":"d68d2897add9bc2203a5ed0632a5cdd8ff8cefb0","git_file":"terraform/aws/s3.tf","git_last_modified_at":"2020-06-16 14:46:24","git_last_modified_by":"nimrodkor@gmail.com","git_modifiers":"nimrodkor","git_org":"bridgecrewio","git_repo":"terragoat","yor_trace":"9a7c8788-5655-4708-bbc3-64ead9847f64"},"tags_all":{"git_commit":"d68d2897add9bc2203a5ed0632a5cdd8ff8cefb0","git_file":"terraform/aws/s3.tf","git_last_modified_at":"2020-06-16 14:46:24","git_last_modified_by":"nimrodkor@gmail.com","git_modifiers":"nimrodkor","git_org":"bridgecrewio","git_repo":"terragoat","yor_trace":"9a7c8788-5655-4708-bbc3-64ead9847f64"},"versioning":[{"enabled":true,"mfa_delete":false}],"website":[]},"sensitive_values":{"cors_rule":[],"grant":[],"lifecycle_rule":[],"logging":[{}],"object_lock_configuration":[],"replication_configuration":[],"server_side_encryption_configuration":[],"tags":{},"tags_all":{},"versioning":[{}],"website":[]}},{"address":"aws_s3_bucket.financials","mode":"managed","type":"aws_s3_bucket","name":"financials","provider_name":"registry.terraform.io/hashicorp/aws","schema_version":0,"values":{"acl":"private","bucket":"000000000000-acme-dev-financials","bucket_prefix":null,"cors_rule":[],"force_destroy":true,"grant":[],"lifecycle_rule":[],"logging":[],"object_lock_configuration":[],"policy":null,"replication_configuration":[],"server_side_encryption_configuration":[],"tags":{"Environment":"000000000000-acme-dev","Name":"000000000000-acme-dev-financials","git_commit":"d68d2897add9bc2203a5ed0632a5cdd8ff8cefb0","git_file":"terraform/aws/s3.tf","git_last_modified_at":"2020-06-16 14:46:24","git_last_modified_by":"nimrodkor@gmail.com","git_modifiers":"nimrodkor","git_org":"bridgecrewio","git_repo":"terragoat","yor_trace":"0e012640-b597-4e5d-9378-d4b584aea913"},"tags_all":{"Environment":"000000000000-acme-dev","Name":"000000000000-acme-dev-financials","git_commit":"d68d2897add9bc2203a5ed0632a5cdd8ff8cefb0","git_file":"terraform/aws/s3.tf","git_last_modified_at":"2020-06-16 14:46:24","git_last_modified_by":"nimrodkor@gmail.com","git_modifiers":"nimrodkor","git_org":"bridgecrewio","git_repo":"terragoat","yor_trace":"0e012640-b597-4e5d-9378-d4b584aea913"},"website":[]},"sensitive_values":{"cors_rule":[],"grant":[],"lifecycle_rule":[],"logging":[],"object_lock_configuration":[],"replication_configuration":[],"server_side_encryption_configuration":[],"tags":{},"tags_all":{},"versioning":[],"website":[]}},{"address":"aws_s3_bucket.flowbucket","mode":"managed","type":"aws_s3_bucket","name":"flowbucket","provider_name":"registry.terraform.io/hashicorp/aws","schema_version":0,"values":{"acl":"private","bucket":"000000000000-acme-dev-flowlogs","bucket_prefix":null,"cors_rule":[],"force_destroy":true,"grant":[],"lifecycle_rule":[],"logging":[],"object_lock_configuration":[],"policy":null,"replication_configuration":[],"server_side_encryption_configuration":[],"tags":{"Environment":"000000000000-acme-dev","Name":"000000000000-acme-dev-flowlogs","git_commit":"d68d2897add9bc2203a5ed0632a5cdd8ff8cefb0","git_file":"terraform/aws/ec2.tf","git_last_modified_at":"2020-06-16 14:46:24","git_last_modified_by":"nimrodkor@gmail.com","git_modifiers":"nimrodkor","git_org":"bridgecrewio","git_repo":"terragoat","yor_trace":"f058838a-b1e0-4383-b965-7e06e987ffb1"},"tags_all":{"Environment":"000000000000-acme-dev","Name":"000000000000-acme-dev-flowlogs","git_commit":"d68d2897add9bc2203a5ed0632a5cdd8ff8cefb0","git_file":"terraform/aws/ec2.tf","git_last_modified_at":"2020-06-16 14:46:24","git_last_modified_by":"nimrodkor@gmail.com","git_modifiers":"nimrodkor","git_org":"bridgecrewio","git_repo":"terragoat","yor_trace":"f058838a-b1e0-4383-b965-7e06e987ffb1"},"website":[]},"sensitive_values":{"cors_rule":[],"grant":[],"lifecycle_rule":[],"logging":[],"object_lock_configuration":[],"replication_configuration":[],"server_side_encryption_configuration":[],"tags":{},"tags_all":{},"versioning":[],"website":[]}},{"address":"aws_s3_bucket.logs","mode":"managed","type":"aws_s3_bucket","name":"logs","provider_name":"registry.terraform.io/hashicorp/aws","schema_version":0,"values":{"acl":"log-delivery-write","bucket":"000000000000-acme-dev-logs","bucket_prefix":null,"cors_rule":[],"force_destroy":true,"grant":[],"lifecycle_rule":[],"logging":[],"object_lock_configuration":[],"policy":null,"replication_configuration":[],"server_side_encryption_configuration":[{"rule":[{"apply_server_side_encryption_by_default":[{"sse_algorithm":"aws:kms"}],"bucket_key_enabled":null}]}],"tags":{"Environment":"000000000000-acme-dev","Name":"000000000000-acme-dev-logs","git_commit":"d68d2897add9bc2203a5ed0632a5cdd8ff8cefb0","git_file":"terraform/aws/s3.tf","git_last_modified_at":"2020-06-16 14:46:24","git_last_modified_by":"nimrodkor@gmail.com","git_modifiers":"nimrodkor","git_org":"bridgecrewio","git_repo":"terragoat","yor_trace":"01946fe9-aae2-4c99-a975-e9b0d3a4696c"},"tags_all":{"Environment":"000000000000-acme-dev","Name":"000000000000-acme-dev-logs","git_commit":"d68d2897add9bc2203a5ed0632a5cdd8ff8cefb0","git_file":"terraform/aws/s3.tf","git_last_modified_at":"2020-06-16 14:46:24","git_last_modified_by":"nimrodkor@gmail.com","git_modifiers":"nimrodkor","git_org":"bridgecrewio","git_repo":"terragoat","yor_trace":"01946fe9-aae2-4c99-a975-e9b0d3a4696c"},"versioning":[{"enabled":true,"mfa_delete":false}],"website":[]},"sensitive_values":{"cors_rule":[],"grant":[],"lifecycle_rule":[],"logging":[],"object_lock_configuration":[],"replication_configuration":[],"server_side_encryption_configuration":[{"rule":[{"apply_server_side_encryption_by_default":[{}]}]}],"tags":{},"tags_all":{},"versioning":[{}],"website":[]}},{"address":"aws_s3_bucket.operations","mode":"managed","type":"aws_s3_bucket","name":"operations","provider_name":"registry.terraform.io/hashicorp/aws","schema_version":0,"values":{"acl":"private","bucket":"000000000000-acme-dev-operations","bucket_prefix":null,"cors_rule":[],"force_destroy":true,"grant":[],"lifecycle_rule":[],"logging":[],"object_lock_configuration":[],"policy":null,"replication_configuration":[],"server_side_encryption_configuration":[],"tags":{"Environment":"000000000000-acme-dev","Name":"000000000000-acme-dev-operations","git_commit":"d68d2897add9bc2203a5ed0632a5cdd8ff8cefb0","git_file":"terraform/aws/s3.tf","git_last_modified_at":"2020-06-16 14:46:24","git_last_modified_by":"nimrodkor@gmail.com","git_modifiers":"nimrodkor","git_org":"bridgecrewio","git_repo":"terragoat","yor_trace":"29efcf7b-22a8-4bd6-8e14-1f55b3a2d743"},"tags_all":{"Environment":"000000000000-acme-dev","Name":"000000000000-acme-dev-operations","git_commit":"d68d2897add9bc2203a5ed0632a5cdd8ff8cefb0","git_file":"terraform/aws/s3.tf","git_last_modified_at":"2020-06-16 14:46:24","git_last_modified_by":"nimrodkor@gmail.com","git_modifiers":"nimrodkor","git_org":"bridgecrewio","git_repo":"terragoat","yor_trace":"29efcf7b-22a8-4bd6-8e14-1f55b3a2d743"},"versioning":[{"enabled":true,"mfa_delete":false}],"website":[]},"sensitive_values":{"cors_rule":[],"grant":[],"lifecycle_rule":[],"logging":[],"object_lock_configuration":[],"replication_configuration":[],"server_side_encryption_configuration":[],"tags":{},"tags_all":{},"versioning":[{}],"website":[]}},{"address":"aws_s3_bucket_object.data_object","mode":"managed","type":"aws_s3_bucket_object","name":"data_object","provider_name":"registry.terraform.io/hashicorp/aws","schema_version":0,"values":{"acl":"private","cache_control":null,"content":null,"content_base64":null,"content_disposition":null,"content_encoding":null,"content_language":null,"force_destroy":false,"key":"customer-master.xlsx","metadata":null,"object_lock_legal_hold_status":null,"object_lock_mode":null,"object_lock_retain_until_date":null,"source":"resources/customer-master.xlsx","source_hash":null,"tags":{"Environment":"000000000000-acme-dev","Name":"000000000000-acme-dev-customer-master","git_commit":"d68d2897add9bc2203a5ed0632a5cdd8ff8cefb0","git_file":"terraform/aws/s3.tf","git_last_modified_at":"2020-06-16 14:46:24","git_last_modified_by":"nimrodkor@gmail.com","git_modifiers":"nimrodkor","git_org":"bridgecrewio","git_repo":"terragoat","yor_trace":"a7f01cc7-63c2-41a8-8555-6665e5e39a64"},"tags_all":{"Environment":"000000000000-acme-dev","Name":"000000000000-acme-dev-customer-master","git_commit":"d68d2897add9bc2203a5ed0632a5cdd8ff8cefb0","git_file":"terraform/aws/s3.tf","git_last_modified_at":"2020-06-16 14:46:24","git_last_modified_by":"nimrodkor@gmail.com","git_modifiers":"nimrodkor","git_org":"bridgecrewio","git_repo":"terragoat","yor_trace":"a7f01cc7-63c2-41a8-8555-6665e5e39a64"},"website_redirect":null},"sensitive_values":{"tags":{},"tags_all":{}}},{"address":"aws_security_group.default","mode":"managed","type":"aws_security_group","name":"default","provider_name":"registry.terraform.io/hashicorp/aws","schema_version":1,"values":{"description":"Managed by Terraform","name":"000000000000-acme-dev-rds-sg","revoke_rules_on_delete":false,"tags":{"Environment":"000000000000-acme-dev","Name":"000000000000-acme-dev-rds-sg","git_commit":"d68d2897add9bc2203a5ed0632a5cdd8ff8cefb0","git_file":"terraform/aws/db-app.tf","git_last_modified_at":"2020-06-16 14:46:24","git_last_modified_by":"nimrodkor@gmail.com","git_modifiers":"nimrodkor","git_org":"bridgecrewio","git_repo":"terragoat","yor_trace":"7b251090-8ac1-4290-bd2e-bf3e16126430"},"tags_all":{"Environment":"000000000000-acme-dev","Name":"000000000000-acme-dev-rds-sg","git_commit":"d68d2897add9bc2203a5ed0632a5cdd8ff8cefb0","git_file":"terraform/aws/db-app.tf","git_last_modified_at":"2020-06-16 14:46:24","git_last_modified_by":"nimrodkor@gmail.com","git_modifiers":"nimrodkor","git_org":"bridgecrewio","git_repo":"terragoat","yor_trace":"7b251090-8ac1-4290-bd2e-bf3e16126430"},"timeouts":null},"sensitive_values":{"egress":[],"ingress":[],"tags":{},"tags_all":{}}},{"address":"aws_security_group.web-node","mode":"managed","type":"aws_security_group","name":"web-node","provider_name":"registry.terraform.io/hashicorp/aws","schema_version":1,"values":{"description":"000000000000-acme-dev Security Group","egress":[{"cidr_blocks":["0.0.0.0/0"],"description":"","from_port":0,"ipv6_cidr_blocks":[],"prefix_list_ids":[],"protocol":"-1","security_groups":[],"self":false,"to_port":0}],"ingress":[{"cidr_blocks":["0.0.0.0/0"],"description":"","from_port":22,"ipv6_cidr_blocks":[],"prefix_list_ids":[],"protocol":"tcp","security_groups":[],"self":false,"to_port":22},{"cidr_blocks":["0.0.0.0/0"],"description":"","from_port":80,"ipv6_cidr_blocks":[],"prefix_list_ids":[],"protocol":"tcp","security_groups":[],"self":false,"to_port":80}],"name":"000000000000-acme-dev-sg","revoke_rules_on_delete":false,"tags":{"git_commit":"d68d2897add9bc2203a5ed0632a5cdd8ff8cefb0","git_file":"terraform/aws/ec2.tf","git_last_modified_at":"2020-06-16 14:46:24","git_last_modified_by":"nimrodkor@gmail.com","git_modifiers":"nimrodkor","git_org":"bridgecrewio","git_repo":"terragoat","yor_trace":"b7af1b40-64eb-4519-a1a0-ab198db4b193"},"tags_all":{"git_commit":"d68d2897add9bc2203a5ed0632a5cdd8ff8cefb0","git_file":"terraform/aws/ec2.tf","git_last_modified_at":"2020-06-16 14:46:24","git_last_modified_by":"nimrodkor@gmail.com","git_modifiers":"nimrodkor","git_org":"bridgecrewio","git_repo":"terragoat","yor_trace":"b7af1b40-64eb-4519-a1a0-ab198db4b193"},"timeouts":null},"sensitive_values":{"egress":[{"cidr_blocks":[false],"ipv6_cidr_blocks":[],"prefix_list_ids":[],"security_groups":[]}],"ingress":[{"cidr_blocks":[false],"ipv6_cidr_blocks":[],"prefix_list_ids":[],"security_groups":[]},{"cidr_blocks":[false],"ipv6_cidr_blocks":[],"prefix_list_ids":[],"security_groups":[]}],"tags":{},"tags_all":{}}},{"address":"aws_security_group_rule.egress","mode":"managed","type":"aws_security_group_rule","name":"egress","provider_name":"registry.terraform.io/hashicorp/aws","schema_version":2,"values":{"cidr_blocks":["0.0.0.0/0"],"description":null,"from_port":0,"ipv6_cidr_blocks":null,"prefix_list_ids":null,"protocol":"-1","self":false,"to_port":0,"type":"egress"},"sensitive_values":{"cidr_blocks":[false]}},{"address":"aws_security_group_rule.ingress","mode":"managed","type":"aws_security_group_rule","name":"ingress","provider_name":"registry.terraform.io/hashicorp/aws","schema_version":2,"values":{"cidr_blocks":["172.16.0.0/16"],"description":null,"from_port":3306,"ipv6_cidr_blocks":null,"prefix_list_ids":null,"protocol":"tcp","self":false,"to_port":3306,"type":"ingress"},"sensitive_values":{"cidr_blocks":[false]}},{"address":"aws_subnet.eks_subnet1","mode":"managed","type":"aws_subnet","name":"eks_subnet1","provider_name":"registry.terraform.io/hashicorp/aws","schema_version":1,"values":{"assign_ipv6_address_on_creation":false,"availability_zone":"us-west-2a","cidr_block":"10.10.10.0/24","customer_owned_ipv4_pool":null,"ipv6_cidr_block":null,"map_customer_owned_ip_on_launch":null,"map_public_ip_on_launch":true,"outpost_arn":null,"tags":{"Name":"000000000000-acme-dev-eks-subnet","git_commit":"6e62522d2ab8f63740e53752b84a6e99cd65696a","git_file":"terraform/aws/eks.tf","git_last_modified_at":"2021-05-02 11:16:31","git_last_modified_by":"nimrodkor@gmail.com","git_modifiers":"nimrodkor","git_org":"bridgecrewio","git_repo":"terragoat","kubernetes.io/cluster/$$${local.eks_name.value}":"shared","kubernetes.io/cluster/$${local.eks_name.value}":"shared","kubernetes.io/cluster/${local.eks_name.value}":"shared","kubernetes.io/cluster/000000000000-acme-dev-eks":"shared","yor_trace":"1fb4fa23-a5d6-4d6a-b7dc-88749383f48d"},"tags_all":{"Name":"000000000000-acme-dev-eks-subnet","git_commit":"6e62522d2ab8f63740e53752b84a6e99cd65696a","git_file":"terraform/aws/eks.tf","git_last_modified_at":"2021-05-02 11:16:31","git_last_modified_by":"nimrodkor@gmail.com","git_modifiers":"nimrodkor","git_org":"bridgecrewio","git_repo":"terragoat","kubernetes.io/cluster/$$${local.eks_name.value}":"shared","kubernetes.io/cluster/$${local.eks_name.value}":"shared","kubernetes.io/cluster/${local.eks_name.value}":"shared","kubernetes.io/cluster/000000000000-acme-dev-eks":"shared","yor_trace":"1fb4fa23-a5d6-4d6a-b7dc-88749383f48d"},"timeouts":null},"sensitive_values":{"tags":{},"tags_all":{}}},{"address":"aws_subnet.eks_subnet2","mode":"managed","type":"aws_subnet","name":"eks_subnet2","provider_name":"registry.terraform.io/hashicorp/aws","schema_version":1,"values":{"assign_ipv6_address_on_creation":false,"availability_zone":"us-west-2b","cidr_block":"10.10.11.0/24","customer_owned_ipv4_pool":null,"ipv6_cidr_block":null,"map_customer_owned_ip_on_launch":null,"map_public_ip_on_launch":true,"outpost_arn":null,"tags":{"Name":"000000000000-acme-dev-eks-subnet2","git_commit":"6e62522d2ab8f63740e53752b84a6e99cd65696a","git_file":"terraform/aws/eks.tf","git_last_modified_at":"2021-05-02 11:16:31","git_last_modified_by":"nimrodkor@gmail.com","git_modifiers":"nimrodkor","git_org":"bridgecrewio","git_repo":"terragoat","kubernetes.io/cluster/$$${local.eks_name.value}":"shared","kubernetes.io/cluster/$${local.eks_name.value}":"shared","kubernetes.io/cluster/${local.eks_name.value}":"shared","kubernetes.io/cluster/000000000000-acme-dev-eks":"shared","yor_trace":"9ce04af2-5321-4e6c-a262-e4d7c1f69525"},"tags_all":{"Name":"000000000000-acme-dev-eks-subnet2","git_commit":"6e62522d2ab8f63740e53752b84a6e99cd65696a","git_file":"terraform/aws/eks.tf","git_last_modified_at":"2021-05-02 11:16:31","git_last_modified_by":"nimrodkor@gmail.com","git_modifiers":"nimrodkor","git_org":"bridgecrewio","git_repo":"terragoat","kubernetes.io/cluster/$$${local.eks_name.value}":"shared","kubernetes.io/cluster/$${local.eks_name.value}":"shared","kubernetes.io/cluster/${local.eks_name.value}":"shared","kubernetes.io/cluster/000000000000-acme-dev-eks":"shared","yor_trace":"9ce04af2-5321-4e6c-a262-e4d7c1f69525"},"timeouts":null},"sensitive_values":{"tags":{},"tags_all":{}}},{"address":"aws_subnet.web_subnet","mode":"managed","type":"aws_subnet","name":"web_subnet","provider_name":"registry.terraform.io/hashicorp/aws","schema_version":1,"values":{"assign_ipv6_address_on_creation":false,"availability_zone":"us-west-2a","cidr_block":"172.16.10.0/24","customer_owned_ipv4_pool":null,"ipv6_cidr_block":null,"map_customer_owned_ip_on_launch":null,"map_public_ip_on_launch":true,"outpost_arn":null,"tags":{"Name":"000000000000-acme-dev-subnet","git_commit":"6e62522d2ab8f63740e53752b84a6e99cd65696a","git_file":"terraform/aws/ec2.tf","git_last_modified_at":"2021-05-02 11:16:31","git_last_modified_by":"nimrodkor@gmail.com","git_modifiers":"nimrodkor","git_org":"bridgecrewio","git_repo":"terragoat","yor_trace":"0345f650-d280-4ca8-86c9-c71c38c0eda8"},"tags_all":{"Name":"000000000000-acme-dev-subnet","git_commit":"6e62522d2ab8f63740e53752b84a6e99cd65696a","git_file":"terraform/aws/ec2.tf","git_last_modified_at":"2021-05-02 11:16:31","git_last_modified_by":"nimrodkor@gmail.com","git_modifiers":"nimrodkor","git_org":"bridgecrewio","git_repo":"terragoat","yor_trace":"0345f650-d280-4ca8-86c9-c71c38c0eda8"},"timeouts":null},"sensitive_values":{"tags":{},"tags_all":{}}},{"address":"aws_subnet.web_subnet2","mode":"managed","type":"aws_subnet","name":"web_subnet2","provider_name":"registry.terraform.io/hashicorp/aws","schema_version":1,"values":{"assign_ipv6_address_on_creation":false,"availability_zone":"us-west-2b","cidr_block":"172.16.11.0/24","customer_owned_ipv4_pool":null,"ipv6_cidr_block":null,"map_customer_owned_ip_on_launch":null,"map_public_ip_on_launch":true,"outpost_arn":null,"tags":{"Name":"000000000000-acme-dev-subnet2","git_commit":"6e62522d2ab8f63740e53752b84a6e99cd65696a","git_file":"terraform/aws/ec2.tf","git_last_modified_at":"2021-05-02 11:16:31","git_last_modified_by":"nimrodkor@gmail.com","git_modifiers":"nimrodkor","git_org":"bridgecrewio","git_repo":"terragoat","yor_trace":"224af03a-00e0-4981-be30-14965833c2db"},"tags_all":{"Name":"000000000000-acme-dev-subnet2","git_commit":"6e62522d2ab8f63740e53752b84a6e99cd65696a","git_file":"terraform/aws/ec2.tf","git_last_modified_at":"2021-05-02 11:16:31","git_last_modified_by":"nimrodkor@gmail.com","git_modifiers":"nimrodkor","git_org":"bridgecrewio","git_repo":"terragoat","yor_trace":"224af03a-00e0-4981-be30-14965833c2db"},"timeouts":null},"sensitive_values":{"tags":{},"tags_all":{}}},{"address":"aws_volume_attachment.ebs_att","mode":"managed","type":"aws_volume_attachment","name":"ebs_att","provider_name":"registry.terraform.io/hashicorp/aws","schema_version":0,"values":{"device_name":"/dev/sdh","force_detach":null,"skip_destroy":null},"sensitive_values":{}},{"address":"aws_vpc.eks_vpc","mode":"managed","type":"aws_vpc","name":"eks_vpc","provider_name":"registry.terraform.io/hashicorp/aws","schema_version":1,"values":{"assign_generated_ipv6_cidr_block":false,"cidr_block":"10.10.0.0/16","enable_dns_hostnames":true,"enable_dns_support":true,"instance_tenancy":"default","tags":{"Name":"000000000000-acme-dev-eks-vpc","git_commit":"d68d2897add9bc2203a5ed0632a5cdd8ff8cefb0","git_file":"terraform/aws/eks.tf","git_last_modified_at":"2020-06-16 14:46:24","git_last_modified_by":"nimrodkor@gmail.com","git_modifiers":"nimrodkor","git_org":"bridgecrewio","git_repo":"terragoat","yor_trace":"1600ca6c-72f6-45c0-a71d-88e117e51d6b"},"tags_all":{"Name":"000000000000-acme-dev-eks-vpc","git_commit":"d68d2897add9bc2203a5ed0632a5cdd8ff8cefb0","git_file":"terraform/aws/eks.tf","git_last_modified_at":"2020-06-16 14:46:24","git_last_modified_by":"nimrodkor@gmail.com","git_modifiers":"nimrodkor","git_org":"bridgecrewio","git_repo":"terragoat","yor_trace":"1600ca6c-72f6-45c0-a71d-88e117e51d6b"}},"sensitive_values":{"tags":{},"tags_all":{}}},{"address":"aws_vpc.web_vpc","mode":"managed","type":"aws_vpc","name":"web_vpc","provider_name":"registry.terraform.io/hashicorp/aws","schema_version":1,"values":{"assign_generated_ipv6_cidr_block":false,"cidr_block":"172.16.0.0/16","enable_dns_hostnames":true,"enable_dns_support":true,"instance_tenancy":"default","tags":{"Name":"000000000000-acme-dev-vpc","git_commit":"d68d2897add9bc2203a5ed0632a5cdd8ff8cefb0","git_file":"terraform/aws/ec2.tf","git_last_modified_at":"2020-06-16 14:46:24","git_last_modified_by":"nimrodkor@gmail.com","git_modifiers":"nimrodkor","git_org":"bridgecrewio","git_repo":"terragoat","yor_trace":"9bf2359b-952e-4570-9595-52eba4c20473"},"tags_all":{"Name":"000000000000-acme-dev-vpc","git_commit":"d68d2897add9bc2203a5ed0632a5cdd8ff8cefb0","git_file":"terraform/aws/ec2.tf","git_last_modified_at":"2020-06-16 14:46:24","git_last_modified_by":"nimrodkor@gmail.com","git_modifiers":"nimrodkor","git_org":"bridgecrewio","git_repo":"terragoat","yor_trace":"9bf2359b-952e-4570-9595-52eba4c20473"}},"sensitive_values":{"tags":{},"tags_all":{}}},{"address":"null_resource.push_image","mode":"managed","type":"null_resource","name":"push_image","provider_name":"registry.terraform.io/hashicorp/null","schema_version":0,"values":{"triggers":null},"sensitive_values":{}}]}},"resource_changes":[{"address":"aws_db_instance.default","mode":"managed","type":"aws_db_instance","name":"default","provider_name":"registry.terraform.io/hashicorp/aws","change":{"actions":["create"],"before":null,"after":{"allocated_storage":20,"allow_major_version_upgrade":null,"apply_immediately":true,"auto_minor_version_upgrade":true,"backup_retention_period":0,"copy_tags_to_snapshot":false,"db_subnet_group_name":"sg-000000000000-acme-dev","delete_automated_backups":true,"deletion_protection":null,"domain":null,"domain_iam_role_name":null,"enabled_cloudwatch_logs_exports":null,"engine":"mysql","engine_version":"8.0","final_snapshot_identifier":null,"iam_database_authentication_enabled":null,"identifier":"rds-000000000000-acme-dev","instance_class":"db.t3.micro","iops":null,"max_allocated_storage":null,"monitoring_interval":0,"multi_az":false,"name":"db1","option_group_name":"og-000000000000-acme-dev","parameter_group_name":"pg-000000000000-acme-dev","password":"Aa1234321Bb","performance_insights_enabled":false,"publicly_accessible":true,"replicate_source_db":null,"restore_to_point_in_time":[],"s3_import":[],"security_group_names":null,"skip_final_snapshot":true,"storage_encrypted":false,"tags":{"Environment":"000000000000-acme-dev","Name":"000000000000-acme-dev-rds","git_commit":"d68d2897add9bc2203a5ed0632a5cdd8ff8cefb0","git_file":"terraform/aws/db-app.tf","git_last_modified_at":"2020-06-16 14:46:24","git_last_modified_by":"nimrodkor@gmail.com","git_modifiers":"nimrodkor","git_org":"bridgecrewio","git_repo":"terragoat","yor_trace":"47c13290-c2ce-48a7-b666-1b0085effb92"},"tags_all":{"Environment":"000000000000-acme-dev","Name":"000000000000-acme-dev-rds","git_commit":"d68d2897add9bc2203a5ed0632a5cdd8ff8cefb0","git_file":"terraform/aws/db-app.tf","git_last_modified_at":"2020-06-16 14:46:24","git_last_modified_by":"nimrodkor@gmail.com","git_modifiers":"nimrodkor","git_org":"bridgecrewio","git_repo":"terragoat","yor_trace":"47c13290-c2ce-48a7-b666-1b0085effb92"},"timeouts":null,"username":"admin"},"after_unknown":{"address":true,"arn":true,"availability_zone":true,"backup_window":true,"ca_cert_identifier":true,"character_set_name":true,"endpoint":true,"hosted_zone_id":true,"id":true,"identifier_prefix":true,"kms_key_id":true,"latest_restorable_time":true,"license_model":true,"maintenance_window":true,"monitoring_role_arn":true,"performance_insights_kms_key_id":true,"performance_insights_retention_period":true,"port":true,"replicas":true,"resource_id":true,"restore_to_point_in_time":[],"s3_import":[],"snapshot_identifier":true,"status":true,"storage_type":true,"tags":{},"tags_all":{},"timezone":true,"vpc_security_group_ids":true},"before_sensitive":false,"after_sensitive":{"password":true,"replicas":[],"restore_to_point_in_time":[],"s3_import":[],"tags":{},"tags_all":{},"vpc_security_group_ids":[]}}},{"address":"aws_db_option_group.default","mode":"managed","type":"aws_db_option_group","name":"default","provider_name":"registry.terraform.io/hashicorp/aws","change":{"actions":["create"],"before":null,"after":{"engine_name":"mysql","major_engine_version":"8.0","name":"og-000000000000-acme-dev","option":[],"option_group_description":"Terraform OG","tags":{"Environment":"000000000000-acme-dev","Name":"000000000000-acme-dev-og","git_commit":"d68d2897add9bc2203a5ed0632a5cdd8ff8cefb0","git_file":"terraform/aws/db-app.tf","git_last_modified_at":"2020-06-16 14:46:24","git_last_modified_by":"nimrodkor@gmail.com","git_modifiers":"nimrodkor","git_org":"bridgecrewio","git_repo":"terragoat","yor_trace":"c8076043-5de7-4203-9a1c-b4e61900628a"},"tags_all":{"Environment":"000000000000-acme-dev","Name":"000000000000-acme-dev-og","git_commit":"d68d2897add9bc2203a5ed0632a5cdd8ff8cefb0","git_file":"terraform/aws/db-app.tf","git_last_modified_at":"2020-06-16 14:46:24","git_last_modified_by":"nimrodkor@gmail.com","git_modifiers":"nimrodkor","git_org":"bridgecrewio","git_repo":"terragoat","yor_trace":"c8076043-5de7-4203-9a1c-b4e61900628a"},"timeouts":null},"after_unknown":{"arn":true,"id":true,"name_prefix":true,"option":[],"tags":{},"tags_all":{}},"before_sensitive":false,"after_sensitive":{"option":[],"tags":{},"tags_all":{}}}},{"address":"aws_db_parameter_group.default","mode":"managed","type":"aws_db_parameter_group","name":"default","provider_name":"registry.terraform.io/hashicorp/aws","change":{"actions":["create"],"before":null,"after":{"description":"Terraform PG","family":"mysql8.0","name":"pg-000000000000-acme-dev","parameter":[{"apply_method":"immediate","name":"character_set_client","value":"utf8"},{"apply_method":"immediate","name":"character_set_server","value":"utf8"}],"tags":{"Environment":"000000000000-acme-dev","Name":"000000000000-acme-dev-pg","git_commit":"d68d2897add9bc2203a5ed0632a5cdd8ff8cefb0","git_file":"terraform/aws/db-app.tf","git_last_modified_at":"2020-06-16 14:46:24","git_last_modified_by":"nimrodkor@gmail.com","git_modifiers":"nimrodkor","git_org":"bridgecrewio","git_repo":"terragoat","yor_trace":"6432b3f9-3f45-4463-befc-2e0f2fbdffc1"},"tags_all":{"Environment":"000000000000-acme-dev","Name":"000000000000-acme-dev-pg","git_commit":"d68d2897add9bc2203a5ed0632a5cdd8ff8cefb0","git_file":"terraform/aws/db-app.tf","git_last_modified_at":"2020-06-16 14:46:24","git_last_modified_by":"nimrodkor@gmail.com","git_modifiers":"nimrodkor","git_org":"bridgecrewio","git_repo":"terragoat","yor_trace":"6432b3f9-3f45-4463-befc-2e0f2fbdffc1"}},"after_unknown":{"arn":true,"id":true,"name_prefix":true,"parameter":[{},{}],"tags":{},"tags_all":{}},"before_sensitive":false,"after_sensitive":{"parameter":[{},{}],"tags":{},"tags_all":{}}}},{"address":"aws_db_subnet_group.default","mode":"managed","type":"aws_db_subnet_group","name":"default","provider_name":"registry.terraform.io/hashicorp/aws","change":{"actions":["create"],"before":null,"after":{"description":"Terraform DB Subnet Group","name":"sg-000000000000-acme-dev","tags":{"Environment":"000000000000-acme-dev","Name":"sg-000000000000-acme-dev","git_commit":"d68d2897add9bc2203a5ed0632a5cdd8ff8cefb0","git_file":"terraform/aws/db-app.tf","git_last_modified_at":"2020-06-16 14:46:24","git_last_modified_by":"nimrodkor@gmail.com","git_modifiers":"nimrodkor","git_org":"bridgecrewio","git_repo":"terragoat","yor_trace":"b8368249-50c5-4a24-bdb0-9f83d197b11c"},"tags_all":{"Environment":"000000000000-acme-dev","Name":"sg-000000000000-acme-dev","git_commit":"d68d2897add9bc2203a5ed0632a5cdd8ff8cefb0","git_file":"terraform/aws/db-app.tf","git_last_modified_at":"2020-06-16 14:46:24","git_last_modified_by":"nimrodkor@gmail.com","git_modifiers":"nimrodkor","git_org":"bridgecrewio","git_repo":"terragoat","yor_trace":"b8368249-50c5-4a24-bdb0-9f83d197b11c"}},"after_unknown":{"arn":true,"id":true,"name_prefix":true,"subnet_ids":true,"tags":{},"tags_all":{}},"before_sensitive":false,"after_sensitive":{"subnet_ids":[],"tags":{},"tags_all":{}}}},{"address":"aws_ebs_snapshot.example_snapshot","mode":"managed","type":"aws_ebs_snapshot","name":"example_snapshot","provider_name":"registry.terraform.io/hashicorp/aws","change":{"actions":["create"],"before":null,"after":{"description":"000000000000-acme-dev-ebs-snapshot","tags":{"Name":"000000000000-acme-dev-ebs-snapshot","git_commit":"d68d2897add9bc2203a5ed0632a5cdd8ff8cefb0","git_file":"terraform/aws/ec2.tf","git_last_modified_at":"2020-06-16 14:46:24","git_last_modified_by":"nimrodkor@gmail.com","git_modifiers":"nimrodkor","git_org":"bridgecrewio","git_repo":"terragoat","yor_trace":"c1008080-ec2f-4512-a0d0-2e9330aa58f0"},"tags_all":{"Name":"000000000000-acme-dev-ebs-snapshot","git_commit":"d68d2897add9bc2203a5ed0632a5cdd8ff8cefb0","git_file":"terraform/aws/ec2.tf","git_last_modified_at":"2020-06-16 14:46:24","git_last_modified_by":"nimrodkor@gmail.com","git_modifiers":"nimrodkor","git_org":"bridgecrewio","git_repo":"terragoat","yor_trace":"c1008080-ec2f-4512-a0d0-2e9330aa58f0"},"timeouts":null},"after_unknown":{"arn":true,"data_encryption_key_id":true,"encrypted":true,"id":true,"kms_key_id":true,"owner_alias":true,"owner_id":true,"tags":{},"tags_all":{},"volume_id":true,"volume_size":true},"before_sensitive":false,"after_sensitive":{"tags":{},"tags_all":{}}}},{"address":"aws_ebs_volume.web_host_storage","mode":"managed","type":"aws_ebs_volume","name":"web_host_storage","provider_name":"registry.terraform.io/hashicorp/aws","change":{"actions":["create"],"before":null,"after":{"availability_zone":"us-west-2a","multi_attach_enabled":null,"outpost_arn":null,"size":1,"tags":{"Name":"000000000000-acme-dev-ebs","git_commit":"6e62522d2ab8f63740e53752b84a6e99cd65696a","git_file":"terraform/aws/ec2.tf","git_last_modified_at":"2021-05-02 11:16:31","git_last_modified_by":"nimrodkor@gmail.com","git_modifiers":"nimrodkor","git_org":"bridgecrewio","git_repo":"terragoat","yor_trace":"c5509daf-10f0-46af-9e03-41989212521d"},"tags_all":{"Name":"000000000000-acme-dev-ebs","git_commit":"6e62522d2ab8f63740e53752b84a6e99cd65696a","git_file":"terraform/aws/ec2.tf","git_last_modified_at":"2021-05-02 11:16:31","git_last_modified_by":"nimrodkor@gmail.com","git_modifiers":"nimrodkor","git_org":"bridgecrewio","git_repo":"terragoat","yor_trace":"c5509daf-10f0-46af-9e03-41989212521d"}},"after_unknown":{"arn":true,"encrypted":true,"id":true,"iops":true,"kms_key_id":true,"snapshot_id":true,"tags":{},"tags_all":{},"throughput":true,"type":true},"before_sensitive":false,"after_sensitive":{"tags":{},"tags_all":{}}}},{"address":"aws_ecr_repository.repository","mode":"managed","type":"aws_ecr_repository","name":"repository","provider_name":"registry.terraform.io/hashicorp/aws","change":{"actions":["create"],"before":null,"after":{"encryption_configuration":[],"image_scanning_configuration":[],"image_tag_mutability":"MUTABLE","name":"000000000000-acme-dev-repository","tags":{"Name":"000000000000-acme-dev-repository","git_commit":"d68d2897add9bc2203a5ed0632a5cdd8ff8cefb0","git_file":"terraform/aws/ecr.tf","git_last_modified_at":"2020-06-16 14:46:24","git_last_modified_by":"nimrodkor@gmail.com","git_modifiers":"nimrodkor","git_org":"bridgecrewio","git_repo":"terragoat","yor_trace":"7a3ec657-fa54-4aa2-8467-5d08d6c90bc2"},"tags_all":{"Name":"000000000000-acme-dev-repository","git_commit":"d68d2897add9bc2203a5ed0632a5cdd8ff8cefb0","git_file":"terraform/aws/ecr.tf","git_last_modified_at":"2020-06-16 14:46:24","git_last_modified_by":"nimrodkor@gmail.com","git_modifiers":"nimrodkor","git_org":"bridgecrewio","git_repo":"terragoat","yor_trace":"7a3ec657-fa54-4aa2-8467-5d08d6c90bc2"},"timeouts":null},"after_unknown":{"arn":true,"encryption_configuration":[],"id":true,"image_scanning_configuration":[],"registry_id":true,"repository_url":true,"tags":{},"tags_all":{}},"before_sensitive":false,"after_sensitive":{"encryption_configuration":[],"image_scanning_configuration":[],"tags":{},"tags_all":{}}}},{"address":"aws_eks_cluster.eks_cluster","mode":"managed","type":"aws_eks_cluster","name":"eks_cluster","provider_name":"registry.terraform.io/hashicorp/aws","change":{"actions":["create"],"before":null,"after":{"enabled_cluster_log_types":null,"encryption_config":[],"name":"000000000000-acme-dev-eks","tags":{"git_commit":"d68d2897add9bc2203a5ed0632a5cdd8ff8cefb0","git_file":"terraform/aws/eks.tf","git_last_modified_at":"2020-06-16 14:46:24","git_last_modified_by":"nimrodkor@gmail.com","git_modifiers":"nimrodkor","git_org":"bridgecrewio","git_repo":"terragoat","yor_trace":"7fa14261-c18d-4fa2-aec4-746f6e64d2d3"},"tags_all":{"git_commit":"d68d2897add9bc2203a5ed0632a5cdd8ff8cefb0","git_file":"terraform/aws/eks.tf","git_last_modified_at":"2020-06-16 14:46:24","git_last_modified_by":"nimrodkor@gmail.com","git_modifiers":"nimrodkor","git_org":"bridgecrewio","git_repo":"terragoat","yor_trace":"7fa14261-c18d-4fa2-aec4-746f6e64d2d3"},"timeouts":null,"vpc_config":[{"endpoint_private_access":true,"endpoint_public_access":true,"security_group_ids":null}]},"after_unknown":{"arn":true,"certificate_authority":true,"created_at":true,"encryption_config":[],"endpoint":true,"id":true,"identity":true,"kubernetes_network_config":true,"platform_version":true,"role_arn":true,"status":true,"tags":{},"tags_all":{},"version":true,"vpc_config":[{"cluster_security_group_id":true,"public_access_cidrs":true,"subnet_ids":true,"vpc_id":true}]},"before_sensitive":false,"after_sensitive":{"certificate_authority":[],"encryption_config":[],"identity":[],"kubernetes_network_config":[],"tags":{},"tags_all":{},"vpc_config":[{"public_access_cidrs":[],"subnet_ids":[]}]}}},{"address":"aws_elasticsearch_domain.monitoring-framework","mode":"managed","type":"aws_elasticsearch_domain","name":"monitoring-framework","provider_name":"registry.terraform.io/hashicorp/aws","change":{"actions":["create"],"before":null,"after":{"cluster_config":[{"dedicated_master_count":null,"dedicated_master_enabled":false,"dedicated_master_type":null,"instance_count":1,"instance_type":"t2.small.elasticsearch","warm_count":null,"warm_enabled":null,"warm_type":null,"zone_awareness_config":[],"zone_awareness_enabled":null}],"cognito_options":[],"domain_name":"tg-dev-es","ebs_options":[{"ebs_enabled":true,"iops":null,"volume_size":30}],"elasticsearch_version":"2.3","log_publishing_options":[],"snapshot_options":[],"tags":{"git_commit":"d68d2897add9bc2203a5ed0632a5cdd8ff8cefb0","git_file":"terraform/aws/es.tf","git_last_modified_at":"2020-06-16 14:46:24","git_last_modified_by":"nimrodkor@gmail.com","git_modifiers":"nimrodkor","git_org":"bridgecrewio","git_repo":"terragoat","yor_trace":"95131dec-d7c9-49bb-9aff-eb0e2736603b"},"tags_all":{"git_commit":"d68d2897add9bc2203a5ed0632a5cdd8ff8cefb0","git_file":"terraform/aws/es.tf","git_last_modified_at":"2020-06-16 14:46:24","git_last_modified_by":"nimrodkor@gmail.com","git_modifiers":"nimrodkor","git_org":"bridgecrewio","git_repo":"terragoat","yor_trace":"95131dec-d7c9-49bb-9aff-eb0e2736603b"},"timeouts":null,"vpc_options":[]},"after_unknown":{"access_policies":true,"advanced_options":true,"advanced_security_options":true,"arn":true,"cluster_config":[{"zone_awareness_config":[]}],"cognito_options":[],"domain_endpoint_options":true,"domain_id":true,"ebs_options":[{"volume_type":true}],"encrypt_at_rest":true,"endpoint":true,"id":true,"kibana_endpoint":true,"log_publishing_options":[],"node_to_node_encryption":true,"snapshot_options":[],"tags":{},"tags_all":{},"vpc_options":[]},"before_sensitive":false,"after_sensitive":{"advanced_options":{},"advanced_security_options":[],"cluster_config":[{"zone_awareness_config":[]}],"cognito_options":[],"domain_endpoint_options":[],"ebs_options":[{}],"encrypt_at_rest":[],"log_publishing_options":[],"node_to_node_encryption":[],"snapshot_options":[],"tags":{},"tags_all":{},"vpc_options":[]}}},{"address":"aws_elasticsearch_domain_policy.monitoring-framework-policy","mode":"managed","type":"aws_elasticsearch_domain_policy","name":"monitoring-framework-policy","provider_name":"registry.terraform.io/hashicorp/aws","change":{"actions":["create"],"before":null,"after":{"access_policies":"{\n  \"Version\": \"2012-10-17\",\n  \"Statement\": [\n    {\n      \"Sid\": \"\",\n      \"Effect\": \"Allow\",\n      \"Action\": \"es:*\",\n      \"Resource\": \"*\",\n      \"Principal\": {\n        \"AWS\": \"*\"\n      }\n    }\n  ]\n}","domain_name":"tg-dev-es"},"after_unknown":{"id":true},"before_sensitive":false,"after_sensitive":{}}},{"address":"aws_elb.weblb","mode":"managed","type":"aws_elb","name":"weblb","provider_name":"registry.terraform.io/hashicorp/aws","change":{"actions":["create"],"before":null,"after":{"access_logs":[],"connection_draining":true,"connection_draining_timeout":400,"cross_zone_load_balancing":true,"health_check":[{"healthy_threshold":2,"interval":30,"target":"HTTP:8000/","timeout":3,"unhealthy_threshold":2}],"idle_timeout":400,"listener":[{"instance_port":8000,"instance_protocol":"http","lb_port":80,"lb_protocol":"http","ssl_certificate_id":""}],"name":"weblb-terraform-elb","name_prefix":null,"tags":{"Name":"foobar-terraform-elb","git_commit":"d68d2897add9bc2203a5ed0632a5cdd8ff8cefb0","git_file":"terraform/aws/elb.tf","git_last_modified_at":"2020-06-16 14:46:24","git_last_modified_by":"nimrodkor@gmail.com","git_modifiers":"nimrodkor","git_org":"bridgecrewio","git_repo":"terragoat","yor_trace":"b4a83ce9-9a45-43b4-b6d9-1783c282f702"},"tags_all":{"Name":"foobar-terraform-elb","git_commit":"d68d2897add9bc2203a5ed0632a5cdd8ff8cefb0","git_file":"terraform/aws/elb.tf","git_last_modified_at":"2020-06-16 14:46:24","git_last_modified_by":"nimrodkor@gmail.com","git_modifiers":"nimrodkor","git_org":"bridgecrewio","git_repo":"terragoat","yor_trace":"b4a83ce9-9a45-43b4-b6d9-1783c282f702"}},"after_unknown":{"access_logs":[],"arn":true,"availability_zones":true,"dns_name":true,"health_check":[{}],"id":true,"instances":true,"internal":true,"listener":[{}],"security_groups":true,"source_security_group":true,"source_security_group_id":true,"subnets":true,"tags":{},"tags_all":{},"zone_id":true},"before_sensitive":false,"after_sensitive":{"access_logs":[],"availability_zones":[],"health_check":[{}],"instances":[],"listener":[{}],"security_groups":[],"subnets":[],"tags":{},"tags_all":{}}}},{"address":"aws_flow_log.vpcflowlogs","mode":"managed","type":"aws_flow_log","name":"vpcflowlogs","provider_name":"registry.terraform.io/hashicorp/aws","change":{"actions":["create"],"before":null,"after":{"eni_id":null,"iam_role_arn":null,"log_destination_type":"s3","max_aggregation_interval":600,"subnet_id":null,"tags":{"Environment":"000000000000-acme-dev","Name":"000000000000-acme-dev-flowlogs","git_commit":"d68d2897add9bc2203a5ed0632a5cdd8ff8cefb0","git_file":"terraform/aws/ec2.tf","git_last_modified_at":"2020-06-16 14:46:24","git_last_modified_by":"nimrodkor@gmail.com","git_modifiers":"nimrodkor","git_org":"bridgecrewio","git_repo":"terragoat","yor_trace":"6808d4b7-45bc-4d1d-9523-96757a3add3a"},"tags_all":{"Environment":"000000000000-acme-dev","Name":"000000000000-acme-dev-flowlogs","git_commit":"d68d2897add9bc2203a5ed0632a5cdd8ff8cefb0","git_file":"terraform/aws/ec2.tf","git_last_modified_at":"2020-06-16 14:46:24","git_last_modified_by":"nimrodkor@gmail.com","git_modifiers":"nimrodkor","git_org":"bridgecrewio","git_repo":"terragoat","yor_trace":"6808d4b7-45bc-4d1d-9523-96757a3add3a"},"traffic_type":"ALL"},"after_unknown":{"arn":true,"id":true,"log_destination":true,"log_format":true,"log_group_name":true,"tags":{},"tags_all":{},"vpc_id":true},"before_sensitive":false,"after_sensitive":{"tags":{},"tags_all":{}}}},{"address":"aws_iam_access_key.user","mode":"managed","type":"aws_iam_access_key","name":"user","provider_name":"registry.terraform.io/hashicorp/aws","change":{"actions":["create"],"before":null,"after":{"pgp_key":null,"status":"Active","user":"000000000000-acme-dev-user"},"after_unknown":{"create_date":true,"encrypted_secret":true,"encrypted_ses_smtp_password_v4":true,"id":true,"key_fingerprint":true,"secret":true,"ses_smtp_password_v4":true},"before_sensitive":false,"after_sensitive":{"secret":true,"ses_smtp_password_v4":true}}},{"address":"aws_iam_instance_profile.ec2profile","mode":"managed","type":"aws_iam_instance_profile","name":"ec2profile","provider_name":"registry.terraform.io/hashicorp/aws","change":{"actions":["create"],"before":null,"after":{"name":"000000000000-acme-dev-profile","name_prefix":null,"path":"/","role":"000000000000-acme-dev-role","tags":{"git_commit":"d68d2897add9bc2203a5ed0632a5cdd8ff8cefb0","git_file":"terraform/aws/db-app.tf","git_last_modified_at":"2020-06-16 14:46:24","git_last_modified_by":"nimrodkor@gmail.com","git_modifiers":"nimrodkor","git_org":"bridgecrewio","git_repo":"terragoat","yor_trace":"6d33b2b9-2dd3-4915-b5d4-283152c928f1"},"tags_all":{"git_commit":"d68d2897add9bc2203a5ed0632a5cdd8ff8cefb0","git_file":"terraform/aws/db-app.tf","git_last_modified_at":"2020-06-16 14:46:24","git_last_modified_by":"nimrodkor@gmail.com","git_modifiers":"nimrodkor","git_org":"bridgecrewio","git_repo":"terragoat","yor_trace":"6d33b2b9-2dd3-4915-b5d4-283152c928f1"}},"after_unknown":{"arn":true,"create_date":true,"id":true,"tags":{},"tags_all":{},"unique_id":true},"before_sensitive":false,"after_sensitive":{"tags":{},"tags_all":{}}}},{"address":"aws_iam_role.ec2role","mode":"managed","type":"aws_iam_role","name":"ec2role","provider_name":"registry.terraform.io/hashicorp/aws","change":{"actions":["create"],"before":null,"after":{"assume_role_policy":"{\n    \"Version\": \"2012-10-17\",\n    \"Statement\": [\n        {\n            \"Action\": \"sts:AssumeRole\",\n            \"Principal\": {\n               \"Service\": \"ec2.amazonaws.com\"\n            },\n            \"Effect\": \"Allow\",\n            \"Sid\": \"\"\n        }\n    ]\n}\n","description":null,"force_detach_policies":false,"max_session_duration":3600,"name":"000000000000-acme-dev-role","name_prefix":null,"path":"/","permissions_boundary":null,"tags":{"Environment":"000000000000-acme-dev","Name":"000000000000-acme-dev-role","git_commit":"d68d2897add9bc2203a5ed0632a5cdd8ff8cefb0","git_file":"terraform/aws/db-app.tf","git_last_modified_at":"2020-06-16 14:46:24","git_last_modified_by":"nimrodkor@gmail.com","git_modifiers":"nimrodkor","git_org":"bridgecrewio","git_repo":"terragoat","yor_trace":"d4b631c1-c1d0-4986-affb-fb8b94a6a7a5"},"tags_all":{"Environment":"000000000000-acme-dev","Name":"000000000000-acme-dev-role","git_commit":"d68d2897add9bc2203a5ed0632a5cdd8ff8cefb0","git_file":"terraform/aws/db-app.tf","git_last_modified_at":"2020-06-16 14:46:24","git_last_modified_by":"nimrodkor@gmail.com","git_modifiers":"nimrodkor","git_org":"bridgecrewio","git_repo":"terragoat","yor_trace":"d4b631c1-c1d0-4986-affb-fb8b94a6a7a5"}},"after_unknown":{"arn":true,"create_date":true,"id":true,"inline_policy":true,"managed_policy_arns":true,"tags":{},"tags_all":{},"unique_id":true},"before_sensitive":false,"after_sensitive":{"inline_policy":[],"managed_policy_arns":[],"tags":{},"tags_all":{}}}},{"address":"aws_iam_role.iam_for_eks","mode":"managed","type":"aws_iam_role","name":"iam_for_eks","provider_name":"registry.terraform.io/hashicorp/aws","change":{"actions":["create"],"before":null,"after":{"assume_role_policy":"{\n  \"Version\": \"2012-10-17\",\n  \"Statement\": [\n    {\n      \"Sid\": \"\",\n      \"Effect\": \"Allow\",\n      \"Action\": \"sts:AssumeRole\",\n      \"Principal\": {\n        \"Service\": \"eks.amazonaws.com\"\n      }\n    }\n  ]\n}","description":null,"force_detach_policies":false,"max_session_duration":3600,"name":"000000000000-acme-dev-iam-for-eks","name_prefix":null,"path":"/","permissions_boundary":null,"tags":{"git_commit":"d68d2897add9bc2203a5ed0632a5cdd8ff8cefb0","git_file":"terraform/aws/eks.tf","git_last_modified_at":"2020-06-16 14:46:24","git_last_modified_by":"nimrodkor@gmail.com","git_modifiers":"nimrodkor","git_org":"bridgecrewio","git_repo":"terragoat","yor_trace":"de052596-21a0-43de-8153-469add277b18"},"tags_all":{"git_commit":"d68d2897add9bc2203a5ed0632a5cdd8ff8cefb0","git_file":"terraform/aws/eks.tf","git_last_modified_at":"2020-06-16 14:46:24","git_last_modified_by":"nimrodkor@gmail.com","git_modifiers":"nimrodkor","git_org":"bridgecrewio","git_repo":"terragoat","yor_trace":"de052596-21a0-43de-8153-469add277b18"}},"after_unknown":{"arn":true,"create_date":true,"id":true,"inline_policy":true,"managed_policy_arns":true,"tags":{},"tags_all":{},"unique_id":true},"before_sensitive":false,"after_sensitive":{"inline_policy":[],"managed_policy_arns":[],"tags":{},"tags_all":{}}}},{"address":"aws_iam_role.iam_for_lambda","mode":"managed","type":"aws_iam_role","name":"iam_for_lambda","provider_name":"registry.terraform.io/hashicorp/aws","change":{"actions":["create"],"before":null,"after":{"assume_role_policy":"{\n  \"Version\": \"2012-10-17\",\n  \"Statement\": [\n    {\n      \"Action\": \"sts:AssumeRole\",\n      \"Principal\": {\n        \"Service\": \"lambda.amazonaws.com\"\n      },\n      \"Effect\": \"Allow\",\n      \"Sid\": \"\"\n    }\n  ]\n}\n","description":null,"force_detach_policies":false,"max_session_duration":3600,"name":"000000000000-acme-dev-analysis-lambda","name_prefix":null,"path":"/","permissions_boundary":null,"tags":{"git_commit":"d68d2897add9bc2203a5ed0632a5cdd8ff8cefb0","git_file":"terraform/aws/lambda.tf","git_last_modified_at":"2020-06-16 14:46:24","git_last_modified_by":"nimrodkor@gmail.com","git_modifiers":"nimrodkor","git_org":"bridgecrewio","git_repo":"terragoat","yor_trace":"93cfa6f9-a257-40c3-b7dc-3c3686929734"},"tags_all":{"git_commit":"d68d2897add9bc2203a5ed0632a5cdd8ff8cefb0","git_file":"terraform/aws/lambda.tf","git_last_modified_at":"2020-06-16 14:46:24","git_last_modified_by":"nimrodkor@gmail.com","git_modifiers":"nimrodkor","git_org":"bridgecrewio","git_repo":"terragoat","yor_trace":"93cfa6f9-a257-40c3-b7dc-3c3686929734"}},"after_unknown":{"arn":true,"create_date":true,"id":true,"inline_policy":true,"managed_policy_arns":true,"tags":{},"tags_all":{},"unique_id":true},"before_sensitive":false,"after_sensitive":{"inline_policy":[],"managed_policy_arns":[],"tags":{},"tags_all":{}}}},{"address":"aws_iam_role_policy.ec2policy","mode":"managed","type":"aws_iam_role_policy","name":"ec2policy","provider_name":"registry.terraform.io/hashicorp/aws","change":{"actions":["create"],"before":null,"after":{"name":"000000000000-acme-dev-policy","name_prefix":null,"policy":"{\n  \"Version\": \"2012-10-17\",\n  \"Statement\": [\n    {\n      \"Action\": [\n        \"s3:*\",\n        \"ec2:*\",\n        \"rds:*\"\n      ],\n      \"Effect\": \"Allow\",\n      \"Resource\": \"*\"\n    }\n  ]\n}\n"},"after_unknown":{"id":true,"role":true},"before_sensitive":false,"after_sensitive":{}}},{"address":"aws_iam_role_policy_attachment.policy_attachment-AmazonEKSClusterPolicy","mode":"managed","type":"aws_iam_role_policy_attachment","name":"policy_attachment-AmazonEKSClusterPolicy","provider_name":"registry.terraform.io/hashicorp/aws","change":{"actions":["create"],"before":null,"after":{"policy_arn":"arn:aws:iam::aws:policy/AmazonEKSClusterPolicy","role":"000000000000-acme-dev-iam-for-eks"},"after_unknown":{"id":true},"before_sensitive":false,"after_sensitive":{}}},{"address":"aws_iam_role_policy_attachment.policy_attachment-AmazonEKSServicePolicy","mode":"managed","type":"aws_iam_role_policy_attachment","name":"policy_attachment-AmazonEKSServicePolicy","provider_name":"registry.terraform.io/hashicorp/aws","change":{"actions":["create"],"before":null,"after":{"policy_arn":"arn:aws:iam::aws:policy/AmazonEKSServicePolicy","role":"000000000000-acme-dev-iam-for-eks"},"after_unknown":{"id":true},"before_sensitive":false,"after_sensitive":{}}},{"address":"aws_iam_user.user","mode":"managed","type":"aws_iam_user","name":"user","provider_name":"registry.terraform.io/hashicorp/aws","change":{"actions":["create"],"before":null,"after":{"force_destroy":true,"name":"000000000000-acme-dev-user","path":"/","permissions_boundary":null,"tags":{"Environment":"000000000000-acme-dev","Name":"000000000000-acme-dev-user","git_commit":"d68d2897add9bc2203a5ed0632a5cdd8ff8cefb0","git_file":"terraform/aws/iam.tf","git_last_modified_at":"2020-06-16 14:46:24","git_last_modified_by":"nimrodkor@gmail.com","git_modifiers":"nimrodkor","git_org":"bridgecrewio","git_repo":"terragoat","yor_trace":"9b45b298-c1ea-426a-9644-610780021eaa"},"tags_all":{"Environment":"000000000000-acme-dev","Name":"000000000000-acme-dev-user","git_commit":"d68d2897add9bc2203a5ed0632a5cdd8ff8cefb0","git_file":"terraform/aws/iam.tf","git_last_modified_at":"2020-06-16 14:46:24","git_last_modified_by":"nimrodkor@gmail.com","git_modifiers":"nimrodkor","git_org":"bridgecrewio","git_repo":"terragoat","yor_trace":"9b45b298-c1ea-426a-9644-610780021eaa"}},"after_unknown":{"arn":true,"id":true,"tags":{},"tags_all":{},"unique_id":true},"before_sensitive":false,"after_sensitive":{"tags":{},"tags_all":{}}}},{"address":"aws_iam_user_policy.userpolicy","mode":"managed","type":"aws_iam_user_policy","name":"userpolicy","provider_name":"registry.terraform.io/hashicorp/aws","change":{"actions":["create"],"before":null,"after":{"name":"excess_policy","name_prefix":null,"policy":"{\n  \"Version\": \"2012-10-17\",\n  \"Statement\": [\n    {\n      \"Action\": [\n        \"ec2:*\",\n        \"s3:*\",\n        \"lambda:*\",\n        \"cloudwatch:*\"\n      ],\n      \"Effect\": \"Allow\",\n      \"Resource\": \"*\"\n    }\n  ]\n}\n","user":"000000000000-acme-dev-user"},"after_unknown":{"id":true},"before_sensitive":false,"after_sensitive":{}}},{"address":"aws_instance.db_app","mode":"managed","type":"aws_instance","name":"db_app","provider_name":"registry.terraform.io/hashicorp/aws","change":{"actions":["create"],"before":null,"after":{"ami":"data.aws_ami.amazon-linux-2.id","credit_specification":[],"get_password_data":false,"hibernation":null,"iam_instance_profile":"000000000000-acme-dev-profile","instance_type":"t2.nano","launch_template":[],"source_dest_check":true,"tags":{"Name":"000000000000-acme-dev-dbapp","git_commit":"d68d2897add9bc2203a5ed0632a5cdd8ff8cefb0","git_file":"terraform/aws/db-app.tf","git_last_modified_at":"2020-06-16 14:46:24","git_last_modified_by":"nimrodkor@gmail.com","git_modifiers":"nimrodkor","git_org":"bridgecrewio","git_repo":"terragoat","yor_trace":"f7999d4e-c983-43ee-bd88-7903a6f8483e"},"tags_all":{"Name":"000000000000-acme-dev-dbapp","git_commit":"d68d2897add9bc2203a5ed0632a5cdd8ff8cefb0","git_file":"terraform/aws/db-app.tf","git_last_modified_at":"2020-06-16 14:46:24","git_last_modified_by":"nimrodkor@gmail.com","git_modifiers":"nimrodkor","git_org":"bridgecrewio","git_repo":"terragoat","yor_trace":"f7999d4e-c983-43ee-bd88-7903a6f8483e"},"timeouts":null,"volume_tags":null},"after_unknown":{"arn":true,"associate_public_ip_address":true,"availability_zone":true,"capacity_reservation_specification":true,"cpu_core_count":true,"cpu_threads_per_core":true,"credit_specification":[],"disable_api_termination":true,"ebs_block_device":true,"ebs_optimized":true,"enclave_options":true,"ephemeral_block_device":true,"host_id":true,"id":true,"instance_initiated_shutdown_behavior":true,"instance_state":true,"ipv6_address_count":true,"ipv6_addresses":true,"key_name":true,"launch_template":[],"metadata_options":true,"monitoring":true,"network_interface":true,"outpost_arn":true,"password_data":true,"placement_group":true,"primary_network_interface_id":true,"private_dns":true,"private_ip":true,"public_dns":true,"public_ip":true,"root_block_device":true,"secondary_private_ips":true,"security_groups":true,"subnet_id":true,"tags":{},"tags_all":{},"tenancy":true,"user_data":true,"user_data_base64":true,"vpc_security_group_ids":true},"before_sensitive":false,"after_sensitive":{"capacity_reservation_specification":[],"credit_specification":[],"ebs_block_device":[],"enclave_options":[],"ephemeral_block_device":[],"ipv6_addresses":[],"launch_template":[],"metadata_options":[],"network_interface":[],"root_block_device":[],"secondary_private_ips":[],"security_groups":[],"tags":{},"tags_all":{},"vpc_security_group_ids":[]}}},{"address":"aws_instance.web_host","mode":"managed","type":"aws_instance","name":"web_host","provider_name":"registry.terraform.io/hashicorp/aws","change":{"actions":["create"],"before":null,"after":{"ami":"ami-09a5b0b7edf08843d","credit_specification":[],"get_password_data":false,"hibernation":null,"iam_instance_profile":null,"instance_type":"t2.nano","launch_template":[],"source_dest_check":true,"tags":{"Name":"000000000000-acme-dev-ec2","git_commit":"d68d2897add9bc2203a5ed0632a5cdd8ff8cefb0","git_file":"terraform/aws/ec2.tf","git_last_modified_at":"2020-06-16 14:46:24","git_last_modified_by":"nimrodkor@gmail.com","git_modifiers":"nimrodkor","git_org":"bridgecrewio","git_repo":"terragoat","yor_trace":"347af3cd-4f70-4632-aca3-4d5e30ffc0b6"},"tags_all":{"Name":"000000000000-acme-dev-ec2","git_commit":"d68d2897add9bc2203a5ed0632a5cdd8ff8cefb0","git_file":"terraform/aws/ec2.tf","git_last_modified_at":"2020-06-16 14:46:24","git_last_modified_by":"nimrodkor@gmail.com","git_modifiers":"nimrodkor","git_org":"bridgecrewio","git_repo":"terragoat","yor_trace":"347af3cd-4f70-4632-aca3-4d5e30ffc0b6"},"timeouts":null,"user_data":"44c6c808e6449ee36dfcfc4ebd66c1b9634b40f2","volume_tags":null},"after_unknown":{"arn":true,"associate_public_ip_address":true,"availability_zone":true,"capacity_reservation_specification":true,"cpu_core_count":true,"cpu_threads_per_core":true,"credit_specification":[],"disable_api_termination":true,"ebs_block_device":true,"ebs_optimized":true,"enclave_options":true,"ephemeral_block_device":true,"host_id":true,"id":true,"instance_initiated_shutdown_behavior":true,"instance_state":true,"ipv6_address_count":true,"ipv6_addresses":true,"key_name":true,"launch_template":[],"metadata_options":true,"monitoring":true,"network_interface":true,"outpost_arn":true,"password_data":true,"placement_group":true,"primary_network_interface_id":true,"private_dns":true,"private_ip":true,"public_dns":true,"public_ip":true,"root_block_device":true,"secondary_private_ips":true,"security_groups":true,"subnet_id":true,"tags":{},"tags_all":{},"tenancy":true,"user_data_base64":true,"vpc_security_group_ids":true},"before_sensitive":false,"after_sensitive":{"capacity_reservation_specification":[],"credit_specification":[],"ebs_block_device":[],"enclave_options":[],"ephemeral_block_device":[],"ipv6_addresses":[],"launch_template":[],"metadata_options":[],"network_interface":[],"root_block_device":[],"secondary_private_ips":[],"security_groups":[],"tags":{},"tags_all":{},"vpc_security_group_ids":[]}}},{"address":"aws_internet_gateway.web_igw","mode":"managed","type":"aws_internet_gateway","name":"web_igw","provider_name":"registry.terraform.io/hashicorp/aws","change":{"actions":["create"],"before":null,"after":{"tags":{"Name":"000000000000-acme-dev-igw","git_commit":"d68d2897add9bc2203a5ed0632a5cdd8ff8cefb0","git_file":"terraform/aws/ec2.tf","git_last_modified_at":"2020-06-16 14:46:24","git_last_modified_by":"nimrodkor@gmail.com","git_modifiers":"nimrodkor","git_org":"bridgecrewio","git_repo":"terragoat","yor_trace":"d8e63cb4-2fb5-4726-9c86-5fd05ef03674"},"tags_all":{"Name":"000000000000-acme-dev-igw","git_commit":"d68d2897add9bc2203a5ed0632a5cdd8ff8cefb0","git_file":"terraform/aws/ec2.tf","git_last_modified_at":"2020-06-16 14:46:24","git_last_modified_by":"nimrodkor@gmail.com","git_modifiers":"nimrodkor","git_org":"bridgecrewio","git_repo":"terragoat","yor_trace":"d8e63cb4-2fb5-4726-9c86-5fd05ef03674"}},"after_unknown":{"arn":true,"id":true,"owner_id":true,"tags":{},"tags_all":{},"vpc_id":true},"before_sensitive":false,"after_sensitive":{"tags":{},"tags_all":{}}}},{"address":"aws_kms_alias.logs_key_alias","mode":"managed","type":"aws_kms_alias","name":"logs_key_alias","provider_name":"registry.terraform.io/hashicorp/aws","change":{"actions":["create"],"before":null,"after":{"name":"alias/000000000000-acme-dev-logs-bucket-key","name_prefix":null},"after_unknown":{"arn":true,"id":true,"target_key_arn":true,"target_key_id":true},"before_sensitive":false,"after_sensitive":{}}},{"address":"aws_kms_key.logs_key","mode":"managed","type":"aws_kms_key","name":"logs_key","provider_name":"registry.terraform.io/hashicorp/aws","change":{"actions":["create"],"before":null,"after":{"customer_master_key_spec":"SYMMETRIC_DEFAULT","deletion_window_in_days":7,"description":"000000000000-acme-dev-logs bucket key","enable_key_rotation":false,"is_enabled":true,"key_usage":"ENCRYPT_DECRYPT","tags":{"git_commit":"d68d2897add9bc2203a5ed0632a5cdd8ff8cefb0","git_file":"terraform/aws/kms.tf","git_last_modified_at":"2020-06-16 14:46:24","git_last_modified_by":"nimrodkor@gmail.com","git_modifiers":"nimrodkor","git_org":"bridgecrewio","git_repo":"terragoat","yor_trace":"cd8fa2a7-4868-4cd1-993d-da4644808ce5"},"tags_all":{"git_commit":"d68d2897add9bc2203a5ed0632a5cdd8ff8cefb0","git_file":"terraform/aws/kms.tf","git_last_modified_at":"2020-06-16 14:46:24","git_last_modified_by":"nimrodkor@gmail.com","git_modifiers":"nimrodkor","git_org":"bridgecrewio","git_repo":"terragoat","yor_trace":"cd8fa2a7-4868-4cd1-993d-da4644808ce5"}},"after_unknown":{"arn":true,"id":true,"key_id":true,"policy":true,"tags":{},"tags_all":{}},"before_sensitive":false,"after_sensitive":{"tags":{},"tags_all":{}}}},{"address":"aws_lambda_function.analysis_lambda","mode":"managed","type":"aws_lambda_function","name":"analysis_lambda","provider_name":"registry.terraform.io/hashicorp/aws","change":{"actions":["create"],"before":null,"after":{"code_signing_config_arn":null,"dead_letter_config":[],"description":null,"environment":[{"variables":{"access_key":"AKIAIOSFODNN7EXAMPLE","secret_key":"wJalrXUtnFEMI/K7MDENG/bPxRfiCYEXAMPLEKEY"}}],"file_system_config":[],"filename":"resources/lambda_function_payload.zip","function_name":"000000000000-acme-dev-analysis","handler":"exports.test","image_config":[],"image_uri":null,"kms_key_arn":null,"layers":null,"memory_size":128,"package_type":"Zip","publish":false,"reserved_concurrent_executions":-1,"runtime":"nodejs12.x","s3_bucket":null,"s3_key":null,"s3_object_version":null,"source_code_hash":"Fne61Y/F2pmVywaVqIYcztFMK3LNeMJKpWFNnxDdGTw=","tags":{"git_commit":"5c6b5d60a8aa63a5d37e60f15185d13a967f0542","git_file":"terraform/aws/lambda.tf","git_last_modified_at":"2021-05-02 10:06:10","git_last_modified_by":"nimrodkor@users.noreply.github.com","git_modifiers":"nimrodkor","git_org":"bridgecrewio","git_repo":"terragoat","yor_trace":"f7d8bc47-e5d9-4b09-9d8f-e7b9724d826e"},"tags_all":{"git_commit":"5c6b5d60a8aa63a5d37e60f15185d13a967f0542","git_file":"terraform/aws/lambda.tf","git_last_modified_at":"2021-05-02 10:06:10","git_last_modified_by":"nimrodkor@users.noreply.github.com","git_modifiers":"nimrodkor","git_org":"bridgecrewio","git_repo":"terragoat","yor_trace":"f7d8bc47-e5d9-4b09-9d8f-e7b9724d826e"},"timeout":3,"timeouts":null,"vpc_config":[]},"after_unknown":{"arn":true,"dead_letter_config":[],"environment":[{"variables":{}}],"file_system_config":[],"id":true,"image_config":[],"invoke_arn":true,"last_modified":true,"qualified_arn":true,"role":true,"signing_job_arn":true,"signing_profile_version_arn":true,"source_code_size":true,"tags":{},"tags_all":{},"tracing_config":true,"version":true,"vpc_config":[]},"before_sensitive":false,"after_sensitive":{"dead_letter_config":[],"environment":[{"variables":{}}],"file_system_config":[],"image_config":[],"tags":{},"tags_all":{},"tracing_config":[],"vpc_config":[]}}},{"address":"aws_neptune_cluster.default","mode":"managed","type":"aws_neptune_cluster","name":"default","provider_name":"registry.terraform.io/hashicorp/aws","change":{"actions":["create"],"before":null,"after":{"apply_immediately":true,"backup_retention_period":5,"cluster_identifier":"neptunedb1","copy_tags_to_snapshot":null,"deletion_protection":null,"enable_cloudwatch_logs_exports":null,"engine":"neptune","final_snapshot_identifier":null,"iam_database_authentication_enabled":false,"iam_roles":null,"neptune_cluster_parameter_group_name":"default.neptune1","port":8182,"preferred_backup_window":"07:00-09:00","replication_source_identifier":null,"skip_final_snapshot":true,"snapshot_identifier":null,"storage_encrypted":false,"tags":{"git_commit":"aa8fd16fd94cccf6af206e2f0922b5558f8ac514","git_file":"terraform/aws/neptune.tf","git_last_modified_at":"2020-08-21 19:14:35","git_last_modified_by":"matt@bridgecrew.io","git_modifiers":"matt","git_org":"bridgecrewio","git_repo":"terragoat","yor_trace":"0d4cbb85-73ed-4ca0-b1da-296e4185f34e"},"tags_all":{"git_commit":"aa8fd16fd94cccf6af206e2f0922b5558f8ac514","git_file":"terraform/aws/neptune.tf","git_last_modified_at":"2020-08-21 19:14:35","git_last_modified_by":"matt@bridgecrew.io","git_modifiers":"matt","git_org":"bridgecrewio","git_repo":"terragoat","yor_trace":"0d4cbb85-73ed-4ca0-b1da-296e4185f34e"},"timeouts":null},"after_unknown":{"arn":true,"availability_zones":true,"cluster_identifier_prefix":true,"cluster_members":true,"cluster_resource_id":true,"endpoint":true,"engine_version":true,"hosted_zone_id":true,"id":true,"kms_key_arn":true,"neptune_subnet_group_name":true,"preferred_maintenance_window":true,"reader_endpoint":true,"tags":{},"tags_all":{},"vpc_security_group_ids":true},"before_sensitive":false,"after_sensitive":{"availability_zones":[],"cluster_members":[],"tags":{},"tags_all":{},"vpc_security_group_ids":[]}}},{"address":"aws_neptune_cluster_instance.default[0]","mode":"managed","type":"aws_neptune_cluster_instance","name":"default","index":0,"provider_name":"registry.terraform.io/hashicorp/aws","change":{"actions":["create"],"before":null,"after":{"apply_immediately":true,"auto_minor_version_upgrade":true,"engine":"neptune","instance_class":"db.t3.medium","neptune_parameter_group_name":"default.neptune1","port":8182,"promotion_tier":0,"publicly_accessible":false,"tags":{"git_commit":"5c6b5d60a8aa63a5d37e60f15185d13a967f0542","git_file":"terraform/aws/neptune.tf","git_last_modified_at":"2021-05-02 10:06:10","git_last_modified_by":"nimrodkor@users.noreply.github.com","git_modifiers":"matt/nimrodkor","git_org":"bridgecrewio","git_repo":"terragoat","yor_trace":"9b2b45fd-6f9f-44fd-b8bc-868b1db178b3"},"tags_all":{"git_commit":"5c6b5d60a8aa63a5d37e60f15185d13a967f0542","git_file":"terraform/aws/neptune.tf","git_last_modified_at":"2021-05-02 10:06:10","git_last_modified_by":"nimrodkor@users.noreply.github.com","git_modifiers":"matt/nimrodkor","git_org":"bridgecrewio","git_repo":"terragoat","yor_trace":"9b2b45fd-6f9f-44fd-b8bc-868b1db178b3"},"timeouts":null},"after_unknown":{"address":true,"arn":true,"availability_zone":true,"cluster_identifier":true,"dbi_resource_id":true,"endpoint":true,"engine_version":true,"id":true,"identifier":true,"identifier_prefix":true,"kms_key_arn":true,"neptune_subnet_group_name":true,"preferred_backup_window":true,"preferred_maintenance_window":true,"storage_encrypted":true,"tags":{},"tags_all":{},"writer":true},"before_sensitive":false,"after_sensitive":{"tags":{},"tags_all":{}}}},{"address":"aws_neptune_cluster_snapshot.default","mode":"managed","type":"aws_neptune_cluster_snapshot","name":"default","provider_name":"registry.terraform.io/hashicorp/aws","change":{"actions":["create"],"before":null,"after":{"db_cluster_snapshot_identifier":"resourcetestsnapshot1","timeouts":null},"after_unknown":{"allocated_storage":true,"availability_zones":true,"db_cluster_identifier":true,"db_cluster_snapshot_arn":true,"engine":true,"engine_version":true,"id":true,"kms_key_id":true,"license_model":true,"port":true,"snapshot_type":true,"source_db_cluster_snapshot_arn":true,"status":true,"storage_encrypted":true,"vpc_id":true},"before_sensitive":false,"after_sensitive":{"availability_zones":[]}}},{"address":"aws_network_interface.web-eni","mode":"managed","type":"aws_network_interface","name":"web-eni","provider_name":"registry.terraform.io/hashicorp/aws","change":{"actions":["create"],"before":null,"after":{"description":null,"private_ips":["172.16.10.100"],"source_dest_check":true,"tags":{"Name":"000000000000-acme-dev-primary_network_interface","git_commit":"d68d2897add9bc2203a5ed0632a5cdd8ff8cefb0","git_file":"terraform/aws/ec2.tf","git_last_modified_at":"2020-06-16 14:46:24","git_last_modified_by":"nimrodkor@gmail.com","git_modifiers":"nimrodkor","git_org":"bridgecrewio","git_repo":"terragoat","yor_trace":"7e2ffea8-739f-467d-b57b-53cbc0d7ccbe"},"tags_all":{"Name":"000000000000-acme-dev-primary_network_interface","git_commit":"d68d2897add9bc2203a5ed0632a5cdd8ff8cefb0","git_file":"terraform/aws/ec2.tf","git_last_modified_at":"2020-06-16 14:46:24","git_last_modified_by":"nimrodkor@gmail.com","git_modifiers":"nimrodkor","git_org":"bridgecrewio","git_repo":"terragoat","yor_trace":"7e2ffea8-739f-467d-b57b-53cbc0d7ccbe"}},"after_unknown":{"attachment":true,"id":true,"interface_type":true,"ipv6_address_count":true,"ipv6_addresses":true,"mac_address":true,"outpost_arn":true,"private_dns_name":true,"private_ip":true,"private_ips":[false],"private_ips_count":true,"security_groups":true,"subnet_id":true,"tags":{},"tags_all":{}},"before_sensitive":false,"after_sensitive":{"attachment":[],"ipv6_addresses":[],"private_ips":[false],"security_groups":[],"tags":{},"tags_all":{}}}},{"address":"aws_route.public_internet_gateway","mode":"managed","type":"aws_route","name":"public_internet_gateway","provider_name":"registry.terraform.io/hashicorp/aws","change":{"actions":["create"],"before":null,"after":{"carrier_gateway_id":null,"destination_cidr_block":"0.0.0.0/0","destination_ipv6_cidr_block":null,"destination_prefix_list_id":null,"egress_only_gateway_id":null,"local_gateway_id":null,"nat_gateway_id":null,"timeouts":{"create":"5m","delete":null},"transit_gateway_id":null,"vpc_endpoint_id":null,"vpc_peering_connection_id":null},"after_unknown":{"gateway_id":true,"id":true,"instance_id":true,"instance_owner_id":true,"network_interface_id":true,"origin":true,"route_table_id":true,"state":true,"timeouts":{}},"before_sensitive":false,"after_sensitive":{"timeouts":{}}}},{"address":"aws_route_table.web_rtb","mode":"managed","type":"aws_route_table","name":"web_rtb","provider_name":"registry.terraform.io/hashicorp/aws","change":{"actions":["create"],"before":null,"after":{"tags":{"Name":"000000000000-acme-dev-rtb","git_commit":"d68d2897add9bc2203a5ed0632a5cdd8ff8cefb0","git_file":"terraform/aws/ec2.tf","git_last_modified_at":"2020-06-16 14:46:24","git_last_modified_by":"nimrodkor@gmail.com","git_modifiers":"nimrodkor","git_org":"bridgecrewio","git_repo":"terragoat","yor_trace":"5e4fee6e-a6aa-4b61-a741-47c5efb463e1"},"tags_all":{"Name":"000000000000-acme-dev-rtb","git_commit":"d68d2897add9bc2203a5ed0632a5cdd8ff8cefb0","git_file":"terraform/aws/ec2.tf","git_last_modified_at":"2020-06-16 14:46:24","git_last_modified_by":"nimrodkor@gmail.com","git_modifiers":"nimrodkor","git_org":"bridgecrewio","git_repo":"terragoat","yor_trace":"5e4fee6e-a6aa-4b61-a741-47c5efb463e1"}},"after_unknown":{"arn":true,"id":true,"owner_id":true,"propagating_vgws":true,"route":true,"tags":{},"tags_all":{},"vpc_id":true},"before_sensitive":false,"after_sensitive":{"propagating_vgws":[],"route":[],"tags":{},"tags_all":{}}}},{"address":"aws_route_table_association.rtbassoc","mode":"managed","type":"aws_route_table_association","name":"rtbassoc","provider_name":"registry.terraform.io/hashicorp/aws","change":{"actions":["create"],"before":null,"after":{"gateway_id":null},"after_unknown":{"id":true,"route_table_id":true,"subnet_id":true},"before_sensitive":false,"after_sensitive":{}}},{"address":"aws_route_table_association.rtbassoc2","mode":"managed","type":"aws_route_table_association","name":"rtbassoc2","provider_name":"registry.terraform.io/hashicorp/aws","change":{"actions":["create"],"before":null,"after":{"gateway_id":null},"after_unknown":{"id":true,"route_table_id":true,"subnet_id":true},"before_sensitive":false,"after_sensitive":{}}},{"address":"aws_s3_bucket.data","mode":"managed","type":"aws_s3_bucket","name":"data","provider_name":"registry.terraform.io/hashicorp/aws","change":{"actions":["create"],"before":null,"after":{"acl":"public-read","bucket":"000000000000-acme-dev-data","bucket_prefix":null,"cors_rule":[],"force_destroy":true,"grant":[],"lifecycle_rule":[],"logging":[],"object_lock_configuration":[],"policy":null,"replication_configuration":[],"server_side_encryption_configuration":[],"tags":{"Environment":"000000000000-acme-dev","Name":"000000000000-acme-dev-data","git_commit":"d68d2897add9bc2203a5ed0632a5cdd8ff8cefb0","git_file":"terraform/aws/s3.tf","git_last_modified_at":"2020-06-16 14:46:24","git_last_modified_by":"nimrodkor@gmail.com","git_modifiers":"nimrodkor","git_org":"bridgecrewio","git_repo":"terragoat","yor_trace":"0874007d-903a-4b4c-945f-c9c233e13243"},"tags_all":{"Environment":"000000000000-acme-dev","Name":"000000000000-acme-dev-data","git_commit":"d68d2897add9bc2203a5ed0632a5cdd8ff8cefb0","git_file":"terraform/aws/s3.tf","git_last_modified_at":"2020-06-16 14:46:24","git_last_modified_by":"nimrodkor@gmail.com","git_modifiers":"nimrodkor","git_org":"bridgecrewio","git_repo":"terragoat","yor_trace":"0874007d-903a-4b4c-945f-c9c233e13243"},"website":[]},"after_unknown":{"acceleration_status":true,"arn":true,"bucket_domain_name":true,"bucket_regional_domain_name":true,"cors_rule":[],"grant":[],"hosted_zone_id":true,"id":true,"lifecycle_rule":[],"logging":[],"object_lock_configuration":[],"region":true,"replication_configuration":[],"request_payer":true,"server_side_encryption_configuration":[],"tags":{},"tags_all":{},"versioning":true,"website":[],"website_domain":true,"website_endpoint":true},"before_sensitive":false,"after_sensitive":{"cors_rule":[],"grant":[],"lifecycle_rule":[],"logging":[],"object_lock_configuration":[],"replication_configuration":[],"server_side_encryption_configuration":[],"tags":{},"tags_all":{},"versioning":[],"website":[]}}},{"address":"aws_s3_bucket.data_science","mode":"managed","type":"aws_s3_bucket","name":"data_science","provider_name":"registry.terraform.io/hashicorp/aws","change":{"actions":["create"],"before":null,"after":{"acl":"private","bucket":"000000000000-acme-dev-data-science","bucket_prefix":null,"cors_rule":[],"force_destroy":true,"grant":[],"lifecycle_rule":[],"logging":[{"target_prefix":"log/"}],"object_lock_configuration":[],"policy":null,"replication_configuration":[],"server_side_encryption_configuration":[],"tags":{"git_commit":"d68d2897add9bc2203a5ed0632a5cdd8ff8cefb0","git_file":"terraform/aws/s3.tf","git_last_modified_at":"2020-06-16 14:46:24","git_last_modified_by":"nimrodkor@gmail.com","git_modifiers":"nimrodkor","git_org":"bridgecrewio","git_repo":"terragoat","yor_trace":"9a7c8788-5655-4708-bbc3-64ead9847f64"},"tags_all":{"git_commit":"d68d2897add9bc2203a5ed0632a5cdd8ff8cefb0","git_file":"terraform/aws/s3.tf","git_last_modified_at":"2020-06-16 14:46:24","git_last_modified_by":"nimrodkor@gmail.com","git_modifiers":"nimrodkor","git_org":"bridgecrewio","git_repo":"terragoat","yor_trace":"9a7c8788-5655-4708-bbc3-64ead9847f64"},"versioning":[{"enabled":true,"mfa_delete":false}],"website":[]},"after_unknown":{"acceleration_status":true,"arn":true,"bucket_domain_name":true,"bucket_regional_domain_name":true,"cors_rule":[],"grant":[],"hosted_zone_id":true,"id":true,"lifecycle_rule":[],"logging":[{"target_bucket":true}],"object_lock_configuration":[],"region":true,"replication_configuration":[],"request_payer":true,"server_side_encryption_configuration":[],"tags":{},"tags_all":{},"versioning":[{}],"website":[],"website_domain":true,"website_endpoint":true},"before_sensitive":false,"after_sensitive":{"cors_rule":[],"grant":[],"lifecycle_rule":[],"logging":[{}],"object_lock_configuration":[],"replication_configuration":[],"server_side_encryption_configuration":[],"tags":{},"tags_all":{},"versioning":[{}],"website":[]}}},{"address":"aws_s3_bucket.financials","mode":"managed","type":"aws_s3_bucket","name":"financials","provider_name":"registry.terraform.io/hashicorp/aws","change":{"actions":["create"],"before":null,"after":{"acl":"private","bucket":"000000000000-acme-dev-financials","bucket_prefix":null,"cors_rule":[],"force_destroy":true,"grant":[],"lifecycle_rule":[],"logging":[],"object_lock_configuration":[],"policy":null,"replication_configuration":[],"server_side_encryption_configuration":[],"tags":{"Environment":"000000000000-acme-dev","Name":"000000000000-acme-dev-financials","git_commit":"d68d2897add9bc2203a5ed0632a5cdd8ff8cefb0","git_file":"terraform/aws/s3.tf","git_last_modified_at":"2020-06-16 14:46:24","git_last_modified_by":"nimrodkor@gmail.com","git_modifiers":"nimrodkor","git_org":"bridgecrewio","git_repo":"terragoat","yor_trace":"0e012640-b597-4e5d-9378-d4b584aea913"},"tags_all":{"Environment":"000000000000-acme-dev","Name":"000000000000-acme-dev-financials","git_commit":"d68d2897add9bc2203a5ed0632a5cdd8ff8cefb0","git_file":"terraform/aws/s3.tf","git_last_modified_at":"2020-06-16 14:46:24","git_last_modified_by":"nimrodkor@gmail.com","git_modifiers":"nimrodkor","git_org":"bridgecrewio","git_repo":"terragoat","yor_trace":"0e012640-b597-4e5d-9378-d4b584aea913"},"website":[]},"after_unknown":{"acceleration_status":true,"arn":true,"bucket_domain_name":true,"bucket_regional_domain_name":true,"cors_rule":[],"grant":[],"hosted_zone_id":true,"id":true,"lifecycle_rule":[],"logging":[],"object_lock_configuration":[],"region":true,"replication_configuration":[],"request_payer":true,"server_side_encryption_configuration":[],"tags":{},"tags_all":{},"versioning":true,"website":[],"website_domain":true,"website_endpoint":true},"before_sensitive":false,"after_sensitive":{"cors_rule":[],"grant":[],"lifecycle_rule":[],"logging":[],"object_lock_configuration":[],"replication_configuration":[],"server_side_encryption_configuration":[],"tags":{},"tags_all":{},"versioning":[],"website":[]}}},{"address":"aws_s3_bucket.flowbucket","mode":"managed","type":"aws_s3_bucket","name":"flowbucket","provider_name":"registry.terraform.io/hashicorp/aws","change":{"actions":["create"],"before":null,"after":{"acl":"private","bucket":"000000000000-acme-dev-flowlogs","bucket_prefix":null,"cors_rule":[],"force_destroy":true,"grant":[],"lifecycle_rule":[],"logging":[],"object_lock_configuration":[],"policy":null,"replication_configuration":[],"server_side_encryption_configuration":[],"tags":{"Environment":"000000000000-acme-dev","Name":"000000000000-acme-dev-flowlogs","git_commit":"d68d2897add9bc2203a5ed0632a5cdd8ff8cefb0","git_file":"terraform/aws/ec2.tf","git_last_modified_at":"2020-06-16 14:46:24","git_last_modified_by":"nimrodkor@gmail.com","git_modifiers":"nimrodkor","git_org":"bridgecrewio","git_repo":"terragoat","yor_trace":"f058838a-b1e0-4383-b965-7e06e987ffb1"},"tags_all":{"Environment":"000000000000-acme-dev","Name":"000000000000-acme-dev-flowlogs","git_commit":"d68d2897add9bc2203a5ed0632a5cdd8ff8cefb0","git_file":"terraform/aws/ec2.tf","git_last_modified_at":"2020-06-16 14:46:24","git_last_modified_by":"nimrodkor@gmail.com","git_modifiers":"nimrodkor","git_org":"bridgecrewio","git_repo":"terragoat","yor_trace":"f058838a-b1e0-4383-b965-7e06e987ffb1"},"website":[]},"after_unknown":{"acceleration_status":true,"arn":true,"bucket_domain_name":true,"bucket_regional_domain_name":true,"cors_rule":[],"grant":[],"hosted_zone_id":true,"id":true,"lifecycle_rule":[],"logging":[],"object_lock_configuration":[],"region":true,"replication_configuration":[],"request_payer":true,"server_side_encryption_configuration":[],"tags":{},"tags_all":{},"versioning":true,"website":[],"website_domain":true,"website_endpoint":true},"before_sensitive":false,"after_sensitive":{"cors_rule":[],"grant":[],"lifecycle_rule":[],"logging":[],"object_lock_configuration":[],"replication_configuration":[],"server_side_encryption_configuration":[],"tags":{},"tags_all":{},"versioning":[],"website":[]}}},{"address":"aws_s3_bucket.logs","mode":"managed","type":"aws_s3_bucket","name":"logs","provider_name":"registry.terraform.io/hashicorp/aws","change":{"actions":["create"],"before":null,"after":{"acl":"log-delivery-write","bucket":"000000000000-acme-dev-logs","bucket_prefix":null,"cors_rule":[],"force_destroy":true,"grant":[],"lifecycle_rule":[],"logging":[],"object_lock_configuration":[],"policy":null,"replication_configuration":[],"server_side_encryption_configuration":[{"rule":[{"apply_server_side_encryption_by_default":[{"sse_algorithm":"aws:kms"}],"bucket_key_enabled":null}]}],"tags":{"Environment":"000000000000-acme-dev","Name":"000000000000-acme-dev-logs","git_commit":"d68d2897add9bc2203a5ed0632a5cdd8ff8cefb0","git_file":"terraform/aws/s3.tf","git_last_modified_at":"2020-06-16 14:46:24","git_last_modified_by":"nimrodkor@gmail.com","git_modifiers":"nimrodkor","git_org":"bridgecrewio","git_repo":"terragoat","yor_trace":"01946fe9-aae2-4c99-a975-e9b0d3a4696c"},"tags_all":{"Environment":"000000000000-acme-dev","Name":"000000000000-acme-dev-logs","git_commit":"d68d2897add9bc2203a5ed0632a5cdd8ff8cefb0","git_file":"terraform/aws/s3.tf","git_last_modified_at":"2020-06-16 14:46:24","git_last_modified_by":"nimrodkor@gmail.com","git_modifiers":"nimrodkor","git_org":"bridgecrewio","git_repo":"terragoat","yor_trace":"01946fe9-aae2-4c99-a975-e9b0d3a4696c"},"versioning":[{"enabled":true,"mfa_delete":false}],"website":[]},"after_unknown":{"acceleration_status":true,"arn":true,"bucket_domain_name":true,"bucket_regional_domain_name":true,"cors_rule":[],"grant":[],"hosted_zone_id":true,"id":true,"lifecycle_rule":[],"logging":[],"object_lock_configuration":[],"region":true,"replication_configuration":[],"request_payer":true,"server_side_encryption_configuration":[{"rule":[{"apply_server_side_encryption_by_default":[{"kms_master_key_id":true}]}]}],"tags":{},"tags_all":{},"versioning":[{}],"website":[],"website_domain":true,"website_endpoint":true},"before_sensitive":false,"after_sensitive":{"cors_rule":[],"grant":[],"lifecycle_rule":[],"logging":[],"object_lock_configuration":[],"replication_configuration":[],"server_side_encryption_configuration":[{"rule":[{"apply_server_side_encryption_by_default":[{}]}]}],"tags":{},"tags_all":{},"versioning":[{}],"website":[]}}},{"address":"aws_s3_bucket.operations","mode":"managed","type":"aws_s3_bucket","name":"operations","provider_name":"registry.terraform.io/hashicorp/aws","change":{"actions":["create"],"before":null,"after":{"acl":"private","bucket":"000000000000-acme-dev-operations","bucket_prefix":null,"cors_rule":[],"force_destroy":true,"grant":[],"lifecycle_rule":[],"logging":[],"object_lock_configuration":[],"policy":null,"replication_configuration":[],"server_side_encryption_configuration":[],"tags":{"Environment":"000000000000-acme-dev","Name":"000000000000-acme-dev-operations","git_commit":"d68d2897add9bc2203a5ed0632a5cdd8ff8cefb0","git_file":"terraform/aws/s3.tf","git_last_modified_at":"2020-06-16 14:46:24","git_last_modified_by":"nimrodkor@gmail.com","git_modifiers":"nimrodkor","git_org":"bridgecrewio","git_repo":"terragoat","yor_trace":"29efcf7b-22a8-4bd6-8e14-1f55b3a2d743"},"tags_all":{"Environment":"000000000000-acme-dev","Name":"000000000000-acme-dev-operations","git_commit":"d68d2897add9bc2203a5ed0632a5cdd8ff8cefb0","git_file":"terraform/aws/s3.tf","git_last_modified_at":"2020-06-16 14:46:24","git_last_modified_by":"nimrodkor@gmail.com","git_modifiers":"nimrodkor","git_org":"bridgecrewio","git_repo":"terragoat","yor_trace":"29efcf7b-22a8-4bd6-8e14-1f55b3a2d743"},"versioning":[{"enabled":true,"mfa_delete":false}],"website":[]},"after_unknown":{"acceleration_status":true,"arn":true,"bucket_domain_name":true,"bucket_regional_domain_name":true,"cors_rule":[],"grant":[],"hosted_zone_id":true,"id":true,"lifecycle_rule":[],"logging":[],"object_lock_configuration":[],"region":true,"replication_configuration":[],"request_payer":true,"server_side_encryption_configuration":[],"tags":{},"tags_all":{},"versioning":[{}],"website":[],"website_domain":true,"website_endpoint":true},"before_sensitive":false,"after_sensitive":{"cors_rule":[],"grant":[],"lifecycle_rule":[],"logging":[],"object_lock_configuration":[],"replication_configuration":[],"server_side_encryption_configuration":[],"tags":{},"tags_all":{},"versioning":[{}],"website":[]}}},{"address":"aws_s3_bucket_object.data_object","mode":"managed","type":"aws_s3_bucket_object","name":"data_object","provider_name":"registry.terraform.io/hashicorp/aws","change":{"actions":["create"],"before":null,"after":{"acl":"private","cache_control":null,"content":null,"content_base64":null,"content_disposition":null,"content_encoding":null,"content_language":null,"force_destroy":false,"key":"customer-master.xlsx","metadata":null,"object_lock_legal_hold_status":null,"object_lock_mode":null,"object_lock_retain_until_date":null,"source":"resources/customer-master.xlsx","source_hash":null,"tags":{"Environment":"000000000000-acme-dev","Name":"000000000000-acme-dev-customer-master","git_commit":"d68d2897add9bc2203a5ed0632a5cdd8ff8cefb0","git_file":"terraform/aws/s3.tf","git_last_modified_at":"2020-06-16 14:46:24","git_last_modified_by":"nimrodkor@gmail.com","git_modifiers":"nimrodkor","git_org":"bridgecrewio","git_repo":"terragoat","yor_trace":"a7f01cc7-63c2-41a8-8555-6665e5e39a64"},"tags_all":{"Environment":"000000000000-acme-dev","Name":"000000000000-acme-dev-customer-master","git_commit":"d68d2897add9bc2203a5ed0632a5cdd8ff8cefb0","git_file":"terraform/aws/s3.tf","git_last_modified_at":"2020-06-16 14:46:24","git_last_modified_by":"nimrodkor@gmail.com","git_modifiers":"nimrodkor","git_org":"bridgecrewio","git_repo":"terragoat","yor_trace":"a7f01cc7-63c2-41a8-8555-6665e5e39a64"},"website_redirect":null},"after_unknown":{"bucket":true,"bucket_key_enabled":true,"content_type":true,"etag":true,"id":true,"kms_key_id":true,"server_side_encryption":true,"storage_class":true,"tags":{},"tags_all":{},"version_id":true},"before_sensitive":false,"after_sensitive":{"tags":{},"tags_all":{}}}},{"address":"aws_security_group.default","mode":"managed","type":"aws_security_group","name":"default","provider_name":"registry.terraform.io/hashicorp/aws","change":{"actions":["create"],"before":null,"after":{"description":"Managed by Terraform","name":"000000000000-acme-dev-rds-sg","revoke_rules_on_delete":false,"tags":{"Environment":"000000000000-acme-dev","Name":"000000000000-acme-dev-rds-sg","git_commit":"d68d2897add9bc2203a5ed0632a5cdd8ff8cefb0","git_file":"terraform/aws/db-app.tf","git_last_modified_at":"2020-06-16 14:46:24","git_last_modified_by":"nimrodkor@gmail.com","git_modifiers":"nimrodkor","git_org":"bridgecrewio","git_repo":"terragoat","yor_trace":"7b251090-8ac1-4290-bd2e-bf3e16126430"},"tags_all":{"Environment":"000000000000-acme-dev","Name":"000000000000-acme-dev-rds-sg","git_commit":"d68d2897add9bc2203a5ed0632a5cdd8ff8cefb0","git_file":"terraform/aws/db-app.tf","git_last_modified_at":"2020-06-16 14:46:24","git_last_modified_by":"nimrodkor@gmail.com","git_modifiers":"nimrodkor","git_org":"bridgecrewio","git_repo":"terragoat","yor_trace":"7b251090-8ac1-4290-bd2e-bf3e16126430"},"timeouts":null},"after_unknown":{"arn":true,"egress":true,"id":true,"ingress":true,"name_prefix":true,"owner_id":true,"tags":{},"tags_all":{},"vpc_id":true},"before_sensitive":false,"after_sensitive":{"egress":[],"ingress":[],"tags":{},"tags_all":{}}}},{"address":"aws_security_group.web-node","mode":"managed","type":"aws_security_group","name":"web-node","provider_name":"registry.terraform.io/hashicorp/aws","change":{"actions":["create"],"before":null,"after":{"description":"000000000000-acme-dev Security Group","egress":[{"cidr_blocks":["0.0.0.0/0"],"description":"","from_port":0,"ipv6_cidr_blocks":[],"prefix_list_ids":[],"protocol":"-1","security_groups":[],"self":false,"to_port":0}],"ingress":[{"cidr_blocks":["0.0.0.0/0"],"description":"","from_port":22,"ipv6_cidr_blocks":[],"prefix_list_ids":[],"protocol":"tcp","security_groups":[],"self":false,"to_port":22},{"cidr_blocks":["0.0.0.0/0"],"description":"","from_port":80,"ipv6_cidr_blocks":[],"prefix_list_ids":[],"protocol":"tcp","security_groups":[],"self":false,"to_port":80}],"name":"000000000000-acme-dev-sg","revoke_rules_on_delete":false,"tags":{"git_commit":"d68d2897add9bc2203a5ed0632a5cdd8ff8cefb0","git_file":"terraform/aws/ec2.tf","git_last_modified_at":"2020-06-16 14:46:24","git_last_modified_by":"nimrodkor@gmail.com","git_modifiers":"nimrodkor","git_org":"bridgecrewio","git_repo":"terragoat","yor_trace":"b7af1b40-64eb-4519-a1a0-ab198db4b193"},"tags_all":{"git_commit":"d68d2897add9bc2203a5ed0632a5cdd8ff8cefb0","git_file":"terraform/aws/ec2.tf","git_last_modified_at":"2020-06-16 14:46:24","git_last_modified_by":"nimrodkor@gmail.com","git_modifiers":"nimrodkor","git_org":"bridgecrewio","git_repo":"terragoat","yor_trace":"b7af1b40-64eb-4519-a1a0-ab198db4b193"},"timeouts":null},"after_unknown":{"arn":true,"egress":[{"cidr_blocks":[false],"ipv6_cidr_blocks":[],"prefix_list_ids":[],"security_groups":[]}],"id":true,"ingress":[{"cidr_blocks":[false],"ipv6_cidr_blocks":[],"prefix_list_ids":[],"security_groups":[]},{"cidr_blocks":[false],"ipv6_cidr_blocks":[],"prefix_list_ids":[],"security_groups":[]}],"name_prefix":true,"owner_id":true,"tags":{},"tags_all":{},"vpc_id":true},"before_sensitive":false,"after_sensitive":{"egress":[{"cidr_blocks":[false],"ipv6_cidr_blocks":[],"prefix_list_ids":[],"security_groups":[]}],"ingress":[{"cidr_blocks":[false],"ipv6_cidr_blocks":[],"prefix_list_ids":[],"security_groups":[]},{"cidr_blocks":[false],"ipv6_cidr_blocks":[],"prefix_list_ids":[],"security_groups":[]}],"tags":{},"tags_all":{}}}},{"address":"aws_security_group_rule.egress","mode":"managed","type":"aws_security_group_rule","name":"egress","provider_name":"registry.terraform.io/hashicorp/aws","change":{"actions":["create"],"before":null,"after":{"cidr_blocks":["0.0.0.0/0"],"description":null,"from_port":0,"ipv6_cidr_blocks":null,"prefix_list_ids":null,"protocol":"-1","self":false,"to_port":0,"type":"egress"},"after_unknown":{"cidr_blocks":[false],"id":true,"security_group_id":true,"source_security_group_id":true},"before_sensitive":false,"after_sensitive":{"cidr_blocks":[false]}}},{"address":"aws_security_group_rule.ingress","mode":"managed","type":"aws_security_group_rule","name":"ingress","provider_name":"registry.terraform.io/hashicorp/aws","change":{"actions":["create"],"before":null,"after":{"cidr_blocks":["172.16.0.0/16"],"description":null,"from_port":3306,"ipv6_cidr_blocks":null,"prefix_list_ids":null,"protocol":"tcp","self":false,"to_port":3306,"type":"ingress"},"after_unknown":{"cidr_blocks":[false],"id":true,"security_group_id":true,"source_security_group_id":true},"before_sensitive":false,"after_sensitive":{"cidr_blocks":[false]}}},{"address":"aws_subnet.eks_subnet1","mode":"managed","type":"aws_subnet","name":"eks_subnet1","provider_name":"registry.terraform.io/hashicorp/aws","change":{"actions":["create"],"before":null,"after":{"assign_ipv6_address_on_creation":false,"availability_zone":"us-west-2a","cidr_block":"10.10.10.0/24","customer_owned_ipv4_pool":null,"ipv6_cidr_block":null,"map_customer_owned_ip_on_launch":null,"map_public_ip_on_launch":true,"outpost_arn":null,"tags":{"Name":"000000000000-acme-dev-eks-subnet","git_commit":"6e62522d2ab8f63740e53752b84a6e99cd65696a","git_file":"terraform/aws/eks.tf","git_last_modified_at":"2021-05-02 11:16:31","git_last_modified_by":"nimrodkor@gmail.com","git_modifiers":"nimrodkor","git_org":"bridgecrewio","git_repo":"terragoat","kubernetes.io/cluster/$$${local.eks_name.value}":"shared","kubernetes.io/cluster/$${local.eks_name.value}":"shared","kubernetes.io/cluster/${local.eks_name.value}":"shared","kubernetes.io/cluster/000000000000-acme-dev-eks":"shared","yor_trace":"1fb4fa23-a5d6-4d6a-b7dc-88749383f48d"},"tags_all":{"Name":"000000000000-acme-dev-eks-subnet","git_commit":"6e62522d2ab8f63740e53752b84a6e99cd65696a","git_file":"terraform/aws/eks.tf","git_last_modified_at":"2021-05-02 11:16:31","git_last_modified_by":"nimrodkor@gmail.com","git_modifiers":"nimrodkor","git_org":"bridgecrewio","git_repo":"terragoat","kubernetes.io/cluster/$$${local.eks_name.value}":"shared","kubernetes.io/cluster/$${local.eks_name.value}":"shared","kubernetes.io/cluster/${local.eks_name.value}":"shared","kubernetes.io/cluster/000000000000-acme-dev-eks":"shared","yor_trace":"1fb4fa23-a5d6-4d6a-b7dc-88749383f48d"},"timeouts":null},"after_unknown":{"arn":true,"availability_zone_id":true,"id":true,"ipv6_cidr_block_association_id":true,"owner_id":true,"tags":{},"tags_all":{},"vpc_id":true},"before_sensitive":false,"after_sensitive":{"tags":{},"tags_all":{}}}},{"address":"aws_subnet.eks_subnet2","mode":"managed","type":"aws_subnet","name":"eks_subnet2","provider_name":"registry.terraform.io/hashicorp/aws","change":{"actions":["create"],"before":null,"after":{"assign_ipv6_address_on_creation":false,"availability_zone":"us-west-2b","cidr_block":"10.10.11.0/24","customer_owned_ipv4_pool":null,"ipv6_cidr_block":null,"map_customer_owned_ip_on_launch":null,"map_public_ip_on_launch":true,"outpost_arn":null,"tags":{"Name":"000000000000-acme-dev-eks-subnet2","git_commit":"6e62522d2ab8f63740e53752b84a6e99cd65696a","git_file":"terraform/aws/eks.tf","git_last_modified_at":"2021-05-02 11:16:31","git_last_modified_by":"nimrodkor@gmail.com","git_modifiers":"nimrodkor","git_org":"bridgecrewio","git_repo":"terragoat","kubernetes.io/cluster/$$${local.eks_name.value}":"shared","kubernetes.io/cluster/$${local.eks_name.value}":"shared","kubernetes.io/cluster/${local.eks_name.value}":"shared","kubernetes.io/cluster/000000000000-acme-dev-eks":"shared","yor_trace":"9ce04af2-5321-4e6c-a262-e4d7c1f69525"},"tags_all":{"Name":"000000000000-acme-dev-eks-subnet2","git_commit":"6e62522d2ab8f63740e53752b84a6e99cd65696a","git_file":"terraform/aws/eks.tf","git_last_modified_at":"2021-05-02 11:16:31","git_last_modified_by":"nimrodkor@gmail.com","git_modifiers":"nimrodkor","git_org":"bridgecrewio","git_repo":"terragoat","kubernetes.io/cluster/$$${local.eks_name.value}":"shared","kubernetes.io/cluster/$${local.eks_name.value}":"shared","kubernetes.io/cluster/${local.eks_name.value}":"shared","kubernetes.io/cluster/000000000000-acme-dev-eks":"shared","yor_trace":"9ce04af2-5321-4e6c-a262-e4d7c1f69525"},"timeouts":null},"after_unknown":{"arn":true,"availability_zone_id":true,"id":true,"ipv6_cidr_block_association_id":true,"owner_id":true,"tags":{},"tags_all":{},"vpc_id":true},"before_sensitive":false,"after_sensitive":{"tags":{},"tags_all":{}}}},{"address":"aws_subnet.web_subnet","mode":"managed","type":"aws_subnet","name":"web_subnet","provider_name":"registry.terraform.io/hashicorp/aws","change":{"actions":["create"],"before":null,"after":{"assign_ipv6_address_on_creation":false,"availability_zone":"us-west-2a","cidr_block":"172.16.10.0/24","customer_owned_ipv4_pool":null,"ipv6_cidr_block":null,"map_customer_owned_ip_on_launch":null,"map_public_ip_on_launch":true,"outpost_arn":null,"tags":{"Name":"000000000000-acme-dev-subnet","git_commit":"6e62522d2ab8f63740e53752b84a6e99cd65696a","git_file":"terraform/aws/ec2.tf","git_last_modified_at":"2021-05-02 11:16:31","git_last_modified_by":"nimrodkor@gmail.com","git_modifiers":"nimrodkor","git_org":"bridgecrewio","git_repo":"terragoat","yor_trace":"0345f650-d280-4ca8-86c9-c71c38c0eda8"},"tags_all":{"Name":"000000000000-acme-dev-subnet","git_commit":"6e62522d2ab8f63740e53752b84a6e99cd65696a","git_file":"terraform/aws/ec2.tf","git_last_modified_at":"2021-05-02 11:16:31","git_last_modified_by":"nimrodkor@gmail.com","git_modifiers":"nimrodkor","git_org":"bridgecrewio","git_repo":"terragoat","yor_trace":"0345f650-d280-4ca8-86c9-c71c38c0eda8"},"timeouts":null},"after_unknown":{"arn":true,"availability_zone_id":true,"id":true,"ipv6_cidr_block_association_id":true,"owner_id":true,"tags":{},"tags_all":{},"vpc_id":true},"before_sensitive":false,"after_sensitive":{"tags":{},"tags_all":{}}}},{"address":"aws_subnet.web_subnet2","mode":"managed","type":"aws_subnet","name":"web_subnet2","provider_name":"registry.terraform.io/hashicorp/aws","change":{"actions":["create"],"before":null,"after":{"assign_ipv6_address_on_creation":false,"availability_zone":"us-west-2b","cidr_block":"172.16.11.0/24","customer_owned_ipv4_pool":null,"ipv6_cidr_block":null,"map_customer_owned_ip_on_launch":null,"map_public_ip_on_launch":true,"outpost_arn":null,"tags":{"Name":"000000000000-acme-dev-subnet2","git_commit":"6e62522d2ab8f63740e53752b84a6e99cd65696a","git_file":"terraform/aws/ec2.tf","git_last_modified_at":"2021-05-02 11:16:31","git_last_modified_by":"nimrodkor@gmail.com","git_modifiers":"nimrodkor","git_org":"bridgecrewio","git_repo":"terragoat","yor_trace":"224af03a-00e0-4981-be30-14965833c2db"},"tags_all":{"Name":"000000000000-acme-dev-subnet2","git_commit":"6e62522d2ab8f63740e53752b84a6e99cd65696a","git_file":"terraform/aws/ec2.tf","git_last_modified_at":"2021-05-02 11:16:31","git_last_modified_by":"nimrodkor@gmail.com","git_modifiers":"nimrodkor","git_org":"bridgecrewio","git_repo":"terragoat","yor_trace":"224af03a-00e0-4981-be30-14965833c2db"},"timeouts":null},"after_unknown":{"arn":true,"availability_zone_id":true,"id":true,"ipv6_cidr_block_association_id":true,"owner_id":true,"tags":{},"tags_all":{},"vpc_id":true},"before_sensitive":false,"after_sensitive":{"tags":{},"tags_all":{}}}},{"address":"aws_volume_attachment.ebs_att","mode":"managed","type":"aws_volume_attachment","name":"ebs_att","provider_name":"registry.terraform.io/hashicorp/aws","change":{"actions":["create"],"before":null,"after":{"device_name":"/dev/sdh","force_detach":null,"skip_destroy":null},"after_unknown":{"id":true,"instance_id":true,"volume_id":true},"before_sensitive":false,"after_sensitive":{}}},{"address":"aws_vpc.eks_vpc","mode":"managed","type":"aws_vpc","name":"eks_vpc","provider_name":"registry.terraform.io/hashicorp/aws","change":{"actions":["create"],"before":null,"after":{"assign_generated_ipv6_cidr_block":false,"cidr_block":"10.10.0.0/16","enable_dns_hostnames":true,"enable_dns_support":true,"instance_tenancy":"default","tags":{"Name":"000000000000-acme-dev-eks-vpc","git_commit":"d68d2897add9bc2203a5ed0632a5cdd8ff8cefb0","git_file":"terraform/aws/eks.tf","git_last_modified_at":"2020-06-16 14:46:24","git_last_modified_by":"nimrodkor@gmail.com","git_modifiers":"nimrodkor","git_org":"bridgecrewio","git_repo":"terragoat","yor_trace":"1600ca6c-72f6-45c0-a71d-88e117e51d6b"},"tags_all":{"Name":"000000000000-acme-dev-eks-vpc","git_commit":"d68d2897add9bc2203a5ed0632a5cdd8ff8cefb0","git_file":"terraform/aws/eks.tf","git_last_modified_at":"2020-06-16 14:46:24","git_last_modified_by":"nimrodkor@gmail.com","git_modifiers":"nimrodkor","git_org":"bridgecrewio","git_repo":"terragoat","yor_trace":"1600ca6c-72f6-45c0-a71d-88e117e51d6b"}},"after_unknown":{"arn":true,"default_network_acl_id":true,"default_route_table_id":true,"default_security_group_id":true,"dhcp_options_id":true,"enable_classiclink":true,"enable_classiclink_dns_support":true,"id":true,"ipv6_association_id":true,"ipv6_cidr_block":true,"main_route_table_id":true,"owner_id":true,"tags":{},"tags_all":{}},"before_sensitive":false,"after_sensitive":{"tags":{},"tags_all":{}}}},{"address":"aws_vpc.web_vpc","mode":"managed","type":"aws_vpc","name":"web_vpc","provider_name":"registry.terraform.io/hashicorp/aws","change":{"actions":["create"],"before":null,"after":{"assign_generated_ipv6_cidr_block":false,"cidr_block":"172.16.0.0/16","enable_dns_hostnames":true,"enable_dns_support":true,"instance_tenancy":"default","tags":{"Name":"000000000000-acme-dev-vpc","git_commit":"d68d2897add9bc2203a5ed0632a5cdd8ff8cefb0","git_file":"terraform/aws/ec2.tf","git_last_modified_at":"2020-06-16 14:46:24","git_last_modified_by":"nimrodkor@gmail.com","git_modifiers":"nimrodkor","git_org":"bridgecrewio","git_repo":"terragoat","yor_trace":"9bf2359b-952e-4570-9595-52eba4c20473"},"tags_all":{"Name":"000000000000-acme-dev-vpc","git_commit":"d68d2897add9bc2203a5ed0632a5cdd8ff8cefb0","git_file":"terraform/aws/ec2.tf","git_last_modified_at":"2020-06-16 14:46:24","git_last_modified_by":"nimrodkor@gmail.com","git_modifiers":"nimrodkor","git_org":"bridgecrewio","git_repo":"terragoat","yor_trace":"9bf2359b-952e-4570-9595-52eba4c20473"}},"after_unknown":{"arn":true,"default_network_acl_id":true,"default_route_table_id":true,"default_security_group_id":true,"dhcp_options_id":true,"enable_classiclink":true,"enable_classiclink_dns_support":true,"id":true,"ipv6_association_id":true,"ipv6_cidr_block":true,"main_route_table_id":true,"owner_id":true,"tags":{},"tags_all":{}},"before_sensitive":false,"after_sensitive":{"tags":{},"tags_all":{}}}},{"address":"null_resource.push_image","mode":"managed","type":"null_resource","name":"push_image","provider_name":"registry.terraform.io/hashicorp/null","change":{"actions":["create"],"before":null,"after":{"triggers":null},"after_unknown":{"id":true},"before_sensitive":false,"after_sensitive":{}}}],"output_changes":{"db_app_public_dns":{"actions":["create"],"before":null,"after_unknown":true,"before_sensitive":false,"after_sensitive":false},"db_endpoint":{"actions":["create"],"before":null,"after_unknown":true,"before_sensitive":false,"after_sensitive":false},"ec2_public_dns":{"actions":["create"],"before":null,"after_unknown":true,"before_sensitive":false,"after_sensitive":false},"endpoint":{"actions":["create"],"before":null,"after_unknown":true,"before_sensitive":false,"after_sensitive":false},"kubeconfig-certificate-authority-data":{"actions":["create"],"before":null,"after_unknown":true,"before_sensitive":false,"after_sensitive":false},"public_subnet":{"actions":["create"],"before":null,"after_unknown":true,"before_sensitive":false,"after_sensitive":false},"public_subnet2":{"actions":["create"],"before":null,"after_unknown":true,"before_sensitive":false,"after_sensitive":false},"secret":{"actions":["create"],"before":null,"after_unknown":true,"before_sensitive":false,"after_sensitive":false},"username":{"actions":["create"],"before":null,"after":"000000000000-acme-dev-user","after_unknown":false,"before_sensitive":false,"after_sensitive":false},"vpc_id":{"actions":["create"],"before":null,"after_unknown":true,"before_sensitive":false,"after_sensitive":false}},"prior_state":{"format_version":"0.2","terraform_version":"1.0.1","values":{"outputs":{"username":{"sensitive":false,"value":"000000000000-acme-dev-user"}},"root_module":{"resources":[{"address":"data.aws_caller_identity.current","mode":"data","type":"aws_caller_identity","name":"current","provider_name":"registry.terraform.io/hashicorp/aws","schema_version":0,"values":{"account_id":"000000000000","arn":"arn:aws:sts::000000000000:user/moto","id":"000000000000","user_id":"AKIAIOSFODNN7EXAMPLE"},"sensitive_values":{}},{"address":"data.aws_iam_policy_document.iam_policy_eks","mode":"data","type":"aws_iam_policy_document","name":"iam_policy_eks","provider_name":"registry.terraform.io/hashicorp/aws","schema_version":0,"values":{"id":"189502314","json":"{\n  \"Version\": \"2012-10-17\",\n  \"Statement\": [\n    {\n      \"Sid\": \"\",\n      \"Effect\": \"Allow\",\n      \"Action\": \"sts:AssumeRole\",\n      \"Principal\": {\n        \"Service\": \"eks.amazonaws.com\"\n      }\n    }\n  ]\n}","override_json":null,"override_policy_documents":null,"policy_id":null,"source_json":null,"source_policy_documents":null,"statement":[{"actions":["sts:AssumeRole"],"condition":[],"effect":"Allow","not_actions":[],"not_principals":[],"not_resources":[],"principals":[{"identifiers":["eks.amazonaws.com"],"type":"Service"}],"resources":[],"sid":""}],"version":"2012-10-17"},"sensitive_values":{"statement":[{"actions":[false],"condition":[],"not_actions":[],"not_principals":[],"not_resources":[],"principals":[{"identifiers":[false]}],"resources":[]}]}},{"address":"data.aws_iam_policy_document.policy","mode":"data","type":"aws_iam_policy_document","name":"policy","provider_name":"registry.terraform.io/hashicorp/aws","schema_version":0,"values":{"id":"3931805674","json":"{\n  \"Version\": \"2012-10-17\",\n  \"Statement\": [\n    {\n      \"Sid\": \"\",\n      \"Effect\": \"Allow\",\n      \"Action\": \"es:*\",\n      \"Resource\": \"*\",\n      \"Principal\": {\n        \"AWS\": \"*\"\n      }\n    }\n  ]\n}","override_json":null,"override_policy_documents":null,"policy_id":null,"source_json":null,"source_policy_documents":null,"statement":[{"actions":["es:*"],"condition":[],"effect":"Allow","not_actions":[],"not_principals":[],"not_resources":[],"principals":[{"identifiers":["*"],"type":"AWS"}],"resources":["*"],"sid":""}],"version":"2012-10-17"},"sensitive_values":{"statement":[{"actions":[false],"condition":[],"not_actions":[],"not_principals":[],"not_resources":[],"principals":[{"identifiers":[false]}],"resources":[false]}]}}]}}},"configuration":{"provider_config":{"aws":{"name":"aws","expressions":{"access_key":{"constant_value":"mock_access_key"},"endpoints":[{"dynamodb":{"constant_value":"http://localhost:4569"},"ec2":{"constant_value":"http://localhost:4566"},"s3":{"constant_value":"http://localhost:4572"},"sts":{"constant_value":"http://localhost:4566"}}],"region":{"references":["var.region"]},"s3_force_path_style":{"constant_value":true},"secret_key":{"constant_value":"mock_secret_key"},"skip_credentials_validation":{"constant_value":true},"skip_metadata_api_check":{"constant_value":true},"skip_requesting_account_id":{"constant_value":true}}}},"root_module":{"outputs":{"db_app_public_dns":{"expression":{"references":["aws_instance.db_app.public_dns","aws_instance.db_app"]},"description":"DB Public DNS name"},"db_endpoint":{"expression":{"references":["aws_db_instance.default.endpoint","aws_db_instance.default"]},"description":"DB Endpoint"},"ec2_public_dns":{"expression":{"references":["aws_instance.web_host.public_dns","aws_instance.web_host"]},"description":"Web Host Public DNS name"},"endpoint":{"expression":{"references":["aws_eks_cluster.eks_cluster.endpoint","aws_eks_cluster.eks_cluster"]}},"kubeconfig-certificate-authority-data":{"expression":{"references":["aws_eks_cluster.eks_cluster.certificate_authority[0].data","aws_eks_cluster.eks_cluster.certificate_authority[0]","aws_eks_cluster.eks_cluster.certificate_authority","aws_eks_cluster.eks_cluster"]}},"public_subnet":{"expression":{"references":["aws_subnet.web_subnet.id","aws_subnet.web_subnet"]},"description":"The ID of the Public subnet"},"public_subnet2":{"expression":{"references":["aws_subnet.web_subnet2.id","aws_subnet.web_subnet2"]},"description":"The ID of the Public subnet"},"secret":{"expression":{"references":["aws_iam_access_key.user.encrypted_secret","aws_iam_access_key.user"]}},"username":{"expression":{"references":["aws_iam_user.user.name","aws_iam_user.user"]}},"vpc_id":{"expression":{"references":["aws_vpc.web_vpc.id","aws_vpc.web_vpc"]},"description":"The ID of the VPC"}},"resources":[{"address":"aws_db_instance.default","mode":"managed","type":"aws_db_instance","name":"default","provider_config_key":"aws","expressions":{"allocated_storage":{"constant_value":"20"},"apply_immediately":{"constant_value":true},"backup_retention_period":{"constant_value":0},"db_subnet_group_name":{"references":["aws_db_subnet_group.default.name","aws_db_subnet_group.default"]},"engine":{"constant_value":"mysql"},"engine_version":{"constant_value":"8.0"},"identifier":{"references":["local.resource_prefix.value","local.resource_prefix"]},"instance_class":{"constant_value":"db.t3.micro"},"monitoring_interval":{"constant_value":0},"multi_az":{"constant_value":false},"name":{"references":["var.dbname"]},"option_group_name":{"references":["aws_db_option_group.default.name","aws_db_option_group.default"]},"parameter_group_name":{"references":["aws_db_parameter_group.default.name","aws_db_parameter_group.default"]},"password":{"references":["var.password"]},"publicly_accessible":{"constant_value":true},"skip_final_snapshot":{"constant_value":true},"storage_encrypted":{"constant_value":false},"tags":{"references":["local.resource_prefix.value","local.resource_prefix","local.resource_prefix.value","local.resource_prefix"]},"username":{"constant_value":"admin"},"vpc_security_group_ids":{"references":["aws_security_group.default.id","aws_security_group.default"]}},"schema_version":1},{"address":"aws_db_option_group.default","mode":"managed","type":"aws_db_option_group","name":"default","provider_config_key":"aws","expressions":{"engine_name":{"constant_value":"mysql"},"major_engine_version":{"constant_value":"8.0"},"name":{"references":["local.resource_prefix.value","local.resource_prefix"]},"option_group_description":{"constant_value":"Terraform OG"},"tags":{"references":["local.resource_prefix.value","local.resource_prefix","local.resource_prefix.value","local.resource_prefix"]}},"schema_version":0},{"address":"aws_db_parameter_group.default","mode":"managed","type":"aws_db_parameter_group","name":"default","provider_config_key":"aws","expressions":{"description":{"constant_value":"Terraform PG"},"family":{"constant_value":"mysql8.0"},"name":{"references":["local.resource_prefix.value","local.resource_prefix"]},"parameter":[{"apply_method":{"constant_value":"immediate"},"name":{"constant_value":"character_set_client"},"value":{"constant_value":"utf8"}},{"apply_method":{"constant_value":"immediate"},"name":{"constant_value":"character_set_server"},"value":{"constant_value":"utf8"}}],"tags":{"references":["local.resource_prefix.value","local.resource_prefix","local.resource_prefix.value","local.resource_prefix"]}},"schema_version":0},{"address":"aws_db_subnet_group.default","mode":"managed","type":"aws_db_subnet_group","name":"default","provider_config_key":"aws","expressions":{"description":{"constant_value":"Terraform DB Subnet Group"},"name":{"references":["local.resource_prefix.value","local.resource_prefix"]},"subnet_ids":{"references":["aws_subnet.web_subnet.id","aws_subnet.web_subnet","aws_subnet.web_subnet2.id","aws_subnet.web_subnet2"]},"tags":{"references":["local.resource_prefix.value","local.resource_prefix","local.resource_prefix.value","local.resource_prefix"]}},"schema_version":0},{"address":"aws_ebs_snapshot.example_snapshot","mode":"managed","type":"aws_ebs_snapshot","name":"example_snapshot","provider_config_key":"aws","expressions":{"description":{"references":["local.resource_prefix.value","local.resource_prefix"]},"tags":{"references":["local.resource_prefix.value","local.resource_prefix"]},"volume_id":{"references":["aws_ebs_volume.web_host_storage.id","aws_ebs_volume.web_host_storage"]}},"schema_version":0},{"address":"aws_ebs_volume.web_host_storage","mode":"managed","type":"aws_ebs_volume","name":"web_host_storage","provider_config_key":"aws","expressions":{"availability_zone":{"references":["var.region"]},"size":{"constant_value":1},"tags":{"references":["local.resource_prefix.value","local.resource_prefix"]}},"schema_version":0},{"address":"aws_ecr_repository.repository","mode":"managed","type":"aws_ecr_repository","name":"repository","provider_config_key":"aws","expressions":{"image_tag_mutability":{"constant_value":"MUTABLE"},"name":{"references":["local.resource_prefix.value","local.resource_prefix"]},"tags":{"references":["local.resource_prefix.value","local.resource_prefix"]}},"schema_version":0},{"address":"aws_eks_cluster.eks_cluster","mode":"managed","type":"aws_eks_cluster","name":"eks_cluster","provider_config_key":"aws","expressions":{"name":{"references":["local.eks_name.value","local.eks_name"]},"role_arn":{"references":["aws_iam_role.iam_for_eks.arn","aws_iam_role.iam_for_eks"]},"tags":{"constant_value":{"git_commit":"d68d2897add9bc2203a5ed0632a5cdd8ff8cefb0","git_file":"terraform/aws/eks.tf","git_last_modified_at":"2020-06-16 14:46:24","git_last_modified_by":"nimrodkor@gmail.com","git_modifiers":"nimrodkor","git_org":"bridgecrewio","git_repo":"terragoat","yor_trace":"7fa14261-c18d-4fa2-aec4-746f6e64d2d3"}},"vpc_config":[{"endpoint_private_access":{"constant_value":true},"subnet_ids":{"references":["aws_subnet.eks_subnet1.id","aws_subnet.eks_subnet1","aws_subnet.eks_subnet2.id","aws_subnet.eks_subnet2"]}}]},"schema_version":0,"depends_on":["aws_iam_role_policy_attachment.policy_attachment-AmazonEKSClusterPolicy","aws_iam_role_policy_attachment.policy_attachment-AmazonEKSServicePolicy"]},{"address":"aws_elasticsearch_domain.monitoring-framework","mode":"managed","type":"aws_elasticsearch_domain","name":"monitoring-framework","provider_config_key":"aws","expressions":{"cluster_config":[{"dedicated_master_count":{"constant_value":1},"dedicated_master_enabled":{"constant_value":false},"dedicated_master_type":{"constant_value":"m4.large.elasticsearch"},"instance_count":{"constant_value":1},"instance_type":{"constant_value":"t2.small.elasticsearch"}}],"domain_name":{"references":["var.environment"]},"ebs_options":[{"ebs_enabled":{"constant_value":true},"volume_size":{"constant_value":30}}],"elasticsearch_version":{"constant_value":"2.3"},"tags":{"constant_value":{"git_commit":"d68d2897add9bc2203a5ed0632a5cdd8ff8cefb0","git_file":"terraform/aws/es.tf","git_last_modified_at":"2020-06-16 14:46:24","git_last_modified_by":"nimrodkor@gmail.com","git_modifiers":"nimrodkor","git_org":"bridgecrewio","git_repo":"terragoat","yor_trace":"95131dec-d7c9-49bb-9aff-eb0e2736603b"}}},"schema_version":0},{"address":"aws_elasticsearch_domain_policy.monitoring-framework-policy","mode":"managed","type":"aws_elasticsearch_domain_policy","name":"monitoring-framework-policy","provider_config_key":"aws","expressions":{"access_policies":{"references":["data.aws_iam_policy_document.policy.json","data.aws_iam_policy_document.policy"]},"domain_name":{"references":["aws_elasticsearch_domain.monitoring-framework.domain_name","aws_elasticsearch_domain.monitoring-framework"]}},"schema_version":0},{"address":"aws_elb.weblb","mode":"managed","type":"aws_elb","name":"weblb","provider_config_key":"aws","expressions":{"connection_draining":{"constant_value":true},"connection_draining_timeout":{"constant_value":400},"cross_zone_load_balancing":{"constant_value":true},"health_check":[{"healthy_threshold":{"constant_value":2},"interval":{"constant_value":30},"target":{"constant_value":"HTTP:8000/"},"timeout":{"constant_value":3},"unhealthy_threshold":{"constant_value":2}}],"idle_timeout":{"constant_value":400},"instances":{"references":["aws_instance.web_host.id","aws_instance.web_host"]},"listener":[{"instance_port":{"constant_value":8000},"instance_protocol":{"constant_value":"http"},"lb_port":{"constant_value":80},"lb_protocol":{"constant_value":"http"}}],"name":{"constant_value":"weblb-terraform-elb"},"security_groups":{"references":["aws_security_group.web-node.id","aws_security_group.web-node"]},"subnets":{"references":["aws_subnet.web_subnet.id","aws_subnet.web_subnet"]},"tags":{}},"schema_version":0},{"address":"aws_flow_log.vpcflowlogs","mode":"managed","type":"aws_flow_log","name":"vpcflowlogs","provider_config_key":"aws","expressions":{"log_destination":{"references":["aws_s3_bucket.flowbucket.arn","aws_s3_bucket.flowbucket"]},"log_destination_type":{"constant_value":"s3"},"tags":{"references":["local.resource_prefix.value","local.resource_prefix","local.resource_prefix.value","local.resource_prefix"]},"traffic_type":{"constant_value":"ALL"},"vpc_id":{"references":["aws_vpc.web_vpc.id","aws_vpc.web_vpc"]}},"schema_version":0},{"address":"aws_iam_access_key.user","mode":"managed","type":"aws_iam_access_key","name":"user","provider_config_key":"aws","expressions":{"user":{"references":["aws_iam_user.user.name","aws_iam_user.user"]}},"schema_version":0},{"address":"aws_iam_instance_profile.ec2profile","mode":"managed","type":"aws_iam_instance_profile","name":"ec2profile","provider_config_key":"aws","expressions":{"name":{"references":["local.resource_prefix.value","local.resource_prefix"]},"role":{"references":["aws_iam_role.ec2role.name","aws_iam_role.ec2role"]},"tags":{"constant_value":{"git_commit":"d68d2897add9bc2203a5ed0632a5cdd8ff8cefb0","git_file":"terraform/aws/db-app.tf","git_last_modified_at":"2020-06-16 14:46:24","git_last_modified_by":"nimrodkor@gmail.com","git_modifiers":"nimrodkor","git_org":"bridgecrewio","git_repo":"terragoat","yor_trace":"6d33b2b9-2dd3-4915-b5d4-283152c928f1"}}},"schema_version":0},{"address":"aws_iam_role.ec2role","mode":"managed","type":"aws_iam_role","name":"ec2role","provider_config_key":"aws","expressions":{"assume_role_policy":{"constant_value":"{\n    \"Version\": \"2012-10-17\",\n    \"Statement\": [\n        {\n            \"Action\": \"sts:AssumeRole\",\n            \"Principal\": {\n               \"Service\": \"ec2.amazonaws.com\"\n            },\n            \"Effect\": \"Allow\",\n            \"Sid\": \"\"\n        }\n    ]\n}\n"},"name":{"references":["local.resource_prefix.value","local.resource_prefix"]},"path":{"constant_value":"/"},"tags":{"references":["local.resource_prefix.value","local.resource_prefix","local.resource_prefix.value","local.resource_prefix"]}},"schema_version":0},{"address":"aws_iam_role.iam_for_eks","mode":"managed","type":"aws_iam_role","name":"iam_for_eks","provider_config_key":"aws","expressions":{"assume_role_policy":{"references":["data.aws_iam_policy_document.iam_policy_eks.json","data.aws_iam_policy_document.iam_policy_eks"]},"name":{"references":["local.resource_prefix.value","local.resource_prefix"]},"tags":{"constant_value":{"git_commit":"d68d2897add9bc2203a5ed0632a5cdd8ff8cefb0","git_file":"terraform/aws/eks.tf","git_last_modified_at":"2020-06-16 14:46:24","git_last_modified_by":"nimrodkor@gmail.com","git_modifiers":"nimrodkor","git_org":"bridgecrewio","git_repo":"terragoat","yor_trace":"de052596-21a0-43de-8153-469add277b18"}}},"schema_version":0},{"address":"aws_iam_role.iam_for_lambda","mode":"managed","type":"aws_iam_role","name":"iam_for_lambda","provider_config_key":"aws","expressions":{"assume_role_policy":{"constant_value":"{\n  \"Version\": \"2012-10-17\",\n  \"Statement\": [\n    {\n      \"Action\": \"sts:AssumeRole\",\n      \"Principal\": {\n        \"Service\": \"lambda.amazonaws.com\"\n      },\n      \"Effect\": \"Allow\",\n      \"Sid\": \"\"\n    }\n  ]\n}\n"},"name":{"references":["local.resource_prefix.value","local.resource_prefix"]},"tags":{"constant_value":{"git_commit":"d68d2897add9bc2203a5ed0632a5cdd8ff8cefb0","git_file":"terraform/aws/lambda.tf","git_last_modified_at":"2020-06-16 14:46:24","git_last_modified_by":"nimrodkor@gmail.com","git_modifiers":"nimrodkor","git_org":"bridgecrewio","git_repo":"terragoat","yor_trace":"93cfa6f9-a257-40c3-b7dc-3c3686929734"}}},"schema_version":0},{"address":"aws_iam_role_policy.ec2policy","mode":"managed","type":"aws_iam_role_policy","name":"ec2policy","provider_config_key":"aws","expressions":{"name":{"references":["local.resource_prefix.value","local.resource_prefix"]},"policy":{"constant_value":"{\n  \"Version\": \"2012-10-17\",\n  \"Statement\": [\n    {\n      \"Action\": [\n        \"s3:*\",\n        \"ec2:*\",\n        \"rds:*\"\n      ],\n      \"Effect\": \"Allow\",\n      \"Resource\": \"*\"\n    }\n  ]\n}\n"},"role":{"references":["aws_iam_role.ec2role.id","aws_iam_role.ec2role"]}},"schema_version":0},{"address":"aws_iam_role_policy_attachment.policy_attachment-AmazonEKSClusterPolicy","mode":"managed","type":"aws_iam_role_policy_attachment","name":"policy_attachment-AmazonEKSClusterPolicy","provider_config_key":"aws","expressions":{"policy_arn":{"constant_value":"arn:aws:iam::aws:policy/AmazonEKSClusterPolicy"},"role":{"references":["aws_iam_role.iam_for_eks.name","aws_iam_role.iam_for_eks"]}},"schema_version":0},{"address":"aws_iam_role_policy_attachment.policy_attachment-AmazonEKSServicePolicy","mode":"managed","type":"aws_iam_role_policy_attachment","name":"policy_attachment-AmazonEKSServicePolicy","provider_config_key":"aws","expressions":{"policy_arn":{"constant_value":"arn:aws:iam::aws:policy/AmazonEKSServicePolicy"},"role":{"references":["aws_iam_role.iam_for_eks.name","aws_iam_role.iam_for_eks"]}},"schema_version":0},{"address":"aws_iam_user.user","mode":"managed","type":"aws_iam_user","name":"user","provider_config_key":"aws","expressions":{"force_destroy":{"constant_value":true},"name":{"references":["local.resource_prefix.value","local.resource_prefix"]},"tags":{"references":["local.resource_prefix.value","local.resource_prefix","local.resource_prefix.value","local.resource_prefix"]}},"schema_version":0},{"address":"aws_iam_user_policy.userpolicy","mode":"managed","type":"aws_iam_user_policy","name":"userpolicy","provider_config_key":"aws","expressions":{"name":{"constant_value":"excess_policy"},"policy":{"constant_value":"{\n  \"Version\": \"2012-10-17\",\n  \"Statement\": [\n    {\n      \"Action\": [\n        \"ec2:*\",\n        \"s3:*\",\n        \"lambda:*\",\n        \"cloudwatch:*\"\n      ],\n      \"Effect\": \"Allow\",\n      \"Resource\": \"*\"\n    }\n  ]\n}\n"},"user":{"references":["aws_iam_user.user.name","aws_iam_user.user"]}},"schema_version":0},{"address":"aws_instance.db_app","mode":"managed","type":"aws_instance","name":"db_app","provider_config_key":"aws","expressions":{"ami":{"constant_value":"data.aws_ami.amazon-linux-2.id"},"iam_instance_profile":{"references":["aws_iam_instance_profile.ec2profile.name","aws_iam_instance_profile.ec2profile"]},"instance_type":{"constant_value":"t2.nano"},"subnet_id":{"references":["aws_subnet.web_subnet.id","aws_subnet.web_subnet"]},"tags":{"references":["local.resource_prefix.value","local.resource_prefix"]},"user_data":{"references":["aws_db_instance.default.endpoint","aws_db_instance.default","aws_db_instance.default.username","aws_db_instance.default","var.password","aws_db_instance.default.name","aws_db_instance.default"]},"vpc_security_group_ids":{"references":["aws_security_group.web-node.id","aws_security_group.web-node"]}},"schema_version":1},{"address":"aws_instance.web_host","mode":"managed","type":"aws_instance","name":"web_host","provider_config_key":"aws","expressions":{"ami":{"references":["var.ami"]},"instance_type":{"constant_value":"t2.nano"},"subnet_id":{"references":["aws_subnet.web_subnet.id","aws_subnet.web_subnet"]},"tags":{"references":["local.resource_prefix.value","local.resource_prefix"]},"user_data":{"constant_value":"#! /bin/bash\nsudo apt-get update\nsudo apt-get install -y apache2\nsudo systemctl start apache2\nsudo systemctl enable apache2\nexport AWS_ACCESS_KEY_ID=AKIAIOSFODNN7EXAMAAA\nexport AWS_SECRET_ACCESS_KEY=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\nexport AWS_DEFAULT_REGION=us-west-2\necho \"\u003ch1\u003eDeployed via Terraform\u003c/h1\u003e\" | sudo tee /var/www/html/index.html\n"},"vpc_security_group_ids":{"references":["aws_security_group.web-node.id","aws_security_group.web-node"]}},"schema_version":1},{"address":"aws_internet_gateway.web_igw","mode":"managed","type":"aws_internet_gateway","name":"web_igw","provider_config_key":"aws","expressions":{"tags":{"references":["local.resource_prefix.value","local.resource_prefix"]},"vpc_id":{"references":["aws_vpc.web_vpc.id","aws_vpc.web_vpc"]}},"schema_version":0},{"address":"aws_kms_alias.logs_key_alias","mode":"managed","type":"aws_kms_alias","name":"logs_key_alias","provider_config_key":"aws","expressions":{"name":{"references":["local.resource_prefix.value","local.resource_prefix"]},"target_key_id":{"references":["aws_kms_key.logs_key.key_id","aws_kms_key.logs_key"]}},"schema_version":0},{"address":"aws_kms_key.logs_key","mode":"managed","type":"aws_kms_key","name":"logs_key","provider_config_key":"aws","expressions":{"deletion_window_in_days":{"constant_value":7},"description":{"references":["local.resource_prefix.value","local.resource_prefix"]},"tags":{"constant_value":{"git_commit":"d68d2897add9bc2203a5ed0632a5cdd8ff8cefb0","git_file":"terraform/aws/kms.tf","git_last_modified_at":"2020-06-16 14:46:24","git_last_modified_by":"nimrodkor@gmail.com","git_modifiers":"nimrodkor","git_org":"bridgecrewio","git_repo":"terragoat","yor_trace":"cd8fa2a7-4868-4cd1-993d-da4644808ce5"}}},"schema_version":0},{"address":"aws_lambda_function.analysis_lambda","mode":"managed","type":"aws_lambda_function","name":"analysis_lambda","provider_config_key":"aws","expressions":{"environment":[{"variables":{"constant_value":{"access_key":"AKIAIOSFODNN7EXAMPLE","secret_key":"wJalrXUtnFEMI/K7MDENG/bPxRfiCYEXAMPLEKEY"}}}],"filename":{"constant_value":"resources/lambda_function_payload.zip"},"function_name":{"references":["local.resource_prefix.value","local.resource_prefix"]},"handler":{"constant_value":"exports.test"},"role":{"references":["aws_iam_role.iam_for_lambda.arn","aws_iam_role.iam_for_lambda"]},"runtime":{"constant_value":"nodejs12.x"},"source_code_hash":{},"tags":{"constant_value":{"git_commit":"5c6b5d60a8aa63a5d37e60f15185d13a967f0542","git_file":"terraform/aws/lambda.tf","git_last_modified_at":"2021-05-02 10:06:10","git_last_modified_by":"nimrodkor@users.noreply.github.com","git_modifiers":"nimrodkor","git_org":"bridgecrewio","git_repo":"terragoat","yor_trace":"f7d8bc47-e5d9-4b09-9d8f-e7b9724d826e"}}},"schema_version":0},{"address":"aws_neptune_cluster.default","mode":"managed","type":"aws_neptune_cluster","name":"default","provider_config_key":"aws","expressions":{"apply_immediately":{"constant_value":true},"backup_retention_period":{"constant_value":5},"cluster_identifier":{"references":["var.neptune-dbname"]},"engine":{"constant_value":"neptune"},"iam_database_authentication_enabled":{"constant_value":false},"preferred_backup_window":{"constant_value":"07:00-09:00"},"skip_final_snapshot":{"constant_value":true},"storage_encrypted":{"constant_value":false},"tags":{"constant_value":{"git_commit":"aa8fd16fd94cccf6af206e2f0922b5558f8ac514","git_file":"terraform/aws/neptune.tf","git_last_modified_at":"2020-08-21 19:14:35","git_last_modified_by":"matt@bridgecrew.io","git_modifiers":"matt","git_org":"bridgecrewio","git_repo":"terragoat","yor_trace":"0d4cbb85-73ed-4ca0-b1da-296e4185f34e"}}},"schema_version":0},{"address":"aws_neptune_cluster_instance.default","mode":"managed","type":"aws_neptune_cluster_instance","name":"default","provider_config_key":"aws","expressions":{"apply_immediately":{"constant_value":true},"cluster_identifier":{"references":["aws_neptune_cluster.default.id","aws_neptune_cluster.default"]},"engine":{"constant_value":"neptune"},"instance_class":{"constant_value":"db.t3.medium"},"tags":{"constant_value":{"git_commit":"5c6b5d60a8aa63a5d37e60f15185d13a967f0542","git_file":"terraform/aws/neptune.tf","git_last_modified_at":"2021-05-02 10:06:10","git_last_modified_by":"nimrodkor@users.noreply.github.com","git_modifiers":"matt/nimrodkor","git_org":"bridgecrewio","git_repo":"terragoat","yor_trace":"9b2b45fd-6f9f-44fd-b8bc-868b1db178b3"}}},"schema_version":0,"count_expression":{"constant_value":1}},{"address":"aws_neptune_cluster_snapshot.default","mode":"managed","type":"aws_neptune_cluster_snapshot","name":"default","provider_config_key":"aws","expressions":{"db_cluster_identifier":{"references":["aws_neptune_cluster.default.id","aws_neptune_cluster.default"]},"db_cluster_snapshot_identifier":{"constant_value":"resourcetestsnapshot1"}},"schema_version":0},{"address":"aws_network_interface.web-eni","mode":"managed","type":"aws_network_interface","name":"web-eni","provider_config_key":"aws","expressions":{"private_ips":{"constant_value":["172.16.10.100"]},"subnet_id":{"references":["aws_subnet.web_subnet.id","aws_subnet.web_subnet"]},"tags":{"references":["local.resource_prefix.value","local.resource_prefix"]}},"schema_version":0},{"address":"aws_route.public_internet_gateway","mode":"managed","type":"aws_route","name":"public_internet_gateway","provider_config_key":"aws","expressions":{"destination_cidr_block":{"constant_value":"0.0.0.0/0"},"gateway_id":{"references":["aws_internet_gateway.web_igw.id","aws_internet_gateway.web_igw"]},"route_table_id":{"references":["aws_route_table.web_rtb.id","aws_route_table.web_rtb"]},"timeouts":{"create":{"constant_value":"5m"}}},"schema_version":0},{"address":"aws_route_table.web_rtb","mode":"managed","type":"aws_route_table","name":"web_rtb","provider_config_key":"aws","expressions":{"tags":{"references":["local.resource_prefix.value","local.resource_prefix"]},"vpc_id":{"references":["aws_vpc.web_vpc.id","aws_vpc.web_vpc"]}},"schema_version":0},{"address":"aws_route_table_association.rtbassoc","mode":"managed","type":"aws_route_table_association","name":"rtbassoc","provider_config_key":"aws","expressions":{"route_table_id":{"references":["aws_route_table.web_rtb.id","aws_route_table.web_rtb"]},"subnet_id":{"references":["aws_subnet.web_subnet.id","aws_subnet.web_subnet"]}},"schema_version":0},{"address":"aws_route_table_association.rtbassoc2","mode":"managed","type":"aws_route_table_association","name":"rtbassoc2","provider_config_key":"aws","expressions":{"route_table_id":{"references":["aws_route_table.web_rtb.id","aws_route_table.web_rtb"]},"subnet_id":{"references":["aws_subnet.web_subnet2.id","aws_subnet.web_subnet2"]}},"schema_version":0},{"address":"aws_s3_bucket.data","mode":"managed","type":"aws_s3_bucket","name":"data","provider_config_key":"aws","expressions":{"acl":{"constant_value":"public-read"},"bucket":{"references":["local.resource_prefix.value","local.resource_prefix"]},"force_destroy":{"constant_value":true},"tags":{"references":["local.resource_prefix.value","local.resource_prefix","local.resource_prefix.value","local.resource_prefix"]}},"schema_version":0},{"address":"aws_s3_bucket.data_science","mode":"managed","type":"aws_s3_bucket","name":"data_science","provider_config_key":"aws","expressions":{"acl":{"constant_value":"private"},"bucket":{"references":["local.resource_prefix.value","local.resource_prefix"]},"force_destroy":{"constant_value":true},"logging":[{"target_bucket":{"references":["aws_s3_bucket.logs.id","aws_s3_bucket.logs"]},"target_prefix":{"constant_value":"log/"}}],"tags":{"constant_value":{"git_commit":"d68d2897add9bc2203a5ed0632a5cdd8ff8cefb0","git_file":"terraform/aws/s3.tf","git_last_modified_at":"2020-06-16 14:46:24","git_last_modified_by":"nimrodkor@gmail.com","git_modifiers":"nimrodkor","git_org":"bridgecrewio","git_repo":"terragoat","yor_trace":"9a7c8788-5655-4708-bbc3-64ead9847f64"}},"versioning":[{"enabled":{"constant_value":true}}]},"schema_version":0},{"address":"aws_s3_bucket.financials","mode":"managed","type":"aws_s3_bucket","name":"financials","provider_config_key":"aws","expressions":{"acl":{"constant_value":"private"},"bucket":{"references":["local.resource_prefix.value","local.resource_prefix"]},"force_destroy":{"constant_value":true},"tags":{"references":["local.resource_prefix.value","local.resource_prefix","local.resource_prefix.value","local.resource_prefix"]}},"schema_version":0},{"address":"aws_s3_bucket.flowbucket","mode":"managed","type":"aws_s3_bucket","name":"flowbucket","provider_config_key":"aws","expressions":{"bucket":{"references":["local.resource_prefix.value","local.resource_prefix"]},"force_destroy":{"constant_value":true},"tags":{"references":["local.resource_prefix.value","local.resource_prefix","local.resource_prefix.value","local.resource_prefix"]}},"schema_version":0},{"address":"aws_s3_bucket.logs","mode":"managed","type":"aws_s3_bucket","name":"logs","provider_config_key":"aws","expressions":{"acl":{"constant_value":"log-delivery-write"},"bucket":{"references":["local.resource_prefix.value","local.resource_prefix"]},"force_destroy":{"constant_value":true},"server_side_encryption_configuration":[{"rule":[{"apply_server_side_encryption_by_default":[{"kms_master_key_id":{"references":["aws_kms_key.logs_key.arn","aws_kms_key.logs_key"]},"sse_algorithm":{"constant_value":"aws:kms"}}]}]}],"tags":{"references":["local.resource_prefix.value","local.resource_prefix","local.resource_prefix.value","local.resource_prefix"]},"versioning":[{"enabled":{"constant_value":true}}]},"schema_version":0},{"address":"aws_s3_bucket.operations","mode":"managed","type":"aws_s3_bucket","name":"operations","provider_config_key":"aws","expressions":{"acl":{"constant_value":"private"},"bucket":{"references":["local.resource_prefix.value","local.resource_prefix"]},"force_destroy":{"constant_value":true},"tags":{"references":["local.resource_prefix.value","local.resource_prefix","local.resource_prefix.value","local.resource_prefix"]},"versioning":[{"enabled":{"constant_value":true}}]},"schema_version":0},{"address":"aws_s3_bucket_object.data_object","mode":"managed","type":"aws_s3_bucket_object","name":"data_object","provider_config_key":"aws","expressions":{"bucket":{"references":["aws_s3_bucket.data.id","aws_s3_bucket.data"]},"key":{"constant_value":"customer-master.xlsx"},"source":{"constant_value":"resources/customer-master.xlsx"},"tags":{"references":["local.resource_prefix.value","local.resource_prefix","local.resource_prefix.value","local.resource_prefix"]}},"schema_version":0},{"address":"aws_security_group.default","mode":"managed","type":"aws_security_group","name":"default","provider_config_key":"aws","expressions":{"name":{"references":["local.resource_prefix.value","local.resource_prefix"]},"tags":{"references":["local.resource_prefix.value","local.resource_prefix","local.resource_prefix.value","local.resource_prefix"]},"vpc_id":{"references":["aws_vpc.web_vpc.id","aws_vpc.web_vpc"]}},"schema_version":1},{"address":"aws_security_group.web-node","mode":"managed","type":"aws_security_group","name":"web-node","provider_config_key":"aws","expressions":{"description":{"references":["local.resource_prefix.value","local.resource_prefix"]},"name":{"references":["local.resource_prefix.value","local.resource_prefix"]},"tags":{"constant_value":{"git_commit":"d68d2897add9bc2203a5ed0632a5cdd8ff8cefb0","git_file":"terraform/aws/ec2.tf","git_last_modified_at":"2020-06-16 14:46:24","git_last_modified_by":"nimrodkor@gmail.com","git_modifiers":"nimrodkor","git_org":"bridgecrewio","git_repo":"terragoat","yor_trace":"b7af1b40-64eb-4519-a1a0-ab198db4b193"}},"vpc_id":{"references":["aws_vpc.web_vpc.id","aws_vpc.web_vpc"]}},"schema_version":1,"depends_on":["aws_vpc.web_vpc"]},{"address":"aws_security_group_rule.egress","mode":"managed","type":"aws_security_group_rule","name":"egress","provider_config_key":"aws","expressions":{"cidr_blocks":{"constant_value":["0.0.0.0/0"]},"from_port":{"constant_value":0},"protocol":{"constant_value":"-1"},"security_group_id":{"references":["aws_security_group.default.id","aws_security_group.default"]},"to_port":{"constant_value":0},"type":{"constant_value":"egress"}},"schema_version":2},{"address":"aws_security_group_rule.ingress","mode":"managed","type":"aws_security_group_rule","name":"ingress","provider_config_key":"aws","expressions":{"cidr_blocks":{"references":["aws_vpc.web_vpc.cidr_block","aws_vpc.web_vpc"]},"from_port":{"constant_value":"3306"},"protocol":{"constant_value":"tcp"},"security_group_id":{"references":["aws_security_group.default.id","aws_security_group.default"]},"to_port":{"constant_value":"3306"},"type":{"constant_value":"ingress"}},"schema_version":2},{"address":"aws_subnet.eks_subnet1","mode":"managed","type":"aws_subnet","name":"eks_subnet1","provider_config_key":"aws","expressions":{"availability_zone":{"references":["var.region"]},"cidr_block":{"constant_value":"10.10.10.0/24"},"map_public_ip_on_launch":{"constant_value":true},"tags":{"references":["local.resource_prefix.value","local.resource_prefix","local.eks_name.value","local.eks_name"]},"vpc_id":{"references":["aws_vpc.eks_vpc.id","aws_vpc.eks_vpc"]}},"schema_version":1},{"address":"aws_subnet.eks_subnet2","mode":"managed","type":"aws_subnet","name":"eks_subnet2","provider_config_key":"aws","expressions":{"availability_zone":{"references":["var.region"]},"cidr_block":{"constant_value":"10.10.11.0/24"},"map_public_ip_on_launch":{"constant_value":true},"tags":{"references":["local.resource_prefix.value","local.resource_prefix","local.eks_name.value","local.eks_name"]},"vpc_id":{"references":["aws_vpc.eks_vpc.id","aws_vpc.eks_vpc"]}},"schema_version":1},{"address":"aws_subnet.web_subnet","mode":"managed","type":"aws_subnet","name":"web_subnet","provider_config_key":"aws","expressions":{"availability_zone":{"references":["var.region"]},"cidr_block":{"constant_value":"172.16.10.0/24"},"map_public_ip_on_launch":{"constant_value":true},"tags":{"references":["local.resource_prefix.value","local.resource_prefix"]},"vpc_id":{"references":["aws_vpc.web_vpc.id","aws_vpc.web_vpc"]}},"schema_version":1},{"address":"aws_subnet.web_subnet2","mode":"managed","type":"aws_subnet","name":"web_subnet2","provider_config_key":"aws","expressions":{"availability_zone":{"references":["var.region"]},"cidr_block":{"constant_value":"172.16.11.0/24"},"map_public_ip_on_launch":{"constant_value":true},"tags":{"references":["local.resource_prefix.value","local.resource_prefix"]},"vpc_id":{"references":["aws_vpc.web_vpc.id","aws_vpc.web_vpc"]}},"schema_version":1},{"address":"aws_volume_attachment.ebs_att","mode":"managed","type":"aws_volume_attachment","name":"ebs_att","provider_config_key":"aws","expressions":{"device_name":{"constant_value":"/dev/sdh"},"instance_id":{"references":["aws_instance.web_host.id","aws_instance.web_host"]},"volume_id":{"references":["aws_ebs_volume.web_host_storage.id","aws_ebs_volume.web_host_storage"]}},"schema_version":0},{"address":"aws_vpc.eks_vpc","mode":"managed","type":"aws_vpc","name":"eks_vpc","provider_config_key":"aws","expressions":{"cidr_block":{"constant_value":"10.10.0.0/16"},"enable_dns_hostnames":{"constant_value":true},"enable_dns_support":{"constant_value":true},"tags":{"references":["local.resource_prefix.value","local.resource_prefix"]}},"schema_version":1},{"address":"aws_vpc.web_vpc","mode":"managed","type":"aws_vpc","name":"web_vpc","provider_config_key":"aws","expressions":{"cidr_block":{"constant_value":"172.16.0.0/16"},"enable_dns_hostnames":{"constant_value":true},"enable_dns_support":{"constant_value":true},"tags":{"references":["local.resource_prefix.value","local.resource_prefix"]}},"schema_version":1},{"address":"null_resource.push_image","mode":"managed","type":"null_resource","name":"push_image","provider_config_key":"null","provisioners":[{"type":"local-exec","expressions":{"command":{"references":["var.region","data.aws_caller_identity.current.account_id","data.aws_caller_identity.current","var.region","aws_ecr_repository.repository.name","aws_ecr_repository.repository","aws_ecr_repository.repository.name","aws_ecr_repository.repository","local.docker_image","local.docker_image"]},"working_dir":{"references":["path.module"]}}}],"schema_version":0},{"address":"data.aws_caller_identity.current","mode":"data","type":"aws_caller_identity","name":"current","provider_config_key":"aws","schema_version":0},{"address":"data.aws_iam_policy_document.iam_policy_eks","mode":"data","type":"aws_iam_policy_document","name":"iam_policy_eks","provider_config_key":"aws","expressions":{"statement":[{"actions":{"constant_value":["sts:AssumeRole"]},"effect":{"constant_value":"Allow"},"principals":[{"identifiers":{"constant_value":["eks.amazonaws.com"]},"type":{"constant_value":"Service"}}]}]},"schema_version":0},{"address":"data.aws_iam_policy_document.policy","mode":"data","type":"aws_iam_policy_document","name":"policy","provider_config_key":"aws","expressions":{"statement":[{"actions":{"constant_value":["es:*"]},"principals":[{"identifiers":{"constant_value":["*"]},"type":{"constant_value":"AWS"}}],"resources":{"constant_value":["*"]}}]},"schema_version":0}],"variables":{"ami":{"default":"ami-09a5b0b7edf08843d"},"company_name":{"default":"acme"},"dbname":{"default":"db1","description":"Name of the Database"},"environment":{"default":"dev"},"neptune-dbname":{"default":"neptunedb1","description":"Name of the Neptune graph database"},"password":{"default":"Aa1234321Bb","description":"Database password"},"profile":{"default":"default"},"region":{"default":"us-west-2"}}}}}
